
Microsoft Visual Studio Solution File, Format Version 12.00
# Visual Studio Version 17
VisualStudioVersion = 17.0.31903.59
MinimumVisualStudioVersion = 10.0.40219.1
Project("{9A19103F-16F7-4668-BE54-9A1E7A4F7556}") = "ImageSigner", "ImageSigner\ImageSigner.csproj", "{8C726962-D7A3-4054-B90F-0583259F9652}"
EndProject
Project("{9A19103F-16F7-4668-BE54-9A1E7A4F7556}") = "WindowsDeviceRecoveryTool", "WindowsDeviceRecoveryTool\WindowsDeviceRecoveryTool.csproj", "{8C726962-D7A3-4054-B90F-0583259F968C}"
EndProject
Project("{9A19103F-16F7-4668-BE54-9A1E7A4F7556}") = "FFUComponents", "FFUComponents\FFUComponents.csproj", "{8C726962-D7A3-4054-B90F-0583259F964F}"
EndProject
Project("{9A19103F-16F7-4668-BE54-9A1E7A4F7556}") = "HoloLensClickerUtilityLibrary", "HoloLensClickerUtilityLibrary\HoloLensClickerUtilityLibrary.csproj", "{8C726962-D7A3-4054-B90F-0583259F9650}"
EndProject
Project("{9A19103F-16F7-4668-BE54-9A1E7A4F7556}") = "ImageCommon", "ImageCommon\ImageCommon.csproj", "{8C726962-D7A3-4054-B90F-0583259F9651}"
EndProject
Project("{9A19103F-16F7-4668-BE54-9A1E7A4F7556}") = "Microsoft.Azure.KeyVault.Core", "Microsoft.Azure.KeyVault.Core\Microsoft.Azure.KeyVault.Core.csproj", "{8C726962-D7A3-4054-B90F-0583259F9653}"
EndProject
Project("{9A19103F-16F7-4668-BE54-9A1E7A4F7556}") = "Microsoft.Data.Edm", "Microsoft.Data.Edm\Microsoft.Data.Edm.csproj", "{8C726962-D7A3-4054-B90F-0583259F9654}"
EndProject
Project("{9A19103F-16F7-4668-BE54-9A1E7A4F7556}") = "Microsoft.Data.OData", "Microsoft.Data.OData\Microsoft.Data.OData.csproj", "{8C726962-D7A3-4054-B90F-0583259F9655}"
EndProject
Project("{9A19103F-16F7-4668-BE54-9A1E7A4F7556}") = "Microsoft.Data.Services.Client", "Microsoft.Data.Services.Client\Microsoft.Data.Services.Client.csproj", "{8C726962-D7A3-4054-B90F-0583259F9656}"
EndProject
Project("{9A19103F-16F7-4668-BE54-9A1E7A4F7556}") = "Microsoft.Diagnostics.Tracing.EventSource", "Microsoft.Diagnostics.Tracing.EventSource\Microsoft.Diagnostics.Tracing.EventSource.csproj", "{8C726962-D7A3-4054-B90F-0583259F9657}"
EndProject
Project("{9A19103F-16F7-4668-BE54-9A1E7A4F7556}") = "Microsoft.Tools.Connectivity", "Microsoft.Tools.Connectivity\Microsoft.Tools.Connectivity.csproj", "{8C726962-D7A3-4054-B90F-0583259F9658}"
EndProject
Project("{9A19103F-16F7-4668-BE54-9A1E7A4F7556}") = "Microsoft.Tools.DeviceUpdate.DeviceUtils", "Microsoft.Tools.DeviceUpdate.DeviceUtils\Microsoft.Tools.DeviceUpdate.DeviceUtils.csproj", "{8C726962-D7A3-4054-B90F-0583259F9659}"
EndProject
Project("{9A19103F-16F7-4668-BE54-9A1E7A4F7556}") = "Microsoft.WindowsAzure.Storage", "Microsoft.WindowsAzure.Storage\Microsoft.WindowsAzure.Storage.csproj", "{8C726962-D7A3-4054-B90F-0583259F965A}"
EndProject
Project("{9A19103F-16F7-4668-BE54-9A1E7A4F7556}") = "Microsoft.WindowsDeviceRecoveryTool.AcerAdaptation", "Microsoft.WindowsDeviceRecoveryTool.AcerAdaptation\Microsoft.WindowsDeviceRecoveryTool.AcerAdaptation.csproj", "{8C726962-D7A3-4054-B90F-0583259F965B}"
EndProject
Project("{9A19103F-16F7-4668-BE54-9A1E7A4F7556}") = "Microsoft.WindowsDeviceRecoveryTool.AlcatelAdaptation", "Microsoft.WindowsDeviceRecoveryTool.AlcatelAdaptation\Microsoft.WindowsDeviceRecoveryTool.AlcatelAdaptation.csproj", "{8C726962-D7A3-4054-B90F-0583259F965C}"
EndProject
Project("{9A19103F-16F7-4668-BE54-9A1E7A4F7556}") = "Microsoft.WindowsDeviceRecoveryTool.AnalogAdaptation", "Microsoft.WindowsDeviceRecoveryTool.AnalogAdaptation\Microsoft.WindowsDeviceRecoveryTool.AnalogAdaptation.csproj", "{8C726962-D7A3-4054-B90F-0583259F965D}"
EndProject
Project("{9A19103F-16F7-4668-BE54-9A1E7A4F7556}") = "Microsoft.WindowsDeviceRecoveryTool.BluAdaptation", "Microsoft.WindowsDeviceRecoveryTool.BluAdaptation\Microsoft.WindowsDeviceRecoveryTool.BluAdaptation.csproj", "{8C726962-D7A3-4054-B90F-0583259F965E}"
EndProject
Project("{9A19103F-16F7-4668-BE54-9A1E7A4F7556}") = "Microsoft.WindowsDeviceRecoveryTool.BusinessLogic", "Microsoft.WindowsDeviceRecoveryTool.BusinessLogic\Microsoft.WindowsDeviceRecoveryTool.BusinessLogic.csproj", "{8C726962-D7A3-4054-B90F-0583259F965F}"
EndProject
Project("{9A19103F-16F7-4668-BE54-9A1E7A4F7556}") = "Microsoft.WindowsDeviceRecoveryTool.Common", "Microsoft.WindowsDeviceRecoveryTool.Common\Microsoft.WindowsDeviceRecoveryTool.Common.csproj", "{8C726962-D7A3-4054-B90F-0583259F9660}"
EndProject
Project("{9A19103F-16F7-4668-BE54-9A1E7A4F7556}") = "Microsoft.WindowsDeviceRecoveryTool.Core", "Microsoft.WindowsDeviceRecoveryTool.Core\Microsoft.WindowsDeviceRecoveryTool.Core.csproj", "{8C726962-D7A3-4054-B90F-0583259F9661}"
EndProject
Project("{9A19103F-16F7-4668-BE54-9A1E7A4F7556}") = "Microsoft.WindowsDeviceRecoveryTool.DiginnosAdaptation", "Microsoft.WindowsDeviceRecoveryTool.DiginnosAdaptation\Microsoft.WindowsDeviceRecoveryTool.DiginnosAdaptation.csproj", "{8C726962-D7A3-4054-B90F-0583259F9662}"
EndProject
Project("{9A19103F-16F7-4668-BE54-9A1E7A4F7556}") = "Microsoft.WindowsDeviceRecoveryTool.FawkesAdaptation", "Microsoft.WindowsDeviceRecoveryTool.FawkesAdaptation\Microsoft.WindowsDeviceRecoveryTool.FawkesAdaptation.csproj", "{8C726962-D7A3-4054-B90F-0583259F9663}"
EndProject
Project("{9A19103F-16F7-4668-BE54-9A1E7A4F7556}") = "Microsoft.WindowsDeviceRecoveryTool.FfuFileReader", "Microsoft.WindowsDeviceRecoveryTool.FfuFileReader\Microsoft.WindowsDeviceRecoveryTool.FfuFileReader.csproj", "{8C726962-D7A3-4054-B90F-0583259F9665}"
EndProject
Project("{9A19103F-16F7-4668-BE54-9A1E7A4F7556}") = "Microsoft.WindowsDeviceRecoveryTool.Ffu", "Microsoft.WindowsDeviceRecoveryTool.Ffu\Microsoft.WindowsDeviceRecoveryTool.Ffu.csproj", "{8C726962-D7A3-4054-B90F-0583259F9664}"
EndProject
Project("{9A19103F-16F7-4668-BE54-9A1E7A4F7556}") = "Microsoft.WindowsDeviceRecoveryTool.FreetelAdaptation", "Microsoft.WindowsDeviceRecoveryTool.FreetelAdaptation\Microsoft.WindowsDeviceRecoveryTool.FreetelAdaptation.csproj", "{8C726962-D7A3-4054-B90F-0583259F9666}"
EndProject
Project("{9A19103F-16F7-4668-BE54-9A1E7A4F7556}") = "Microsoft.WindowsDeviceRecoveryTool.HoneywellAdaptation", "Microsoft.WindowsDeviceRecoveryTool.HoneywellAdaptation\Microsoft.WindowsDeviceRecoveryTool.HoneywellAdaptation.csproj", "{8C726962-D7A3-4054-B90F-0583259F9667}"
EndProject
Project("{9A19103F-16F7-4668-BE54-9A1E7A4F7556}") = "Microsoft.WindowsDeviceRecoveryTool.HPAdaptation", "Microsoft.WindowsDeviceRecoveryTool.HPAdaptation\Microsoft.WindowsDeviceRecoveryTool.HPAdaptation.csproj", "{8C726962-D7A3-4054-B90F-0583259F9668}"
EndProject
Project("{9A19103F-16F7-4668-BE54-9A1E7A4F7556}") = "Microsoft.WindowsDeviceRecoveryTool.HtcAdaptation", "Microsoft.WindowsDeviceRecoveryTool.HtcAdaptation\Microsoft.WindowsDeviceRecoveryTool.HtcAdaptation.csproj", "{8C726962-D7A3-4054-B90F-0583259F9669}"
EndProject
Project("{9A19103F-16F7-4668-BE54-9A1E7A4F7556}") = "Microsoft.WindowsDeviceRecoveryTool.InversenetAdaptation", "Microsoft.WindowsDeviceRecoveryTool.InversenetAdaptation\Microsoft.WindowsDeviceRecoveryTool.InversenetAdaptation.csproj", "{8C726962-D7A3-4054-B90F-0583259F966A}"
EndProject
Project("{9A19103F-16F7-4668-BE54-9A1E7A4F7556}") = "Microsoft.WindowsDeviceRecoveryTool.JenesisAdaptation", "Microsoft.WindowsDeviceRecoveryTool.JenesisAdaptation\Microsoft.WindowsDeviceRecoveryTool.JenesisAdaptation.csproj", "{8C726962-D7A3-4054-B90F-0583259F966B}"
EndProject
Project("{9A19103F-16F7-4668-BE54-9A1E7A4F7556}") = "Microsoft.WindowsDeviceRecoveryTool.KMAdaptation", "Microsoft.WindowsDeviceRecoveryTool.KMAdaptation\Microsoft.WindowsDeviceRecoveryTool.KMAdaptation.csproj", "{8C726962-D7A3-4054-B90F-0583259F966C}"
EndProject
Project("{9A19103F-16F7-4668-BE54-9A1E7A4F7556}") = "Microsoft.WindowsDeviceRecoveryTool.LenovoAdaptation", "Microsoft.WindowsDeviceRecoveryTool.LenovoAdaptation\Microsoft.WindowsDeviceRecoveryTool.LenovoAdaptation.csproj", "{8C726962-D7A3-4054-B90F-0583259F966D}"
EndProject
Project("{9A19103F-16F7-4668-BE54-9A1E7A4F7556}") = "Microsoft.WindowsDeviceRecoveryTool.LgeAdaptation", "Microsoft.WindowsDeviceRecoveryTool.LgeAdaptation\Microsoft.WindowsDeviceRecoveryTool.LgeAdaptation.csproj", "{8C726962-D7A3-4054-B90F-0583259F966E}"
EndProject
Project("{9A19103F-16F7-4668-BE54-9A1E7A4F7556}") = "Microsoft.WindowsDeviceRecoveryTool.Localization", "Microsoft.WindowsDeviceRecoveryTool.Localization\Microsoft.WindowsDeviceRecoveryTool.Localization.csproj", "{8C726962-D7A3-4054-B90F-0583259F966F}"
EndProject
Project("{9A19103F-16F7-4668-BE54-9A1E7A4F7556}") = "Microsoft.WindowsDeviceRecoveryTool.LogicCommon", "Microsoft.WindowsDeviceRecoveryTool.LogicCommon\Microsoft.WindowsDeviceRecoveryTool.LogicCommon.csproj", "{8C726962-D7A3-4054-B90F-0583259F9670}"
EndProject
Project("{9A19103F-16F7-4668-BE54-9A1E7A4F7556}") = "Microsoft.WindowsDeviceRecoveryTool.Lucid", "Microsoft.WindowsDeviceRecoveryTool.Lucid\Microsoft.WindowsDeviceRecoveryTool.Lucid.csproj", "{8C726962-D7A3-4054-B90F-0583259F9671}"
EndProject
Project("{9A19103F-16F7-4668-BE54-9A1E7A4F7556}") = "Microsoft.WindowsDeviceRecoveryTool.LumiaAdaptation", "Microsoft.WindowsDeviceRecoveryTool.LumiaAdaptation\Microsoft.WindowsDeviceRecoveryTool.LumiaAdaptation.csproj", "{8C726962-D7A3-4054-B90F-0583259F9672}"
EndProject
Project("{9A19103F-16F7-4668-BE54-9A1E7A4F7556}") = "Microsoft.WindowsDeviceRecoveryTool.McjAdaptation", "Microsoft.WindowsDeviceRecoveryTool.McjAdaptation\Microsoft.WindowsDeviceRecoveryTool.McjAdaptation.csproj", "{8C726962-D7A3-4054-B90F-0583259F9673}"
EndProject
Project("{9A19103F-16F7-4668-BE54-9A1E7A4F7556}") = "Microsoft.WindowsDeviceRecoveryTool.MicromaxAdaptation", "Microsoft.WindowsDeviceRecoveryTool.MicromaxAdaptation\Microsoft.WindowsDeviceRecoveryTool.MicromaxAdaptation.csproj", "{8C726962-D7A3-4054-B90F-0583259F9674}"
EndProject
Project("{9A19103F-16F7-4668-BE54-9A1E7A4F7556}") = "Microsoft.WindowsDeviceRecoveryTool.Model", "Microsoft.WindowsDeviceRecoveryTool.Model\Microsoft.WindowsDeviceRecoveryTool.Model.csproj", "{8C726962-D7A3-4054-B90F-0583259F9675}"
EndProject
Project("{9A19103F-16F7-4668-BE54-9A1E7A4F7556}") = "Microsoft.WindowsDeviceRecoveryTool.OemAdaptation", "Microsoft.WindowsDeviceRecoveryTool.OemAdaptation\Microsoft.WindowsDeviceRecoveryTool.OemAdaptation.csproj", "{8C726962-D7A3-4054-B90F-0583259F9676}"
EndProject
Project("{9A19103F-16F7-4668-BE54-9A1E7A4F7556}") = "Microsoft.WindowsDeviceRecoveryTool.StateMachine", "Microsoft.WindowsDeviceRecoveryTool.StateMachine\Microsoft.WindowsDeviceRecoveryTool.StateMachine.csproj", "{8C726962-D7A3-4054-B90F-0583259F9677}"
EndProject
Project("{9A19103F-16F7-4668-BE54-9A1E7A4F7556}") = "Microsoft.WindowsDeviceRecoveryTool.Styles", "Microsoft.WindowsDeviceRecoveryTool.Styles\Microsoft.WindowsDeviceRecoveryTool.Styles.csproj", "{8C726962-D7A3-4054-B90F-0583259F9678}"
EndProject
Project("{9A19103F-16F7-4668-BE54-9A1E7A4F7556}") = "Microsoft.WindowsDeviceRecoveryTool.TrekStorAdaptation", "Microsoft.WindowsDeviceRecoveryTool.TrekStorAdaptation\Microsoft.WindowsDeviceRecoveryTool.TrekStorAdaptation.csproj", "{8C726962-D7A3-4054-B90F-0583259F9679}"
EndProject
Project("{9A19103F-16F7-4668-BE54-9A1E7A4F7556}") = "Microsoft.WindowsDeviceRecoveryTool.TrinityAdaptation", "Microsoft.WindowsDeviceRecoveryTool.TrinityAdaptation\Microsoft.WindowsDeviceRecoveryTool.TrinityAdaptation.csproj", "{8C726962-D7A3-4054-B90F-0583259F967A}"
EndProject
Project("{9A19103F-16F7-4668-BE54-9A1E7A4F7556}") = "Microsoft.WindowsDeviceRecoveryTool.UnistrongAdaptation", "Microsoft.WindowsDeviceRecoveryTool.UnistrongAdaptation\Microsoft.WindowsDeviceRecoveryTool.UnistrongAdaptation.csproj", "{8C726962-D7A3-4054-B90F-0583259F967B}"
EndProject
Project("{9A19103F-16F7-4668-BE54-9A1E7A4F7556}") = "Microsoft.WindowsDeviceRecoveryTool.VAIOAdaptation", "Microsoft.WindowsDeviceRecoveryTool.VAIOAdaptation\Microsoft.WindowsDeviceRecoveryTool.VAIOAdaptation.csproj", "{8C726962-D7A3-4054-B90F-0583259F967C}"
EndProject
Project("{9A19103F-16F7-4668-BE54-9A1E7A4F7556}") = "Microsoft.WindowsDeviceRecoveryTool.WileyfoxAdaptation", "Microsoft.WindowsDeviceRecoveryTool.WileyfoxAdaptation\Microsoft.WindowsDeviceRecoveryTool.WileyfoxAdaptation.csproj", "{8C726962-D7A3-4054-B90F-0583259F967D}"
EndProject
Project("{9A19103F-16F7-4668-BE54-9A1E7A4F7556}") = "Microsoft.WindowsDeviceRecoveryTool.XOLOAdaptation", "Microsoft.WindowsDeviceRecoveryTool.XOLOAdaptation\Microsoft.WindowsDeviceRecoveryTool.XOLOAdaptation.csproj", "{8C726962-D7A3-4054-B90F-0583259F967E}"
EndProject
Project("{9A19103F-16F7-4668-BE54-9A1E7A4F7556}") = "Microsoft.WindowsDeviceRecoveryTool.YEZZAdaptation", "Microsoft.WindowsDeviceRecoveryTool.YEZZAdaptation\Microsoft.WindowsDeviceRecoveryTool.YEZZAdaptation.csproj", "{8C726962-D7A3-4054-B90F-0583259F967F}"
EndProject
Project("{9A19103F-16F7-4668-BE54-9A1E7A4F7556}") = "Microsoft.WindowsDeviceRecoveryTool.ZebraAdaptation", "Microsoft.WindowsDeviceRecoveryTool.ZebraAdaptation\Microsoft.WindowsDeviceRecoveryTool.ZebraAdaptation.csproj", "{8C726962-D7A3-4054-B90F-0583259F9680}"
EndProject
Project("{9A19103F-16F7-4668-BE54-9A1E7A4F7556}") = "Microsoft.Xaml.Behaviors", "Microsoft.Xaml.Behaviors\Microsoft.Xaml.Behaviors.csproj", "{8C726962-D7A3-4054-B90F-0583259F9681}"
EndProject
Project("{9A19103F-16F7-4668-BE54-9A1E7A4F7556}") = "mscorlib", "mscorlib\mscorlib.csproj", "{8C726962-D7A3-4054-B90F-0583259F968E}"
EndProject
Project("{9A19103F-16F7-4668-BE54-9A1E7A4F7556}") = "Newtonsoft.Json", "Newtonsoft.Json\Newtonsoft.Json.csproj", "{8C726962-D7A3-4054-B90F-0583259F9682}"
EndProject
Project("{9A19103F-16F7-4668-BE54-9A1E7A4F7556}") = "Nokia.Lucid.GenericStream", "Nokia.Lucid.GenericStream\Nokia.Lucid.GenericStream.csproj", "{8C726962-D7A3-4054-B90F-0583259F9684}"
EndProject
Project("{9A19103F-16F7-4668-BE54-9A1E7A4F7556}") = "Nokia.Lucid.IsiStream", "Nokia.Lucid.IsiStream\Nokia.Lucid.IsiStream.csproj", "{8C726962-D7A3-4054-B90F-0583259F9685}"
EndProject
Project("{9A19103F-16F7-4668-BE54-9A1E7A4F7556}") = "Nokia.Lucid", "Nokia.Lucid\Nokia.Lucid.csproj", "{8C726962-D7A3-4054-B90F-0583259F9683}"
EndProject
Project("{9A19103F-16F7-4668-BE54-9A1E7A4F7556}") = "Nokia.Mira", "Nokia.Mira\Nokia.Mira.csproj", "{8C726962-D7A3-4054-B90F-0583259F9686}"
EndProject
Project("{9A19103F-16F7-4668-BE54-9A1E7A4F7556}") = "SirepInterop", "SirepInterop\SirepInterop.csproj", "{8C726962-D7A3-4054-B90F-0583259F9687}"
EndProject
Project("{9A19103F-16F7-4668-BE54-9A1E7A4F7556}") = "SoftwareRepository", "SoftwareRepository\SoftwareRepository.csproj", "{8C726962-D7A3-4054-B90F-0583259F9688}"
EndProject
Project("{9A19103F-16F7-4668-BE54-9A1E7A4F7556}") = "System.Drawing", "System.Drawing\System.Drawing.csproj", "{8C726962-D7A3-4054-B90F-0583259F968F}"
EndProject
Project("{9A19103F-16F7-4668-BE54-9A1E7A4F7556}") = "System.Management", "System.Management\System.Management.csproj", "{8C726962-D7A3-4054-B90F-0583259F9690}"
EndProject
Project("{9A19103F-16F7-4668-BE54-9A1E7A4F7556}") = "System.Spatial", "System.Spatial\System.Spatial.csproj", "{8C726962-D7A3-4054-B90F-0583259F9689}"
EndProject
Project("{9A19103F-16F7-4668-BE54-9A1E7A4F7556}") = "System.Windows.Forms", "System.Windows.Forms\System.Windows.Forms.csproj", "{8C726962-D7A3-4054-B90F-0583259F9691}"
EndProject
Project("{9A19103F-16F7-4668-BE54-9A1E7A4F7556}") = "System", "System\System.csproj", "{8C726962-D7A3-4054-B90F-0583259F9692}"
EndProject
Project("{9A19103F-16F7-4668-BE54-9A1E7A4F7556}") = "ToolsCommon", "ToolsCommon\ToolsCommon.csproj", "{8C726962-D7A3-4054-B90F-0583259F968A}"
EndProject
Project("{9A19103F-16F7-4668-BE54-9A1E7A4F7556}") = "ufphostm", "ufphostm\ufphostm.csproj", "{8C726962-D7A3-4054-B90F-0583259F968B}"
EndProject
Project("{9A19103F-16F7-4668-BE54-9A1E7A4F7556}") = "ZipForge", "ZipForge\ZipForge.csproj", "{8C726962-D7A3-4054-B90F-0583259F968D}"
EndProject
Global
	GlobalSection(SolutionConfigurationPlatforms) = preSolution
		Debug|Any CPU = Debug|Any CPU
		Debug|x64 = Debug|x64
		Debug|x86 = Debug|x86
		Release|Any CPU = Release|Any CPU
		Release|x64 = Release|x64
		Release|x86 = Release|x86
	EndGlobalSection
	GlobalSection(ProjectConfigurationPlatforms) = postSolution
		{8C726962-D7A3-4054-B90F-0583259F9652}.Debug|Any CPU.ActiveCfg = Debug|Any CPU
		{8C726962-D7A3-4054-B90F-0583259F9652}.Debug|Any CPU.Build.0 = Debug|Any CPU
		{8C726962-D7A3-4054-B90F-0583259F9652}.Debug|x64.ActiveCfg = Debug|Any CPU
		{8C726962-D7A3-4054-B90F-0583259F9652}.Debug|x64.Build.0 = Debug|Any CPU
		{8C726962-D7A3-4054-B90F-0583259F9652}.Debug|x86.ActiveCfg = Debug|x86
		{8C726962-D7A3-4054-B90F-0583259F9652}.Debug|x86.Build.0 = Debug|x86
		{8C726962-D7A3-4054-B90F-0583259F9652}.Release|Any CPU.ActiveCfg = Release|x86
		{8C726962-D7A3-4054-B90F-0583259F9652}.Release|Any CPU.Build.0 = Release|x86
		{8C726962-D7A3-4054-B90F-0583259F9652}.Release|x64.ActiveCfg = Release|x86
		{8C726962-D7A3-4054-B90F-0583259F9652}.Release|x64.Build.0 = Release|x86
		{8C726962-D7A3-4054-B90F-0583259F9652}.Release|x86.ActiveCfg = Release|x86
		{8C726962-D7A3-4054-B90F-0583259F9652}.Release|x86.Build.0 = Release|x86
		{8C726962-D7A3-4054-B90F-0583259F968C}.Debug|Any CPU.ActiveCfg = Debug|Any CPU
		{8C726962-D7A3-4054-B90F-0583259F968C}.Debug|Any CPU.Build.0 = Debug|Any CPU
		{8C726962-D7A3-4054-B90F-0583259F968C}.Debug|x64.ActiveCfg = Debug|x86
		{8C726962-D7A3-4054-B90F-0583259F968C}.Debug|x64.Build.0 = Debug|x86
		{8C726962-D7A3-4054-B90F-0583259F968C}.Debug|x86.ActiveCfg = Debug|x86
		{8C726962-D7A3-4054-B90F-0583259F968C}.Debug|x86.Build.0 = Debug|x86
		{8C726962-D7A3-4054-B90F-0583259F968C}.Release|Any CPU.ActiveCfg = Release|x86
		{8C726962-D7A3-4054-B90F-0583259F968C}.Release|Any CPU.Build.0 = Release|x86
		{8C726962-D7A3-4054-B90F-0583259F968C}.Release|x64.ActiveCfg = Release|x86
		{8C726962-D7A3-4054-B90F-0583259F968C}.Release|x64.Build.0 = Release|x86
		{8C726962-D7A3-4054-B90F-0583259F968C}.Release|x86.ActiveCfg = Release|x86
		{8C726962-D7A3-4054-B90F-0583259F968C}.Release|x86.Build.0 = Release|x86
		{8C726962-D7A3-4054-B90F-0583259F964F}.Debug|Any CPU.ActiveCfg = Debug|Any CPU
		{8C726962-D7A3-4054-B90F-0583259F964F}.Debug|Any CPU.Build.0 = Debug|Any CPU
		{8C726962-D7A3-4054-B90F-0583259F964F}.Debug|x64.ActiveCfg = Debug|Any CPU
		{8C726962-D7A3-4054-B90F-0583259F964F}.Debug|x64.Build.0 = Debug|Any CPU
		{8C726962-D7A3-4054-B90F-0583259F964F}.Debug|x86.ActiveCfg = Debug|x86
		{8C726962-D7A3-4054-B90F-0583259F964F}.Debug|x86.Build.0 = Debug|x86
		{8C726962-D7A3-4054-B90F-0583259F964F}.Release|Any CPU.ActiveCfg = Release|x86
		{8C726962-D7A3-4054-B90F-0583259F964F}.Release|Any CPU.Build.0 = Release|x86
		{8C726962-D7A3-4054-B90F-0583259F964F}.Release|x64.ActiveCfg = Release|x86
		{8C726962-D7A3-4054-B90F-0583259F964F}.Release|x64.Build.0 = Release|x86
		{8C726962-D7A3-4054-B90F-0583259F964F}.Release|x86.ActiveCfg = Release|x86
		{8C726962-D7A3-4054-B90F-0583259F964F}.Release|x86.Build.0 = Release|x86
		{8C726962-D7A3-4054-B90F-0583259F9650}.Debug|Any CPU.ActiveCfg = Debug|Any CPU
		{8C726962-D7A3-4054-B90F-0583259F9650}.Debug|Any CPU.Build.0 = Debug|Any CPU
		{8C726962-D7A3-4054-B90F-0583259F9650}.Debug|x64.ActiveCfg = Debug|Any CPU
		{8C726962-D7A3-4054-B90F-0583259F9650}.Debug|x64.Build.0 = Debug|Any CPU
		{8C726962-D7A3-4054-B90F-0583259F9650}.Debug|x86.ActiveCfg = Debug|x86
		{8C726962-D7A3-4054-B90F-0583259F9650}.Debug|x86.Build.0 = Debug|x86
		{8C726962-D7A3-4054-B90F-0583259F9650}.Release|Any CPU.ActiveCfg = Release|Any CPU
		{8C726962-D7A3-4054-B90F-0583259F9650}.Release|Any CPU.Build.0 = Release|Any CPU
		{8C726962-D7A3-4054-B90F-0583259F9650}.Release|x64.ActiveCfg = Release|Any CPU
		{8C726962-D7A3-4054-B90F-0583259F9650}.Release|x64.Build.0 = Release|Any CPU
		{8C726962-D7A3-4054-B90F-0583259F9650}.Release|x86.ActiveCfg = Release|Any CPU
		{8C726962-D7A3-4054-B90F-0583259F9650}.Release|x86.Build.0 = Release|Any CPU
		{8C726962-D7A3-4054-B90F-0583259F9651}.Debug|Any CPU.ActiveCfg = Debug|Any CPU
		{8C726962-D7A3-4054-B90F-0583259F9651}.Debug|Any CPU.Build.0 = Debug|Any CPU
		{8C726962-D7A3-4054-B90F-0583259F9651}.Debug|x64.ActiveCfg = Debug|Any CPU
		{8C726962-D7A3-4054-B90F-0583259F9651}.Debug|x64.Build.0 = Debug|Any CPU
		{8C726962-D7A3-4054-B90F-0583259F9651}.Debug|x86.ActiveCfg = Debug|x86
		{8C726962-D7A3-4054-B90F-0583259F9651}.Debug|x86.Build.0 = Debug|x86
		{8C726962-D7A3-4054-B90F-0583259F9651}.Release|Any CPU.ActiveCfg = Release|x86
		{8C726962-D7A3-4054-B90F-0583259F9651}.Release|Any CPU.Build.0 = Release|x86
		{8C726962-D7A3-4054-B90F-0583259F9651}.Release|x64.ActiveCfg = Release|x86
		{8C726962-D7A3-4054-B90F-0583259F9651}.Release|x64.Build.0 = Release|x86
		{8C726962-D7A3-4054-B90F-0583259F9651}.Release|x86.ActiveCfg = Release|x86
		{8C726962-D7A3-4054-B90F-0583259F9651}.Release|x86.Build.0 = Release|x86
		{8C726962-D7A3-4054-B90F-0583259F9653}.Debug|Any CPU.ActiveCfg = Debug|Any CPU
		{8C726962-D7A3-4054-B90F-0583259F9653}.Debug|Any CPU.Build.0 = Debug|Any CPU
		{8C726962-D7A3-4054-B90F-0583259F9653}.Debug|x64.ActiveCfg = Debug|Any CPU
		{8C726962-D7A3-4054-B90F-0583259F9653}.Debug|x64.Build.0 = Debug|Any CPU
		{8C726962-D7A3-4054-B90F-0583259F9653}.Debug|x86.ActiveCfg = Debug|Any CPU
		{8C726962-D7A3-4054-B90F-0583259F9653}.Debug|x86.Build.0 = Debug|Any CPU
		{8C726962-D7A3-4054-B90F-0583259F9653}.Release|Any CPU.ActiveCfg = Release|Any CPU
		{8C726962-D7A3-4054-B90F-0583259F9653}.Release|Any CPU.Build.0 = Release|Any CPU
		{8C726962-D7A3-4054-B90F-0583259F9653}.Release|x64.ActiveCfg = Release|Any CPU
		{8C726962-D7A3-4054-B90F-0583259F9653}.Release|x64.Build.0 = Release|Any CPU
		{8C726962-D7A3-4054-B90F-0583259F9653}.Release|x86.ActiveCfg = Release|Any CPU
		{8C726962-D7A3-4054-B90F-0583259F9653}.Release|x86.Build.0 = Release|Any CPU
		{8C726962-D7A3-4054-B90F-0583259F9654}.Debug|Any CPU.ActiveCfg = Debug|Any CPU
		{8C726962-D7A3-4054-B90F-0583259F9654}.Debug|Any CPU.Build.0 = Debug|Any CPU
		{8C726962-D7A3-4054-B90F-0583259F9654}.Debug|x64.ActiveCfg = Debug|Any CPU
		{8C726962-D7A3-4054-B90F-0583259F9654}.Debug|x64.Build.0 = Debug|Any CPU
		{8C726962-D7A3-4054-B90F-0583259F9654}.Debug|x86.ActiveCfg = Debug|Any CPU
		{8C726962-D7A3-4054-B90F-0583259F9654}.Debug|x86.Build.0 = Debug|Any CPU
		{8C726962-D7A3-4054-B90F-0583259F9654}.Release|Any CPU.ActiveCfg = Release|Any CPU
		{8C726962-D7A3-4054-B90F-0583259F9654}.Release|Any CPU.Build.0 = Release|Any CPU
		{8C726962-D7A3-4054-B90F-0583259F9654}.Release|x64.ActiveCfg = Release|Any CPU
		{8C726962-D7A3-4054-B90F-0583259F9654}.Release|x64.Build.0 = Release|Any CPU
		{8C726962-D7A3-4054-B90F-0583259F9654}.Release|x86.ActiveCfg = Release|Any CPU
		{8C726962-D7A3-4054-B90F-0583259F9654}.Release|x86.Build.0 = Release|Any CPU
		{8C726962-D7A3-4054-B90F-0583259F9655}.Debug|Any CPU.ActiveCfg = Debug|Any CPU
		{8C726962-D7A3-4054-B90F-0583259F9655}.Debug|Any CPU.Build.0 = Debug|Any CPU
		{8C726962-D7A3-4054-B90F-0583259F9655}.Debug|x64.ActiveCfg = Debug|Any CPU
		{8C726962-D7A3-4054-B90F-0583259F9655}.Debug|x64.Build.0 = Debug|Any CPU
		{8C726962-D7A3-4054-B90F-0583259F9655}.Debug|x86.ActiveCfg = Debug|Any CPU
		{8C726962-D7A3-4054-B90F-0583259F9655}.Debug|x86.Build.0 = Debug|Any CPU
		{8C726962-D7A3-4054-B90F-0583259F9655}.Release|Any CPU.ActiveCfg = Release|Any CPU
		{8C726962-D7A3-4054-B90F-0583259F9655}.Release|Any CPU.Build.0 = Release|Any CPU
		{8C726962-D7A3-4054-B90F-0583259F9655}.Release|x64.ActiveCfg = Release|Any CPU
		{8C726962-D7A3-4054-B90F-0583259F9655}.Release|x64.Build.0 = Release|Any CPU
		{8C726962-D7A3-4054-B90F-0583259F9655}.Release|x86.ActiveCfg = Release|Any CPU
		{8C726962-D7A3-4054-B90F-0583259F9655}.Release|x86.Build.0 = Release|Any CPU
		{8C726962-D7A3-4054-B90F-0583259F9656}.Debug|Any CPU.ActiveCfg = Debug|Any CPU
		{8C726962-D7A3-4054-B90F-0583259F9656}.Debug|Any CPU.Build.0 = Debug|Any CPU
		{8C726962-D7A3-4054-B90F-0583259F9656}.Debug|x64.ActiveCfg = Debug|Any CPU
		{8C726962-D7A3-4054-B90F-0583259F9656}.Debug|x64.Build.0 = Debug|Any CPU
		{8C726962-D7A3-4054-B90F-0583259F9656}.Debug|x86.ActiveCfg = Debug|Any CPU
		{8C726962-D7A3-4054-B90F-0583259F9656}.Debug|x86.Build.0 = Debug|Any CPU
		{8C726962-D7A3-4054-B90F-0583259F9656}.Release|Any CPU.ActiveCfg = Release|Any CPU
		{8C726962-D7A3-4054-B90F-0583259F9656}.Release|Any CPU.Build.0 = Release|Any CPU
		{8C726962-D7A3-4054-B90F-0583259F9656}.Release|x64.ActiveCfg = Release|Any CPU
		{8C726962-D7A3-4054-B90F-0583259F9656}.Release|x64.Build.0 = Release|Any CPU
		{8C726962-D7A3-4054-B90F-0583259F9656}.Release|x86.ActiveCfg = Release|Any CPU
		{8C726962-D7A3-4054-B90F-0583259F9656}.Release|x86.Build.0 = Release|Any CPU
		{8C726962-D7A3-4054-B90F-0583259F9657}.Debug|Any CPU.ActiveCfg = Debug|Any CPU
		{8C726962-D7A3-4054-B90F-0583259F9657}.Debug|Any CPU.Build.0 = Debug|Any CPU
		{8C726962-D7A3-4054-B90F-0583259F9657}.Debug|x64.ActiveCfg = Debug|Any CPU
		{8C726962-D7A3-4054-B90F-0583259F9657}.Debug|x64.Build.0 = Debug|Any CPU
		{8C726962-D7A3-4054-B90F-0583259F9657}.Debug|x86.ActiveCfg = Debug|Any CPU
		{8C726962-D7A3-4054-B90F-0583259F9657}.Debug|x86.Build.0 = Debug|Any CPU
		{8C726962-D7A3-4054-B90F-0583259F9657}.Release|Any CPU.ActiveCfg = Release|Any CPU
		{8C726962-D7A3-4054-B90F-0583259F9657}.Release|Any CPU.Build.0 = Release|Any CPU
		{8C726962-D7A3-4054-B90F-0583259F9657}.Release|x64.ActiveCfg = Release|Any CPU
		{8C726962-D7A3-4054-B90F-0583259F9657}.Release|x64.Build.0 = Release|Any CPU
		{8C726962-D7A3-4054-B90F-0583259F9657}.Release|x86.ActiveCfg = Release|Any CPU
		{8C726962-D7A3-4054-B90F-0583259F9657}.Release|x86.Build.0 = Release|Any CPU
		{8C726962-D7A3-4054-B90F-0583259F9658}.Debug|Any CPU.ActiveCfg = Debug|Any CPU
		{8C726962-D7A3-4054-B90F-0583259F9658}.Debug|Any CPU.Build.0 = Debug|Any CPU
		{8C726962-D7A3-4054-B90F-0583259F9658}.Debug|x64.ActiveCfg = Debug|Any CPU
		{8C726962-D7A3-4054-B90F-0583259F9658}.Debug|x64.Build.0 = Debug|Any CPU
		{8C726962-D7A3-4054-B90F-0583259F9658}.Debug|x86.ActiveCfg = Debug|Any CPU
		{8C726962-D7A3-4054-B90F-0583259F9658}.Debug|x86.Build.0 = Debug|Any CPU
		{8C726962-D7A3-4054-B90F-0583259F9658}.Release|Any CPU.ActiveCfg = Release|Any CPU
		{8C726962-D7A3-4054-B90F-0583259F9658}.Release|Any CPU.Build.0 = Release|Any CPU
		{8C726962-D7A3-4054-B90F-0583259F9658}.Release|x64.ActiveCfg = Release|Any CPU
		{8C726962-D7A3-4054-B90F-0583259F9658}.Release|x64.Build.0 = Release|Any CPU
		{8C726962-D7A3-4054-B90F-0583259F9658}.Release|x86.ActiveCfg = Release|Any CPU
		{8C726962-D7A3-4054-B90F-0583259F9658}.Release|x86.Build.0 = Release|Any CPU
		{8C726962-D7A3-4054-B90F-0583259F9659}.Debug|Any CPU.ActiveCfg = Debug|Any CPU
		{8C726962-D7A3-4054-B90F-0583259F9659}.Debug|Any CPU.Build.0 = Debug|Any CPU
		{8C726962-D7A3-4054-B90F-0583259F9659}.Debug|x64.ActiveCfg = Debug|Any CPU
		{8C726962-D7A3-4054-B90F-0583259F9659}.Debug|x64.Build.0 = Debug|Any CPU
		{8C726962-D7A3-4054-B90F-0583259F9659}.Debug|x86.ActiveCfg = Debug|x86
		{8C726962-D7A3-4054-B90F-0583259F9659}.Debug|x86.Build.0 = Debug|x86
		{8C726962-D7A3-4054-B90F-0583259F9659}.Release|Any CPU.ActiveCfg = Release|x86
		{8C726962-D7A3-4054-B90F-0583259F9659}.Release|Any CPU.Build.0 = Release|x86
		{8C726962-D7A3-4054-B90F-0583259F9659}.Release|x64.ActiveCfg = Release|x86
		{8C726962-D7A3-4054-B90F-0583259F9659}.Release|x64.Build.0 = Release|x86
		{8C726962-D7A3-4054-B90F-0583259F9659}.Release|x86.ActiveCfg = Release|x86
		{8C726962-D7A3-4054-B90F-0583259F9659}.Release|x86.Build.0 = Release|x86
		{8C726962-D7A3-4054-B90F-0583259F965A}.Debug|Any CPU.ActiveCfg = Debug|Any CPU
		{8C726962-D7A3-4054-B90F-0583259F965A}.Debug|Any CPU.Build.0 = Debug|Any CPU
		{8C726962-D7A3-4054-B90F-0583259F965A}.Debug|x64.ActiveCfg = Debug|Any CPU
		{8C726962-D7A3-4054-B90F-0583259F965A}.Debug|x64.Build.0 = Debug|Any CPU
		{8C726962-D7A3-4054-B90F-0583259F965A}.Debug|x86.ActiveCfg = Debug|Any CPU
		{8C726962-D7A3-4054-B90F-0583259F965A}.Debug|x86.Build.0 = Debug|Any CPU
		{8C726962-D7A3-4054-B90F-0583259F965A}.Release|Any CPU.ActiveCfg = Release|Any CPU
		{8C726962-D7A3-4054-B90F-0583259F965A}.Release|Any CPU.Build.0 = Release|Any CPU
		{8C726962-D7A3-4054-B90F-0583259F965A}.Release|x64.ActiveCfg = Release|Any CPU
		{8C726962-D7A3-4054-B90F-0583259F965A}.Release|x64.Build.0 = Release|Any CPU
		{8C726962-D7A3-4054-B90F-0583259F965A}.Release|x86.ActiveCfg = Release|Any CPU
		{8C726962-D7A3-4054-B90F-0583259F965A}.Release|x86.Build.0 = Release|Any CPU
		{8C726962-D7A3-4054-B90F-0583259F965B}.Debug|Any CPU.ActiveCfg = Debug|Any CPU
		{8C726962-D7A3-4054-B90F-0583259F965B}.Debug|Any CPU.Build.0 = Debug|Any CPU
		{8C726962-D7A3-4054-B90F-0583259F965B}.Debug|x64.ActiveCfg = Debug|x86
		{8C726962-D7A3-4054-B90F-0583259F965B}.Debug|x64.Build.0 = Debug|x86
		{8C726962-D7A3-4054-B90F-0583259F965B}.Debug|x86.ActiveCfg = Debug|x86
		{8C726962-D7A3-4054-B90F-0583259F965B}.Debug|x86.Build.0 = Debug|x86
		{8C726962-D7A3-4054-B90F-0583259F965B}.Release|Any CPU.ActiveCfg = Release|x86
		{8C726962-D7A3-4054-B90F-0583259F965B}.Release|Any CPU.Build.0 = Release|x86
		{8C726962-D7A3-4054-B90F-0583259F965B}.Release|x64.ActiveCfg = Release|x86
		{8C726962-D7A3-4054-B90F-0583259F965B}.Release|x64.Build.0 = Release|x86
		{8C726962-D7A3-4054-B90F-0583259F965B}.Release|x86.ActiveCfg = Release|x86
		{8C726962-D7A3-4054-B90F-0583259F965B}.Release|x86.Build.0 = Release|x86
		{8C726962-D7A3-4054-B90F-0583259F965C}.Debug|Any CPU.ActiveCfg = Debug|Any CPU
		{8C726962-D7A3-4054-B90F-0583259F965C}.Debug|Any CPU.Build.0 = Debug|Any CPU
		{8C726962-D7A3-4054-B90F-0583259F965C}.Debug|x64.ActiveCfg = Debug|x86
		{8C726962-D7A3-4054-B90F-0583259F965C}.Debug|x64.Build.0 = Debug|x86
		{8C726962-D7A3-4054-B90F-0583259F965C}.Debug|x86.ActiveCfg = Debug|x86
		{8C726962-D7A3-4054-B90F-0583259F965C}.Debug|x86.Build.0 = Debug|x86
		{8C726962-D7A3-4054-B90F-0583259F965C}.Release|Any CPU.ActiveCfg = Release|x86
		{8C726962-D7A3-4054-B90F-0583259F965C}.Release|Any CPU.Build.0 = Release|x86
		{8C726962-D7A3-4054-B90F-0583259F965C}.Release|x64.ActiveCfg = Release|x86
		{8C726962-D7A3-4054-B90F-0583259F965C}.Release|x64.Build.0 = Release|x86
		{8C726962-D7A3-4054-B90F-0583259F965C}.Release|x86.ActiveCfg = Release|x86
		{8C726962-D7A3-4054-B90F-0583259F965C}.Release|x86.Build.0 = Release|x86
		{8C726962-D7A3-4054-B90F-0583259F965D}.Debug|Any CPU.ActiveCfg = Debug|Any CPU
		{8C726962-D7A3-4054-B90F-0583259F965D}.Debug|Any CPU.Build.0 = Debug|Any CPU
		{8C726962-D7A3-4054-B90F-0583259F965D}.Debug|x64.ActiveCfg = Debug|Any CPU
		{8C726962-D7A3-4054-B90F-0583259F965D}.Debug|x64.Build.0 = Debug|Any CPU
		{8C726962-D7A3-4054-B90F-0583259F965D}.Debug|x86.ActiveCfg = Debug|Any CPU
		{8C726962-D7A3-4054-B90F-0583259F965D}.Debug|x86.Build.0 = Debug|Any CPU
		{8C726962-D7A3-4054-B90F-0583259F965D}.Release|Any CPU.ActiveCfg = Release|Any CPU
		{8C726962-D7A3-4054-B90F-0583259F965D}.Release|Any CPU.Build.0 = Release|Any CPU
		{8C726962-D7A3-4054-B90F-0583259F965D}.Release|x64.ActiveCfg = Release|Any CPU
		{8C726962-D7A3-4054-B90F-0583259F965D}.Release|x64.Build.0 = Release|Any CPU
		{8C726962-D7A3-4054-B90F-0583259F965D}.Release|x86.ActiveCfg = Release|Any CPU
		{8C726962-D7A3-4054-B90F-0583259F965D}.Release|x86.Build.0 = Release|Any CPU
		{8C726962-D7A3-4054-B90F-0583259F965E}.Debug|Any CPU.ActiveCfg = Debug|Any CPU
		{8C726962-D7A3-4054-B90F-0583259F965E}.Debug|Any CPU.Build.0 = Debug|Any CPU
		{8C726962-D7A3-4054-B90F-0583259F965E}.Debug|x64.ActiveCfg = Debug|x86
		{8C726962-D7A3-4054-B90F-0583259F965E}.Debug|x64.Build.0 = Debug|x86
		{8C726962-D7A3-4054-B90F-0583259F965E}.Debug|x86.ActiveCfg = Debug|x86
		{8C726962-D7A3-4054-B90F-0583259F965E}.Debug|x86.Build.0 = Debug|x86
		{8C726962-D7A3-4054-B90F-0583259F965E}.Release|Any CPU.ActiveCfg = Release|x86
		{8C726962-D7A3-4054-B90F-0583259F965E}.Release|Any CPU.Build.0 = Release|x86
		{8C726962-D7A3-4054-B90F-0583259F965E}.Release|x64.ActiveCfg = Release|x86
		{8C726962-D7A3-4054-B90F-0583259F965E}.Release|x64.Build.0 = Release|x86
		{8C726962-D7A3-4054-B90F-0583259F965E}.Release|x86.ActiveCfg = Release|x86
		{8C726962-D7A3-4054-B90F-0583259F965E}.Release|x86.Build.0 = Release|x86
		{8C726962-D7A3-4054-B90F-0583259F965F}.Debug|Any CPU.ActiveCfg = Debug|Any CPU
		{8C726962-D7A3-4054-B90F-0583259F965F}.Debug|Any CPU.Build.0 = Debug|Any CPU
		{8C726962-D7A3-4054-B90F-0583259F965F}.Debug|x64.ActiveCfg = Debug|x86
		{8C726962-D7A3-4054-B90F-0583259F965F}.Debug|x64.Build.0 = Debug|x86
		{8C726962-D7A3-4054-B90F-0583259F965F}.Debug|x86.ActiveCfg = Debug|x86
		{8C726962-D7A3-4054-B90F-0583259F965F}.Debug|x86.Build.0 = Debug|x86
		{8C726962-D7A3-4054-B90F-0583259F965F}.Release|Any CPU.ActiveCfg = Release|x86
		{8C726962-D7A3-4054-B90F-0583259F965F}.Release|Any CPU.Build.0 = Release|x86
		{8C726962-D7A3-4054-B90F-0583259F965F}.Release|x64.ActiveCfg = Release|x86
		{8C726962-D7A3-4054-B90F-0583259F965F}.Release|x64.Build.0 = Release|x86
		{8C726962-D7A3-4054-B90F-0583259F965F}.Release|x86.ActiveCfg = Release|x86
		{8C726962-D7A3-4054-B90F-0583259F965F}.Release|x86.Build.0 = Release|x86
		{8C726962-D7A3-4054-B90F-0583259F9660}.Debug|Any CPU.ActiveCfg = Debug|Any CPU
		{8C726962-D7A3-4054-B90F-0583259F9660}.Debug|Any CPU.Build.0 = Debug|Any CPU
		{8C726962-D7A3-4054-B90F-0583259F9660}.Debug|x64.ActiveCfg = Debug|x86
		{8C726962-D7A3-4054-B90F-0583259F9660}.Debug|x64.Build.0 = Debug|x86
		{8C726962-D7A3-4054-B90F-0583259F9660}.Debug|x86.ActiveCfg = Debug|x86
		{8C726962-D7A3-4054-B90F-0583259F9660}.Debug|x86.Build.0 = Debug|x86
		{8C726962-D7A3-4054-B90F-0583259F9660}.Release|Any CPU.ActiveCfg = Release|x86
		{8C726962-D7A3-4054-B90F-0583259F9660}.Release|Any CPU.Build.0 = Release|x86
		{8C726962-D7A3-4054-B90F-0583259F9660}.Release|x64.ActiveCfg = Release|x86
		{8C726962-D7A3-4054-B90F-0583259F9660}.Release|x64.Build.0 = Release|x86
		{8C726962-D7A3-4054-B90F-0583259F9660}.Release|x86.ActiveCfg = Release|x86
		{8C726962-D7A3-4054-B90F-0583259F9660}.Release|x86.Build.0 = Release|x86
		{8C726962-D7A3-4054-B90F-0583259F9661}.Debug|Any CPU.ActiveCfg = Debug|Any CPU
		{8C726962-D7A3-4054-B90F-0583259F9661}.Debug|Any CPU.Build.0 = Debug|Any CPU
		{8C726962-D7A3-4054-B90F-0583259F9661}.Debug|x64.ActiveCfg = Debug|Any CPU
		{8C726962-D7A3-4054-B90F-0583259F9661}.Debug|x64.Build.0 = Debug|Any CPU
		{8C726962-D7A3-4054-B90F-0583259F9661}.Debug|x86.ActiveCfg = Debug|Any CPU
		{8C726962-D7A3-4054-B90F-0583259F9661}.Debug|x86.Build.0 = Debug|Any CPU
		{8C726962-D7A3-4054-B90F-0583259F9661}.Release|Any CPU.ActiveCfg = Release|Any CPU
		{8C726962-D7A3-4054-B90F-0583259F9661}.Release|Any CPU.Build.0 = Release|Any CPU
		{8C726962-D7A3-4054-B90F-0583259F9661}.Release|x64.ActiveCfg = Release|Any CPU
		{8C726962-D7A3-4054-B90F-0583259F9661}.Release|x64.Build.0 = Release|Any CPU
		{8C726962-D7A3-4054-B90F-0583259F9661}.Release|x86.ActiveCfg = Release|Any CPU
		{8C726962-D7A3-4054-B90F-0583259F9661}.Release|x86.Build.0 = Release|Any CPU
		{8C726962-D7A3-4054-B90F-0583259F9662}.Debug|Any CPU.ActiveCfg = Debug|Any CPU
		{8C726962-D7A3-4054-B90F-0583259F9662}.Debug|Any CPU.Build.0 = Debug|Any CPU
		{8C726962-D7A3-4054-B90F-0583259F9662}.Debug|x64.ActiveCfg = Debug|Any CPU
		{8C726962-D7A3-4054-B90F-0583259F9662}.Debug|x64.Build.0 = Debug|Any CPU
		{8C726962-D7A3-4054-B90F-0583259F9662}.Debug|x86.ActiveCfg = Debug|Any CPU
		{8C726962-D7A3-4054-B90F-0583259F9662}.Debug|x86.Build.0 = Debug|Any CPU
		{8C726962-D7A3-4054-B90F-0583259F9662}.Release|Any CPU.ActiveCfg = Release|Any CPU
		{8C726962-D7A3-4054-B90F-0583259F9662}.Release|Any CPU.Build.0 = Release|Any CPU
		{8C726962-D7A3-4054-B90F-0583259F9662}.Release|x64.ActiveCfg = Release|Any CPU
		{8C726962-D7A3-4054-B90F-0583259F9662}.Release|x64.Build.0 = Release|Any CPU
		{8C726962-D7A3-4054-B90F-0583259F9662}.Release|x86.ActiveCfg = Release|Any CPU
		{8C726962-D7A3-4054-B90F-0583259F9662}.Release|x86.Build.0 = Release|Any CPU
		{8C726962-D7A3-4054-B90F-0583259F9663}.Debug|Any CPU.ActiveCfg = Debug|Any CPU
		{8C726962-D7A3-4054-B90F-0583259F9663}.Debug|Any CPU.Build.0 = Debug|Any CPU
		{8C726962-D7A3-4054-B90F-0583259F9663}.Debug|x64.ActiveCfg = Debug|Any CPU
		{8C726962-D7A3-4054-B90F-0583259F9663}.Debug|x64.Build.0 = Debug|Any CPU
		{8C726962-D7A3-4054-B90F-0583259F9663}.Debug|x86.ActiveCfg = Debug|Any CPU
		{8C726962-D7A3-4054-B90F-0583259F9663}.Debug|x86.Build.0 = Debug|Any CPU
		{8C726962-D7A3-4054-B90F-0583259F9663}.Release|Any CPU.ActiveCfg = Release|Any CPU
		{8C726962-D7A3-4054-B90F-0583259F9663}.Release|Any CPU.Build.0 = Release|Any CPU
		{8C726962-D7A3-4054-B90F-0583259F9663}.Release|x64.ActiveCfg = Release|Any CPU
		{8C726962-D7A3-4054-B90F-0583259F9663}.Release|x64.Build.0 = Release|Any CPU
		{8C726962-D7A3-4054-B90F-0583259F9663}.Release|x86.ActiveCfg = Release|Any CPU
		{8C726962-D7A3-4054-B90F-0583259F9663}.Release|x86.Build.0 = Release|Any CPU
		{8C726962-D7A3-4054-B90F-0583259F9665}.Debug|Any CPU.ActiveCfg = Debug|Any CPU
		{8C726962-D7A3-4054-B90F-0583259F9665}.Debug|Any CPU.Build.0 = Debug|Any CPU
		{8C726962-D7A3-4054-B90F-0583259F9665}.Debug|x64.ActiveCfg = Debug|x86
		{8C726962-D7A3-4054-B90F-0583259F9665}.Debug|x64.Build.0 = Debug|x86
		{8C726962-D7A3-4054-B90F-0583259F9665}.Debug|x86.ActiveCfg = Debug|x86
		{8C726962-D7A3-4054-B90F-0583259F9665}.Debug|x86.Build.0 = Debug|x86
		{8C726962-D7A3-4054-B90F-0583259F9665}.Release|Any CPU.ActiveCfg = Release|x86
		{8C726962-D7A3-4054-B90F-0583259F9665}.Release|Any CPU.Build.0 = Release|x86
		{8C726962-D7A3-4054-B90F-0583259F9665}.Release|x64.ActiveCfg = Release|x86
		{8C726962-D7A3-4054-B90F-0583259F9665}.Release|x64.Build.0 = Release|x86
		{8C726962-D7A3-4054-B90F-0583259F9665}.Release|x86.ActiveCfg = Release|x86
		{8C726962-D7A3-4054-B90F-0583259F9665}.Release|x86.Build.0 = Release|x86
		{8C726962-D7A3-4054-B90F-0583259F9664}.Debug|Any CPU.ActiveCfg = Debug|Any CPU
		{8C726962-D7A3-4054-B90F-0583259F9664}.Debug|Any CPU.Build.0 = Debug|Any CPU
		{8C726962-D7A3-4054-B90F-0583259F9664}.Debug|x64.ActiveCfg = Debug|Any CPU
		{8C726962-D7A3-4054-B90F-0583259F9664}.Debug|x64.Build.0 = Debug|Any CPU
		{8C726962-D7A3-4054-B90F-0583259F9664}.Debug|x86.ActiveCfg = Debug|Any CPU
		{8C726962-D7A3-4054-B90F-0583259F9664}.Debug|x86.Build.0 = Debug|Any CPU
		{8C726962-D7A3-4054-B90F-0583259F9664}.Release|Any CPU.ActiveCfg = Release|Any CPU
		{8C726962-D7A3-4054-B90F-0583259F9664}.Release|Any CPU.Build.0 = Release|Any CPU
		{8C726962-D7A3-4054-B90F-0583259F9664}.Release|x64.ActiveCfg = Release|Any CPU
		{8C726962-D7A3-4054-B90F-0583259F9664}.Release|x64.Build.0 = Release|Any CPU
		{8C726962-D7A3-4054-B90F-0583259F9664}.Release|x86.ActiveCfg = Release|Any CPU
		{8C726962-D7A3-4054-B90F-0583259F9664}.Release|x86.Build.0 = Release|Any CPU
		{8C726962-D7A3-4054-B90F-0583259F9666}.Debug|Any CPU.ActiveCfg = Debug|Any CPU
		{8C726962-D7A3-4054-B90F-0583259F9666}.Debug|Any CPU.Build.0 = Debug|Any CPU
		{8C726962-D7A3-4054-B90F-0583259F9666}.Debug|x64.ActiveCfg = Debug|Any CPU
		{8C726962-D7A3-4054-B90F-0583259F9666}.Debug|x64.Build.0 = Debug|Any CPU
		{8C726962-D7A3-4054-B90F-0583259F9666}.Debug|x86.ActiveCfg = Debug|Any CPU
		{8C726962-D7A3-4054-B90F-0583259F9666}.Debug|x86.Build.0 = Debug|Any CPU
		{8C726962-D7A3-4054-B90F-0583259F9666}.Release|Any CPU.ActiveCfg = Release|Any CPU
		{8C726962-D7A3-4054-B90F-0583259F9666}.Release|Any CPU.Build.0 = Release|Any CPU
		{8C726962-D7A3-4054-B90F-0583259F9666}.Release|x64.ActiveCfg = Release|Any CPU
		{8C726962-D7A3-4054-B90F-0583259F9666}.Release|x64.Build.0 = Release|Any CPU
		{8C726962-D7A3-4054-B90F-0583259F9666}.Release|x86.ActiveCfg = Release|Any CPU
		{8C726962-D7A3-4054-B90F-0583259F9666}.Release|x86.Build.0 = Release|Any CPU
		{8C726962-D7A3-4054-B90F-0583259F9667}.Debug|Any CPU.ActiveCfg = Debug|Any CPU
		{8C726962-D7A3-4054-B90F-0583259F9667}.Debug|Any CPU.Build.0 = Debug|Any CPU
		{8C726962-D7A3-4054-B90F-0583259F9667}.Debug|x64.ActiveCfg = Debug|Any CPU
		{8C726962-D7A3-4054-B90F-0583259F9667}.Debug|x64.Build.0 = Debug|Any CPU
		{8C726962-D7A3-4054-B90F-0583259F9667}.Debug|x86.ActiveCfg = Debug|Any CPU
		{8C726962-D7A3-4054-B90F-0583259F9667}.Debug|x86.Build.0 = Debug|Any CPU
		{8C726962-D7A3-4054-B90F-0583259F9667}.Release|Any CPU.ActiveCfg = Release|Any CPU
		{8C726962-D7A3-4054-B90F-0583259F9667}.Release|Any CPU.Build.0 = Release|Any CPU
		{8C726962-D7A3-4054-B90F-0583259F9667}.Release|x64.ActiveCfg = Release|Any CPU
		{8C726962-D7A3-4054-B90F-0583259F9667}.Release|x64.Build.0 = Release|Any CPU
		{8C726962-D7A3-4054-B90F-0583259F9667}.Release|x86.ActiveCfg = Release|Any CPU
		{8C726962-D7A3-4054-B90F-0583259F9667}.Release|x86.Build.0 = Release|Any CPU
		{8C726962-D7A3-4054-B90F-0583259F9668}.Debug|Any CPU.ActiveCfg = Debug|Any CPU
		{8C726962-D7A3-4054-B90F-0583259F9668}.Debug|Any CPU.Build.0 = Debug|Any CPU
		{8C726962-D7A3-4054-B90F-0583259F9668}.Debug|x64.ActiveCfg = Debug|Any CPU
		{8C726962-D7A3-4054-B90F-0583259F9668}.Debug|x64.Build.0 = Debug|Any CPU
		{8C726962-D7A3-4054-B90F-0583259F9668}.Debug|x86.ActiveCfg = Debug|Any CPU
		{8C726962-D7A3-4054-B90F-0583259F9668}.Debug|x86.Build.0 = Debug|Any CPU
		{8C726962-D7A3-4054-B90F-0583259F9668}.Release|Any CPU.ActiveCfg = Release|Any CPU
		{8C726962-D7A3-4054-B90F-0583259F9668}.Release|Any CPU.Build.0 = Release|Any CPU
		{8C726962-D7A3-4054-B90F-0583259F9668}.Release|x64.ActiveCfg = Release|Any CPU
		{8C726962-D7A3-4054-B90F-0583259F9668}.Release|x64.Build.0 = Release|Any CPU
		{8C726962-D7A3-4054-B90F-0583259F9668}.Release|x86.ActiveCfg = Release|Any CPU
		{8C726962-D7A3-4054-B90F-0583259F9668}.Release|x86.Build.0 = Release|Any CPU
		{8C726962-D7A3-4054-B90F-0583259F9669}.Debug|Any CPU.ActiveCfg = Debug|Any CPU
		{8C726962-D7A3-4054-B90F-0583259F9669}.Debug|Any CPU.Build.0 = Debug|Any CPU
		{8C726962-D7A3-4054-B90F-0583259F9669}.Debug|x64.ActiveCfg = Debug|x86
		{8C726962-D7A3-4054-B90F-0583259F9669}.Debug|x64.Build.0 = Debug|x86
		{8C726962-D7A3-4054-B90F-0583259F9669}.Debug|x86.ActiveCfg = Debug|x86
		{8C726962-D7A3-4054-B90F-0583259F9669}.Debug|x86.Build.0 = Debug|x86
		{8C726962-D7A3-4054-B90F-0583259F9669}.Release|Any CPU.ActiveCfg = Release|x86
		{8C726962-D7A3-4054-B90F-0583259F9669}.Release|Any CPU.Build.0 = Release|x86
		{8C726962-D7A3-4054-B90F-0583259F9669}.Release|x64.ActiveCfg = Release|x86
		{8C726962-D7A3-4054-B90F-0583259F9669}.Release|x64.Build.0 = Release|x86
		{8C726962-D7A3-4054-B90F-0583259F9669}.Release|x86.ActiveCfg = Release|x86
		{8C726962-D7A3-4054-B90F-0583259F9669}.Release|x86.Build.0 = Release|x86
		{8C726962-D7A3-4054-B90F-0583259F966A}.Debug|Any CPU.ActiveCfg = Debug|Any CPU
		{8C726962-D7A3-4054-B90F-0583259F966A}.Debug|Any CPU.Build.0 = Debug|Any CPU
		{8C726962-D7A3-4054-B90F-0583259F966A}.Debug|x64.ActiveCfg = Debug|Any CPU
		{8C726962-D7A3-4054-B90F-0583259F966A}.Debug|x64.Build.0 = Debug|Any CPU
		{8C726962-D7A3-4054-B90F-0583259F966A}.Debug|x86.ActiveCfg = Debug|Any CPU
		{8C726962-D7A3-4054-B90F-0583259F966A}.Debug|x86.Build.0 = Debug|Any CPU
		{8C726962-D7A3-4054-B90F-0583259F966A}.Release|Any CPU.ActiveCfg = Release|Any CPU
		{8C726962-D7A3-4054-B90F-0583259F966A}.Release|Any CPU.Build.0 = Release|Any CPU
		{8C726962-D7A3-4054-B90F-0583259F966A}.Release|x64.ActiveCfg = Release|Any CPU
		{8C726962-D7A3-4054-B90F-0583259F966A}.Release|x64.Build.0 = Release|Any CPU
		{8C726962-D7A3-4054-B90F-0583259F966A}.Release|x86.ActiveCfg = Release|Any CPU
		{8C726962-D7A3-4054-B90F-0583259F966A}.Release|x86.Build.0 = Release|Any CPU
		{8C726962-D7A3-4054-B90F-0583259F966B}.Debug|Any CPU.ActiveCfg = Debug|Any CPU
		{8C726962-D7A3-4054-B90F-0583259F966B}.Debug|Any CPU.Build.0 = Debug|Any CPU
		{8C726962-D7A3-4054-B90F-0583259F966B}.Debug|x64.ActiveCfg = Debug|Any CPU
		{8C726962-D7A3-4054-B90F-0583259F966B}.Debug|x64.Build.0 = Debug|Any CPU
		{8C726962-D7A3-4054-B90F-0583259F966B}.Debug|x86.ActiveCfg = Debug|Any CPU
		{8C726962-D7A3-4054-B90F-0583259F966B}.Debug|x86.Build.0 = Debug|Any CPU
		{8C726962-D7A3-4054-B90F-0583259F966B}.Release|Any CPU.ActiveCfg = Release|Any CPU
		{8C726962-D7A3-4054-B90F-0583259F966B}.Release|Any CPU.Build.0 = Release|Any CPU
		{8C726962-D7A3-4054-B90F-0583259F966B}.Release|x64.ActiveCfg = Release|Any CPU
		{8C726962-D7A3-4054-B90F-0583259F966B}.Release|x64.Build.0 = Release|Any CPU
		{8C726962-D7A3-4054-B90F-0583259F966B}.Release|x86.ActiveCfg = Release|Any CPU
		{8C726962-D7A3-4054-B90F-0583259F966B}.Release|x86.Build.0 = Release|Any CPU
		{8C726962-D7A3-4054-B90F-0583259F966C}.Debug|Any CPU.ActiveCfg = Debug|Any CPU
		{8C726962-D7A3-4054-B90F-0583259F966C}.Debug|Any CPU.Build.0 = Debug|Any CPU
		{8C726962-D7A3-4054-B90F-0583259F966C}.Debug|x64.ActiveCfg = Debug|Any CPU
		{8C726962-D7A3-4054-B90F-0583259F966C}.Debug|x64.Build.0 = Debug|Any CPU
		{8C726962-D7A3-4054-B90F-0583259F966C}.Debug|x86.ActiveCfg = Debug|Any CPU
		{8C726962-D7A3-4054-B90F-0583259F966C}.Debug|x86.Build.0 = Debug|Any CPU
		{8C726962-D7A3-4054-B90F-0583259F966C}.Release|Any CPU.ActiveCfg = Release|Any CPU
		{8C726962-D7A3-4054-B90F-0583259F966C}.Release|Any CPU.Build.0 = Release|Any CPU
		{8C726962-D7A3-4054-B90F-0583259F966C}.Release|x64.ActiveCfg = Release|Any CPU
		{8C726962-D7A3-4054-B90F-0583259F966C}.Release|x64.Build.0 = Release|Any CPU
		{8C726962-D7A3-4054-B90F-0583259F966C}.Release|x86.ActiveCfg = Release|Any CPU
		{8C726962-D7A3-4054-B90F-0583259F966C}.Release|x86.Build.0 = Release|Any CPU
		{8C726962-D7A3-4054-B90F-0583259F966D}.Debug|Any CPU.ActiveCfg = Debug|Any CPU
		{8C726962-D7A3-4054-B90F-0583259F966D}.Debug|Any CPU.Build.0 = Debug|Any CPU
		{8C726962-D7A3-4054-B90F-0583259F966D}.Debug|x64.ActiveCfg = Debug|Any CPU
		{8C726962-D7A3-4054-B90F-0583259F966D}.Debug|x64.Build.0 = Debug|Any CPU
		{8C726962-D7A3-4054-B90F-0583259F966D}.Debug|x86.ActiveCfg = Debug|Any CPU
		{8C726962-D7A3-4054-B90F-0583259F966D}.Debug|x86.Build.0 = Debug|Any CPU
		{8C726962-D7A3-4054-B90F-0583259F966D}.Release|Any CPU.ActiveCfg = Release|Any CPU
		{8C726962-D7A3-4054-B90F-0583259F966D}.Release|Any CPU.Build.0 = Release|Any CPU
		{8C726962-D7A3-4054-B90F-0583259F966D}.Release|x64.ActiveCfg = Release|Any CPU
		{8C726962-D7A3-4054-B90F-0583259F966D}.Release|x64.Build.0 = Release|Any CPU
		{8C726962-D7A3-4054-B90F-0583259F966D}.Release|x86.ActiveCfg = Release|Any CPU
		{8C726962-D7A3-4054-B90F-0583259F966D}.Release|x86.Build.0 = Release|Any CPU
		{8C726962-D7A3-4054-B90F-0583259F966E}.Debug|Any CPU.ActiveCfg = Debug|Any CPU
		{8C726962-D7A3-4054-B90F-0583259F966E}.Debug|Any CPU.Build.0 = Debug|Any CPU
		{8C726962-D7A3-4054-B90F-0583259F966E}.Debug|x64.ActiveCfg = Debug|x86
		{8C726962-D7A3-4054-B90F-0583259F966E}.Debug|x64.Build.0 = Debug|x86
		{8C726962-D7A3-4054-B90F-0583259F966E}.Debug|x86.ActiveCfg = Debug|x86
		{8C726962-D7A3-4054-B90F-0583259F966E}.Debug|x86.Build.0 = Debug|x86
		{8C726962-D7A3-4054-B90F-0583259F966E}.Release|Any CPU.ActiveCfg = Release|x86
		{8C726962-D7A3-4054-B90F-0583259F966E}.Release|Any CPU.Build.0 = Release|x86
		{8C726962-D7A3-4054-B90F-0583259F966E}.Release|x64.ActiveCfg = Release|x86
		{8C726962-D7A3-4054-B90F-0583259F966E}.Release|x64.Build.0 = Release|x86
		{8C726962-D7A3-4054-B90F-0583259F966E}.Release|x86.ActiveCfg = Release|x86
		{8C726962-D7A3-4054-B90F-0583259F966E}.Release|x86.Build.0 = Release|x86
		{8C726962-D7A3-4054-B90F-0583259F966F}.Debug|Any CPU.ActiveCfg = Debug|Any CPU
		{8C726962-D7A3-4054-B90F-0583259F966F}.Debug|Any CPU.Build.0 = Debug|Any CPU
		{8C726962-D7A3-4054-B90F-0583259F966F}.Debug|x64.ActiveCfg = Debug|x86
		{8C726962-D7A3-4054-B90F-0583259F966F}.Debug|x64.Build.0 = Debug|x86
		{8C726962-D7A3-4054-B90F-0583259F966F}.Debug|x86.ActiveCfg = Debug|x86
		{8C726962-D7A3-4054-B90F-0583259F966F}.Debug|x86.Build.0 = Debug|x86
		{8C726962-D7A3-4054-B90F-0583259F966F}.Release|Any CPU.ActiveCfg = Release|x86
		{8C726962-D7A3-4054-B90F-0583259F966F}.Release|Any CPU.Build.0 = Release|x86
		{8C726962-D7A3-4054-B90F-0583259F966F}.Release|x64.ActiveCfg = Release|x86
		{8C726962-D7A3-4054-B90F-0583259F966F}.Release|x64.Build.0 = Release|x86
		{8C726962-D7A3-4054-B90F-0583259F966F}.Release|x86.ActiveCfg = Release|x86
		{8C726962-D7A3-4054-B90F-0583259F966F}.Release|x86.Build.0 = Release|x86
		{8C726962-D7A3-4054-B90F-0583259F9670}.Debug|Any CPU.ActiveCfg = Debug|Any CPU
		{8C726962-D7A3-4054-B90F-0583259F9670}.Debug|Any CPU.Build.0 = Debug|Any CPU
		{8C726962-D7A3-4054-B90F-0583259F9670}.Debug|x64.ActiveCfg = Debug|x86
		{8C726962-D7A3-4054-B90F-0583259F9670}.Debug|x64.Build.0 = Debug|x86
		{8C726962-D7A3-4054-B90F-0583259F9670}.Debug|x86.ActiveCfg = Debug|x86
		{8C726962-D7A3-4054-B90F-0583259F9670}.Debug|x86.Build.0 = Debug|x86
		{8C726962-D7A3-4054-B90F-0583259F9670}.Release|Any CPU.ActiveCfg = Release|x86
		{8C726962-D7A3-4054-B90F-0583259F9670}.Release|Any CPU.Build.0 = Release|x86
		{8C726962-D7A3-4054-B90F-0583259F9670}.Release|x64.ActiveCfg = Release|x86
		{8C726962-D7A3-4054-B90F-0583259F9670}.Release|x64.Build.0 = Release|x86
		{8C726962-D7A3-4054-B90F-0583259F9670}.Release|x86.ActiveCfg = Release|x86
		{8C726962-D7A3-4054-B90F-0583259F9670}.Release|x86.Build.0 = Release|x86
		{8C726962-D7A3-4054-B90F-0583259F9671}.Debug|Any CPU.ActiveCfg = Debug|Any CPU
		{8C726962-D7A3-4054-B90F-0583259F9671}.Debug|Any CPU.Build.0 = Debug|Any CPU
		{8C726962-D7A3-4054-B90F-0583259F9671}.Debug|x64.ActiveCfg = Debug|Any CPU
		{8C726962-D7A3-4054-B90F-0583259F9671}.Debug|x64.Build.0 = Debug|Any CPU
		{8C726962-D7A3-4054-B90F-0583259F9671}.Debug|x86.ActiveCfg = Debug|Any CPU
		{8C726962-D7A3-4054-B90F-0583259F9671}.Debug|x86.Build.0 = Debug|Any CPU
		{8C726962-D7A3-4054-B90F-0583259F9671}.Release|Any CPU.ActiveCfg = Release|Any CPU
		{8C726962-D7A3-4054-B90F-0583259F9671}.Release|Any CPU.Build.0 = Release|Any CPU
		{8C726962-D7A3-4054-B90F-0583259F9671}.Release|x64.ActiveCfg = Release|Any CPU
		{8C726962-D7A3-4054-B90F-0583259F9671}.Release|x64.Build.0 = Release|Any CPU
		{8C726962-D7A3-4054-B90F-0583259F9671}.Release|x86.ActiveCfg = Release|Any CPU
		{8C726962-D7A3-4054-B90F-0583259F9671}.Release|x86.Build.0 = Release|Any CPU
		{8C726962-D7A3-4054-B90F-0583259F9672}.Debug|Any CPU.ActiveCfg = Debug|Any CPU
		{8C726962-D7A3-4054-B90F-0583259F9672}.Debug|Any CPU.Build.0 = Debug|Any CPU
		{8C726962-D7A3-4054-B90F-0583259F9672}.Debug|x64.ActiveCfg = Debug|x86
		{8C726962-D7A3-4054-B90F-0583259F9672}.Debug|x64.Build.0 = Debug|x86
		{8C726962-D7A3-4054-B90F-0583259F9672}.Debug|x86.ActiveCfg = Debug|x86
		{8C726962-D7A3-4054-B90F-0583259F9672}.Debug|x86.Build.0 = Debug|x86
		{8C726962-D7A3-4054-B90F-0583259F9672}.Release|Any CPU.ActiveCfg = Release|x86
		{8C726962-D7A3-4054-B90F-0583259F9672}.Release|Any CPU.Build.0 = Release|x86
		{8C726962-D7A3-4054-B90F-0583259F9672}.Release|x64.ActiveCfg = Release|x86
		{8C726962-D7A3-4054-B90F-0583259F9672}.Release|x64.Build.0 = Release|x86
		{8C726962-D7A3-4054-B90F-0583259F9672}.Release|x86.ActiveCfg = Release|x86
		{8C726962-D7A3-4054-B90F-0583259F9672}.Release|x86.Build.0 = Release|x86
		{8C726962-D7A3-4054-B90F-0583259F9673}.Debug|Any CPU.ActiveCfg = Debug|Any CPU
		{8C726962-D7A3-4054-B90F-0583259F9673}.Debug|Any CPU.Build.0 = Debug|Any CPU
		{8C726962-D7A3-4054-B90F-0583259F9673}.Debug|x64.ActiveCfg = Debug|x86
		{8C726962-D7A3-4054-B90F-0583259F9673}.Debug|x64.Build.0 = Debug|x86
		{8C726962-D7A3-4054-B90F-0583259F9673}.Debug|x86.ActiveCfg = Debug|x86
		{8C726962-D7A3-4054-B90F-0583259F9673}.Debug|x86.Build.0 = Debug|x86
		{8C726962-D7A3-4054-B90F-0583259F9673}.Release|Any CPU.ActiveCfg = Release|x86
		{8C726962-D7A3-4054-B90F-0583259F9673}.Release|Any CPU.Build.0 = Release|x86
		{8C726962-D7A3-4054-B90F-0583259F9673}.Release|x64.ActiveCfg = Release|x86
		{8C726962-D7A3-4054-B90F-0583259F9673}.Release|x64.Build.0 = Release|x86
		{8C726962-D7A3-4054-B90F-0583259F9673}.Release|x86.ActiveCfg = Release|x86
		{8C726962-D7A3-4054-B90F-0583259F9673}.Release|x86.Build.0 = Release|x86
		{8C726962-D7A3-4054-B90F-0583259F9674}.Debug|Any CPU.ActiveCfg = Debug|Any CPU
		{8C726962-D7A3-4054-B90F-0583259F9674}.Debug|Any CPU.Build.0 = Debug|Any CPU
		{8C726962-D7A3-4054-B90F-0583259F9674}.Debug|x64.ActiveCfg = Debug|Any CPU
		{8C726962-D7A3-4054-B90F-0583259F9674}.Debug|x64.Build.0 = Debug|Any CPU
		{8C726962-D7A3-4054-B90F-0583259F9674}.Debug|x86.ActiveCfg = Debug|Any CPU
		{8C726962-D7A3-4054-B90F-0583259F9674}.Debug|x86.Build.0 = Debug|Any CPU
		{8C726962-D7A3-4054-B90F-0583259F9674}.Release|Any CPU.ActiveCfg = Release|Any CPU
		{8C726962-D7A3-4054-B90F-0583259F9674}.Release|Any CPU.Build.0 = Release|Any CPU
		{8C726962-D7A3-4054-B90F-0583259F9674}.Release|x64.ActiveCfg = Release|Any CPU
		{8C726962-D7A3-4054-B90F-0583259F9674}.Release|x64.Build.0 = Release|Any CPU
		{8C726962-D7A3-4054-B90F-0583259F9674}.Release|x86.ActiveCfg = Release|Any CPU
		{8C726962-D7A3-4054-B90F-0583259F9674}.Release|x86.Build.0 = Release|Any CPU
		{8C726962-D7A3-4054-B90F-0583259F9675}.Debug|Any CPU.ActiveCfg = Debug|Any CPU
		{8C726962-D7A3-4054-B90F-0583259F9675}.Debug|Any CPU.Build.0 = Debug|Any CPU
		{8C726962-D7A3-4054-B90F-0583259F9675}.Debug|x64.ActiveCfg = Debug|x86
		{8C726962-D7A3-4054-B90F-0583259F9675}.Debug|x64.Build.0 = Debug|x86
		{8C726962-D7A3-4054-B90F-0583259F9675}.Debug|x86.ActiveCfg = Debug|x86
		{8C726962-D7A3-4054-B90F-0583259F9675}.Debug|x86.Build.0 = Debug|x86
		{8C726962-D7A3-4054-B90F-0583259F9675}.Release|Any CPU.ActiveCfg = Release|x86
		{8C726962-D7A3-4054-B90F-0583259F9675}.Release|Any CPU.Build.0 = Release|x86
		{8C726962-D7A3-4054-B90F-0583259F9675}.Release|x64.ActiveCfg = Release|x86
		{8C726962-D7A3-4054-B90F-0583259F9675}.Release|x64.Build.0 = Release|x86
		{8C726962-D7A3-4054-B90F-0583259F9675}.Release|x86.ActiveCfg = Release|x86
		{8C726962-D7A3-4054-B90F-0583259F9675}.Release|x86.Build.0 = Release|x86
		{8C726962-D7A3-4054-B90F-0583259F9676}.Debug|Any CPU.ActiveCfg = Debug|Any CPU
		{8C726962-D7A3-4054-B90F-0583259F9676}.Debug|Any CPU.Build.0 = Debug|Any CPU
		{8C726962-D7A3-4054-B90F-0583259F9676}.Debug|x64.ActiveCfg = Debug|Any CPU
		{8C726962-D7A3-4054-B90F-0583259F9676}.Debug|x64.Build.0 = Debug|Any CPU
		{8C726962-D7A3-4054-B90F-0583259F9676}.Debug|x86.ActiveCfg = Debug|Any CPU
		{8C726962-D7A3-4054-B90F-0583259F9676}.Debug|x86.Build.0 = Debug|Any CPU
		{8C726962-D7A3-4054-B90F-0583259F9676}.Release|Any CPU.ActiveCfg = Release|Any CPU
		{8C726962-D7A3-4054-B90F-0583259F9676}.Release|Any CPU.Build.0 = Release|Any CPU
		{8C726962-D7A3-4054-B90F-0583259F9676}.Release|x64.ActiveCfg = Release|Any CPU
		{8C726962-D7A3-4054-B90F-0583259F9676}.Release|x64.Build.0 = Release|Any CPU
		{8C726962-D7A3-4054-B90F-0583259F9676}.Release|x86.ActiveCfg = Release|Any CPU
		{8C726962-D7A3-4054-B90F-0583259F9676}.Release|x86.Build.0 = Release|Any CPU
		{8C726962-D7A3-4054-B90F-0583259F9677}.Debug|Any CPU.ActiveCfg = Debug|Any CPU
		{8C726962-D7A3-4054-B90F-0583259F9677}.Debug|Any CPU.Build.0 = Debug|Any CPU
		{8C726962-D7A3-4054-B90F-0583259F9677}.Debug|x64.ActiveCfg = Debug|x86
		{8C726962-D7A3-4054-B90F-0583259F9677}.Debug|x64.Build.0 = Debug|x86
		{8C726962-D7A3-4054-B90F-0583259F9677}.Debug|x86.ActiveCfg = Debug|x86
		{8C726962-D7A3-4054-B90F-0583259F9677}.Debug|x86.Build.0 = Debug|x86
		{8C726962-D7A3-4054-B90F-0583259F9677}.Release|Any CPU.ActiveCfg = Release|x86
		{8C726962-D7A3-4054-B90F-0583259F9677}.Release|Any CPU.Build.0 = Release|x86
		{8C726962-D7A3-4054-B90F-0583259F9677}.Release|x64.ActiveCfg = Release|x86
		{8C726962-D7A3-4054-B90F-0583259F9677}.Release|x64.Build.0 = Release|x86
		{8C726962-D7A3-4054-B90F-0583259F9677}.Release|x86.ActiveCfg = Release|x86
		{8C726962-D7A3-4054-B90F-0583259F9677}.Release|x86.Build.0 = Release|x86
		{8C726962-D7A3-4054-B90F-0583259F9678}.Debug|Any CPU.ActiveCfg = Debug|Any CPU
		{8C726962-D7A3-4054-B90F-0583259F9678}.Debug|Any CPU.Build.0 = Debug|Any CPU
		{8C726962-D7A3-4054-B90F-0583259F9678}.Debug|x64.ActiveCfg = Debug|x86
		{8C726962-D7A3-4054-B90F-0583259F9678}.Debug|x64.Build.0 = Debug|x86
		{8C726962-D7A3-4054-B90F-0583259F9678}.Debug|x86.ActiveCfg = Debug|x86
		{8C726962-D7A3-4054-B90F-0583259F9678}.Debug|x86.Build.0 = Debug|x86
		{8C726962-D7A3-4054-B90F-0583259F9678}.Release|Any CPU.ActiveCfg = Release|x86
		{8C726962-D7A3-4054-B90F-0583259F9678}.Release|Any CPU.Build.0 = Release|x86
		{8C726962-D7A3-4054-B90F-0583259F9678}.Release|x64.ActiveCfg = Release|x86
		{8C726962-D7A3-4054-B90F-0583259F9678}.Release|x64.Build.0 = Release|x86
		{8C726962-D7A3-4054-B90F-0583259F9678}.Release|x86.ActiveCfg = Release|x86
		{8C726962-D7A3-4054-B90F-0583259F9678}.Release|x86.Build.0 = Release|x86
		{8C726962-D7A3-4054-B90F-0583259F9679}.Debug|Any CPU.ActiveCfg = Debug|Any CPU
		{8C726962-D7A3-4054-B90F-0583259F9679}.Debug|Any CPU.Build.0 = Debug|Any CPU
		{8C726962-D7A3-4054-B90F-0583259F9679}.Debug|x64.ActiveCfg = Debug|Any CPU
		{8C726962-D7A3-4054-B90F-0583259F9679}.Debug|x64.Build.0 = Debug|Any CPU
		{8C726962-D7A3-4054-B90F-0583259F9679}.Debug|x86.ActiveCfg = Debug|Any CPU
		{8C726962-D7A3-4054-B90F-0583259F9679}.Debug|x86.Build.0 = Debug|Any CPU
		{8C726962-D7A3-4054-B90F-0583259F9679}.Release|Any CPU.ActiveCfg = Release|Any CPU
		{8C726962-D7A3-4054-B90F-0583259F9679}.Release|Any CPU.Build.0 = Release|Any CPU
		{8C726962-D7A3-4054-B90F-0583259F9679}.Release|x64.ActiveCfg = Release|Any CPU
		{8C726962-D7A3-4054-B90F-0583259F9679}.Release|x64.Build.0 = Release|Any CPU
		{8C726962-D7A3-4054-B90F-0583259F9679}.Release|x86.ActiveCfg = Release|Any CPU
		{8C726962-D7A3-4054-B90F-0583259F9679}.Release|x86.Build.0 = Release|Any CPU
		{8C726962-D7A3-4054-B90F-0583259F967A}.Debug|Any CPU.ActiveCfg = Debug|Any CPU
		{8C726962-D7A3-4054-B90F-0583259F967A}.Debug|Any CPU.Build.0 = Debug|Any CPU
		{8C726962-D7A3-4054-B90F-0583259F967A}.Debug|x64.ActiveCfg = Debug|Any CPU
		{8C726962-D7A3-4054-B90F-0583259F967A}.Debug|x64.Build.0 = Debug|Any CPU
		{8C726962-D7A3-4054-B90F-0583259F967A}.Debug|x86.ActiveCfg = Debug|Any CPU
		{8C726962-D7A3-4054-B90F-0583259F967A}.Debug|x86.Build.0 = Debug|Any CPU
		{8C726962-D7A3-4054-B90F-0583259F967A}.Release|Any CPU.ActiveCfg = Release|Any CPU
		{8C726962-D7A3-4054-B90F-0583259F967A}.Release|Any CPU.Build.0 = Release|Any CPU
		{8C726962-D7A3-4054-B90F-0583259F967A}.Release|x64.ActiveCfg = Release|Any CPU
		{8C726962-D7A3-4054-B90F-0583259F967A}.Release|x64.Build.0 = Release|Any CPU
		{8C726962-D7A3-4054-B90F-0583259F967A}.Release|x86.ActiveCfg = Release|Any CPU
		{8C726962-D7A3-4054-B90F-0583259F967A}.Release|x86.Build.0 = Release|Any CPU
		{8C726962-D7A3-4054-B90F-0583259F967B}.Debug|Any CPU.ActiveCfg = Debug|Any CPU
		{8C726962-D7A3-4054-B90F-0583259F967B}.Debug|Any CPU.Build.0 = Debug|Any CPU
		{8C726962-D7A3-4054-B90F-0583259F967B}.Debug|x64.ActiveCfg = Debug|Any CPU
		{8C726962-D7A3-4054-B90F-0583259F967B}.Debug|x64.Build.0 = Debug|Any CPU
		{8C726962-D7A3-4054-B90F-0583259F967B}.Debug|x86.ActiveCfg = Debug|Any CPU
		{8C726962-D7A3-4054-B90F-0583259F967B}.Debug|x86.Build.0 = Debug|Any CPU
		{8C726962-D7A3-4054-B90F-0583259F967B}.Release|Any CPU.ActiveCfg = Release|Any CPU
		{8C726962-D7A3-4054-B90F-0583259F967B}.Release|Any CPU.Build.0 = Release|Any CPU
		{8C726962-D7A3-4054-B90F-0583259F967B}.Release|x64.ActiveCfg = Release|Any CPU
		{8C726962-D7A3-4054-B90F-0583259F967B}.Release|x64.Build.0 = Release|Any CPU
		{8C726962-D7A3-4054-B90F-0583259F967B}.Release|x86.ActiveCfg = Release|Any CPU
		{8C726962-D7A3-4054-B90F-0583259F967B}.Release|x86.Build.0 = Release|Any CPU
		{8C726962-D7A3-4054-B90F-0583259F967C}.Debug|Any CPU.ActiveCfg = Debug|Any CPU
		{8C726962-D7A3-4054-B90F-0583259F967C}.Debug|Any CPU.Build.0 = Debug|Any CPU
		{8C726962-D7A3-4054-B90F-0583259F967C}.Debug|x64.ActiveCfg = Debug|Any CPU
		{8C726962-D7A3-4054-B90F-0583259F967C}.Debug|x64.Build.0 = Debug|Any CPU
		{8C726962-D7A3-4054-B90F-0583259F967C}.Debug|x86.ActiveCfg = Debug|Any CPU
		{8C726962-D7A3-4054-B90F-0583259F967C}.Debug|x86.Build.0 = Debug|Any CPU
		{8C726962-D7A3-4054-B90F-0583259F967C}.Release|Any CPU.ActiveCfg = Release|Any CPU
		{8C726962-D7A3-4054-B90F-0583259F967C}.Release|Any CPU.Build.0 = Release|Any CPU
		{8C726962-D7A3-4054-B90F-0583259F967C}.Release|x64.ActiveCfg = Release|Any CPU
		{8C726962-D7A3-4054-B90F-0583259F967C}.Release|x64.Build.0 = Release|Any CPU
		{8C726962-D7A3-4054-B90F-0583259F967C}.Release|x86.ActiveCfg = Release|Any CPU
		{8C726962-D7A3-4054-B90F-0583259F967C}.Release|x86.Build.0 = Release|Any CPU
		{8C726962-D7A3-4054-B90F-0583259F967D}.Debug|Any CPU.ActiveCfg = Debug|Any CPU
		{8C726962-D7A3-4054-B90F-0583259F967D}.Debug|Any CPU.Build.0 = Debug|Any CPU
		{8C726962-D7A3-4054-B90F-0583259F967D}.Debug|x64.ActiveCfg = Debug|Any CPU
		{8C726962-D7A3-4054-B90F-0583259F967D}.Debug|x64.Build.0 = Debug|Any CPU
		{8C726962-D7A3-4054-B90F-0583259F967D}.Debug|x86.ActiveCfg = Debug|Any CPU
		{8C726962-D7A3-4054-B90F-0583259F967D}.Debug|x86.Build.0 = Debug|Any CPU
		{8C726962-D7A3-4054-B90F-0583259F967D}.Release|Any CPU.ActiveCfg = Release|Any CPU
		{8C726962-D7A3-4054-B90F-0583259F967D}.Release|Any CPU.Build.0 = Release|Any CPU
		{8C726962-D7A3-4054-B90F-0583259F967D}.Release|x64.ActiveCfg = Release|Any CPU
		{8C726962-D7A3-4054-B90F-0583259F967D}.Release|x64.Build.0 = Release|Any CPU
		{8C726962-D7A3-4054-B90F-0583259F967D}.Release|x86.ActiveCfg = Release|Any CPU
		{8C726962-D7A3-4054-B90F-0583259F967D}.Release|x86.Build.0 = Release|Any CPU
		{8C726962-D7A3-4054-B90F-0583259F967E}.Debug|Any CPU.ActiveCfg = Debug|Any CPU
		{8C726962-D7A3-4054-B90F-0583259F967E}.Debug|Any CPU.Build.0 = Debug|Any CPU
		{8C726962-D7A3-4054-B90F-0583259F967E}.Debug|x64.ActiveCfg = Debug|Any CPU
		{8C726962-D7A3-4054-B90F-0583259F967E}.Debug|x64.Build.0 = Debug|Any CPU
		{8C726962-D7A3-4054-B90F-0583259F967E}.Debug|x86.ActiveCfg = Debug|Any CPU
		{8C726962-D7A3-4054-B90F-0583259F967E}.Debug|x86.Build.0 = Debug|Any CPU
		{8C726962-D7A3-4054-B90F-0583259F967E}.Release|Any CPU.ActiveCfg = Release|Any CPU
		{8C726962-D7A3-4054-B90F-0583259F967E}.Release|Any CPU.Build.0 = Release|Any CPU
		{8C726962-D7A3-4054-B90F-0583259F967E}.Release|x64.ActiveCfg = Release|Any CPU
		{8C726962-D7A3-4054-B90F-0583259F967E}.Release|x64.Build.0 = Release|Any CPU
		{8C726962-D7A3-4054-B90F-0583259F967E}.Release|x86.ActiveCfg = Release|Any CPU
		{8C726962-D7A3-4054-B90F-0583259F967E}.Release|x86.Build.0 = Release|Any CPU
		{8C726962-D7A3-4054-B90F-0583259F967F}.Debug|Any CPU.ActiveCfg = Debug|Any CPU
		{8C726962-D7A3-4054-B90F-0583259F967F}.Debug|Any CPU.Build.0 = Debug|Any CPU
		{8C726962-D7A3-4054-B90F-0583259F967F}.Debug|x64.ActiveCfg = Debug|Any CPU
		{8C726962-D7A3-4054-B90F-0583259F967F}.Debug|x64.Build.0 = Debug|Any CPU
		{8C726962-D7A3-4054-B90F-0583259F967F}.Debug|x86.ActiveCfg = Debug|Any CPU
		{8C726962-D7A3-4054-B90F-0583259F967F}.Debug|x86.Build.0 = Debug|Any CPU
		{8C726962-D7A3-4054-B90F-0583259F967F}.Release|Any CPU.ActiveCfg = Release|Any CPU
		{8C726962-D7A3-4054-B90F-0583259F967F}.Release|Any CPU.Build.0 = Release|Any CPU
		{8C726962-D7A3-4054-B90F-0583259F967F}.Release|x64.ActiveCfg = Release|Any CPU
		{8C726962-D7A3-4054-B90F-0583259F967F}.Release|x64.Build.0 = Release|Any CPU
		{8C726962-D7A3-4054-B90F-0583259F967F}.Release|x86.ActiveCfg = Release|Any CPU
		{8C726962-D7A3-4054-B90F-0583259F967F}.Release|x86.Build.0 = Release|Any CPU
		{8C726962-D7A3-4054-B90F-0583259F9680}.Debug|Any CPU.ActiveCfg = Debug|Any CPU
		{8C726962-D7A3-4054-B90F-0583259F9680}.Debug|Any CPU.Build.0 = Debug|Any CPU
		{8C726962-D7A3-4054-B90F-0583259F9680}.Debug|x64.ActiveCfg = Debug|Any CPU
		{8C726962-D7A3-4054-B90F-0583259F9680}.Debug|x64.Build.0 = Debug|Any CPU
		{8C726962-D7A3-4054-B90F-0583259F9680}.Debug|x86.ActiveCfg = Debug|Any CPU
		{8C726962-D7A3-4054-B90F-0583259F9680}.Debug|x86.Build.0 = Debug|Any CPU
		{8C726962-D7A3-4054-B90F-0583259F9680}.Release|Any CPU.ActiveCfg = Release|Any CPU
		{8C726962-D7A3-4054-B90F-0583259F9680}.Release|Any CPU.Build.0 = Release|Any CPU
		{8C726962-D7A3-4054-B90F-0583259F9680}.Release|x64.ActiveCfg = Release|Any CPU
		{8C726962-D7A3-4054-B90F-0583259F9680}.Release|x64.Build.0 = Release|Any CPU
		{8C726962-D7A3-4054-B90F-0583259F9680}.Release|x86.ActiveCfg = Release|Any CPU
		{8C726962-D7A3-4054-B90F-0583259F9680}.Release|x86.Build.0 = Release|Any CPU
		{8C726962-D7A3-4054-B90F-0583259F9681}.Debug|Any CPU.ActiveCfg = Debug|Any CPU
		{8C726962-D7A3-4054-B90F-0583259F9681}.Debug|Any CPU.Build.0 = Debug|Any CPU
		{8C726962-D7A3-4054-B90F-0583259F9681}.Debug|x64.ActiveCfg = Debug|Any CPU
		{8C726962-D7A3-4054-B90F-0583259F9681}.Debug|x64.Build.0 = Debug|Any CPU
		{8C726962-D7A3-4054-B90F-0583259F9681}.Debug|x86.ActiveCfg = Debug|Any CPU
		{8C726962-D7A3-4054-B90F-0583259F9681}.Debug|x86.Build.0 = Debug|Any CPU
		{8C726962-D7A3-4054-B90F-0583259F9681}.Release|Any CPU.ActiveCfg = Release|Any CPU
		{8C726962-D7A3-4054-B90F-0583259F9681}.Release|Any CPU.Build.0 = Release|Any CPU
		{8C726962-D7A3-4054-B90F-0583259F9681}.Release|x64.ActiveCfg = Release|Any CPU
		{8C726962-D7A3-4054-B90F-0583259F9681}.Release|x64.Build.0 = Release|Any CPU
		{8C726962-D7A3-4054-B90F-0583259F9681}.Release|x86.ActiveCfg = Release|Any CPU
		{8C726962-D7A3-4054-B90F-0583259F9681}.Release|x86.Build.0 = Release|Any CPU
		{8C726962-D7A3-4054-B90F-0583259F968E}.Debug|Any CPU.ActiveCfg = Debug|Any CPU
		{8C726962-D7A3-4054-B90F-0583259F968E}.Debug|Any CPU.Build.0 = Debug|Any CPU
		{8C726962-D7A3-4054-B90F-0583259F968E}.Debug|x64.ActiveCfg = Debug|x64
		{8C726962-D7A3-4054-B90F-0583259F968E}.Debug|x64.Build.0 = Debug|x64
		{8C726962-D7A3-4054-B90F-0583259F968E}.Debug|x86.ActiveCfg = Debug|x64
		{8C726962-D7A3-4054-B90F-0583259F968E}.Debug|x86.Build.0 = Debug|x64
		{8C726962-D7A3-4054-B90F-0583259F968E}.Release|Any CPU.ActiveCfg = Release|x64
		{8C726962-D7A3-4054-B90F-0583259F968E}.Release|Any CPU.Build.0 = Release|x64
		{8C726962-D7A3-4054-B90F-0583259F968E}.Release|x64.ActiveCfg = Release|x64
		{8C726962-D7A3-4054-B90F-0583259F968E}.Release|x64.Build.0 = Release|x64
		{8C726962-D7A3-4054-B90F-0583259F968E}.Release|x86.ActiveCfg = Release|x64
		{8C726962-D7A3-4054-B90F-0583259F968E}.Release|x86.Build.0 = Release|x64
		{8C726962-D7A3-4054-B90F-0583259F9682}.Debug|Any CPU.ActiveCfg = Debug|Any CPU
		{8C726962-D7A3-4054-B90F-0583259F9682}.Debug|Any CPU.Build.0 = Debug|Any CPU
		{8C726962-D7A3-4054-B90F-0583259F9682}.Debug|x64.ActiveCfg = Debug|Any CPU
		{8C726962-D7A3-4054-B90F-0583259F9682}.Debug|x64.Build.0 = Debug|Any CPU
		{8C726962-D7A3-4054-B90F-0583259F9682}.Debug|x86.ActiveCfg = Debug|Any CPU
		{8C726962-D7A3-4054-B90F-0583259F9682}.Debug|x86.Build.0 = Debug|Any CPU
		{8C726962-D7A3-4054-B90F-0583259F9682}.Release|Any CPU.ActiveCfg = Release|Any CPU
		{8C726962-D7A3-4054-B90F-0583259F9682}.Release|Any CPU.Build.0 = Release|Any CPU
		{8C726962-D7A3-4054-B90F-0583259F9682}.Release|x64.ActiveCfg = Release|Any CPU
		{8C726962-D7A3-4054-B90F-0583259F9682}.Release|x64.Build.0 = Release|Any CPU
		{8C726962-D7A3-4054-B90F-0583259F9682}.Release|x86.ActiveCfg = Release|Any CPU
		{8C726962-D7A3-4054-B90F-0583259F9682}.Release|x86.Build.0 = Release|Any CPU
		{8C726962-D7A3-4054-B90F-0583259F9684}.Debug|Any CPU.ActiveCfg = Debug|Any CPU
		{8C726962-D7A3-4054-B90F-0583259F9684}.Debug|Any CPU.Build.0 = Debug|Any CPU
		{8C726962-D7A3-4054-B90F-0583259F9684}.Debug|x64.ActiveCfg = Debug|Any CPU
		{8C726962-D7A3-4054-B90F-0583259F9684}.Debug|x64.Build.0 = Debug|Any CPU
		{8C726962-D7A3-4054-B90F-0583259F9684}.Debug|x86.ActiveCfg = Debug|Any CPU
		{8C726962-D7A3-4054-B90F-0583259F9684}.Debug|x86.Build.0 = Debug|Any CPU
		{8C726962-D7A3-4054-B90F-0583259F9684}.Release|Any CPU.ActiveCfg = Release|Any CPU
		{8C726962-D7A3-4054-B90F-0583259F9684}.Release|Any CPU.Build.0 = Release|Any CPU
		{8C726962-D7A3-4054-B90F-0583259F9684}.Release|x64.ActiveCfg = Release|Any CPU
		{8C726962-D7A3-4054-B90F-0583259F9684}.Release|x64.Build.0 = Release|Any CPU
		{8C726962-D7A3-4054-B90F-0583259F9684}.Release|x86.ActiveCfg = Release|Any CPU
		{8C726962-D7A3-4054-B90F-0583259F9684}.Release|x86.Build.0 = Release|Any CPU
		{8C726962-D7A3-4054-B90F-0583259F9685}.Debug|Any CPU.ActiveCfg = Debug|Any CPU
		{8C726962-D7A3-4054-B90F-0583259F9685}.Debug|Any CPU.Build.0 = Debug|Any CPU
		{8C726962-D7A3-4054-B90F-0583259F9685}.Debug|x64.ActiveCfg = Debug|Any CPU
		{8C726962-D7A3-4054-B90F-0583259F9685}.Debug|x64.Build.0 = Debug|Any CPU
		{8C726962-D7A3-4054-B90F-0583259F9685}.Debug|x86.ActiveCfg = Debug|Any CPU
		{8C726962-D7A3-4054-B90F-0583259F9685}.Debug|x86.Build.0 = Debug|Any CPU
		{8C726962-D7A3-4054-B90F-0583259F9685}.Release|Any CPU.ActiveCfg = Release|Any CPU
		{8C726962-D7A3-4054-B90F-0583259F9685}.Release|Any CPU.Build.0 = Release|Any CPU
		{8C726962-D7A3-4054-B90F-0583259F9685}.Release|x64.ActiveCfg = Release|Any CPU
		{8C726962-D7A3-4054-B90F-0583259F9685}.Release|x64.Build.0 = Release|Any CPU
		{8C726962-D7A3-4054-B90F-0583259F9685}.Release|x86.ActiveCfg = Release|Any CPU
		{8C726962-D7A3-4054-B90F-0583259F9685}.Release|x86.Build.0 = Release|Any CPU
		{8C726962-D7A3-4054-B90F-0583259F9683}.Debug|Any CPU.ActiveCfg = Debug|Any CPU
		{8C726962-D7A3-4054-B90F-0583259F9683}.Debug|Any CPU.Build.0 = Debug|Any CPU
		{8C726962-D7A3-4054-B90F-0583259F9683}.Debug|x64.ActiveCfg = Debug|Any CPU
		{8C726962-D7A3-4054-B90F-0583259F9683}.Debug|x64.Build.0 = Debug|Any CPU
		{8C726962-D7A3-4054-B90F-0583259F9683}.Debug|x86.ActiveCfg = Debug|Any CPU
		{8C726962-D7A3-4054-B90F-0583259F9683}.Debug|x86.Build.0 = Debug|Any CPU
		{8C726962-D7A3-4054-B90F-0583259F9683}.Release|Any CPU.ActiveCfg = Release|Any CPU
		{8C726962-D7A3-4054-B90F-0583259F9683}.Release|Any CPU.Build.0 = Release|Any CPU
		{8C726962-D7A3-4054-B90F-0583259F9683}.Release|x64.ActiveCfg = Release|Any CPU
		{8C726962-D7A3-4054-B90F-0583259F9683}.Release|x64.Build.0 = Release|Any CPU
		{8C726962-D7A3-4054-B90F-0583259F9683}.Release|x86.ActiveCfg = Release|Any CPU
		{8C726962-D7A3-4054-B90F-0583259F9683}.Release|x86.Build.0 = Release|Any CPU
		{8C726962-D7A3-4054-B90F-0583259F9686}.Debug|Any CPU.ActiveCfg = Debug|Any CPU
		{8C726962-D7A3-4054-B90F-0583259F9686}.Debug|Any CPU.Build.0 = Debug|Any CPU
		{8C726962-D7A3-4054-B90F-0583259F9686}.Debug|x64.ActiveCfg = Debug|Any CPU
		{8C726962-D7A3-4054-B90F-0583259F9686}.Debug|x64.Build.0 = Debug|Any CPU
		{8C726962-D7A3-4054-B90F-0583259F9686}.Debug|x86.ActiveCfg = Debug|Any CPU
		{8C726962-D7A3-4054-B90F-0583259F9686}.Debug|x86.Build.0 = Debug|Any CPU
		{8C726962-D7A3-4054-B90F-0583259F9686}.Release|Any CPU.ActiveCfg = Release|Any CPU
		{8C726962-D7A3-4054-B90F-0583259F9686}.Release|Any CPU.Build.0 = Release|Any CPU
		{8C726962-D7A3-4054-B90F-0583259F9686}.Release|x64.ActiveCfg = Release|Any CPU
		{8C726962-D7A3-4054-B90F-0583259F9686}.Release|x64.Build.0 = Release|Any CPU
		{8C726962-D7A3-4054-B90F-0583259F9686}.Release|x86.ActiveCfg = Release|Any CPU
		{8C726962-D7A3-4054-B90F-0583259F9686}.Release|x86.Build.0 = Release|Any CPU
		{8C726962-D7A3-4054-B90F-0583259F9687}.Debug|Any CPU.ActiveCfg = Debug|Any CPU
		{8C726962-D7A3-4054-B90F-0583259F9687}.Debug|Any CPU.Build.0 = Debug|Any CPU
		{8C726962-D7A3-4054-B90F-0583259F9687}.Debug|x64.ActiveCfg = Debug|Any CPU
		{8C726962-D7A3-4054-B90F-0583259F9687}.Debug|x64.Build.0 = Debug|Any CPU
		{8C726962-D7A3-4054-B90F-0583259F9687}.Debug|x86.ActiveCfg = Debug|Any CPU
		{8C726962-D7A3-4054-B90F-0583259F9687}.Debug|x86.Build.0 = Debug|Any CPU
		{8C726962-D7A3-4054-B90F-0583259F9687}.Release|Any CPU.ActiveCfg = Release|Any CPU
		{8C726962-D7A3-4054-B90F-0583259F9687}.Release|Any CPU.Build.0 = Release|Any CPU
		{8C726962-D7A3-4054-B90F-0583259F9687}.Release|x64.ActiveCfg = Release|Any CPU
		{8C726962-D7A3-4054-B90F-0583259F9687}.Release|x64.Build.0 = Release|Any CPU
		{8C726962-D7A3-4054-B90F-0583259F9687}.Release|x86.ActiveCfg = Release|Any CPU
		{8C726962-D7A3-4054-B90F-0583259F9687}.Release|x86.Build.0 = Release|Any CPU
		{8C726962-D7A3-4054-B90F-0583259F9688}.Debug|Any CPU.ActiveCfg = Debug|Any CPU
		{8C726962-D7A3-4054-B90F-0583259F9688}.Debug|Any CPU.Build.0 = Debug|Any CPU
		{8C726962-D7A3-4054-B90F-0583259F9688}.Debug|x64.ActiveCfg = Debug|Any CPU
		{8C726962-D7A3-4054-B90F-0583259F9688}.Debug|x64.Build.0 = Debug|Any CPU
		{8C726962-D7A3-4054-B90F-0583259F9688}.Debug|x86.ActiveCfg = Debug|Any CPU
		{8C726962-D7A3-4054-B90F-0583259F9688}.Debug|x86.Build.0 = Debug|Any CPU
		{8C726962-D7A3-4054-B90F-0583259F9688}.Release|Any CPU.ActiveCfg = Release|Any CPU
		{8C726962-D7A3-4054-B90F-0583259F9688}.Release|Any CPU.Build.0 = Release|Any CPU
		{8C726962-D7A3-4054-B90F-0583259F9688}.Release|x64.ActiveCfg = Release|Any CPU
		{8C726962-D7A3-4054-B90F-0583259F9688}.Release|x64.Build.0 = Release|Any CPU
		{8C726962-D7A3-4054-B90F-0583259F9688}.Release|x86.ActiveCfg = Release|Any CPU
		{8C726962-D7A3-4054-B90F-0583259F9688}.Release|x86.Build.0 = Release|Any CPU
		{8C726962-D7A3-4054-B90F-0583259F968F}.Debug|Any CPU.ActiveCfg = Debug|Any CPU
		{8C726962-D7A3-4054-B90F-0583259F968F}.Debug|Any CPU.Build.0 = Debug|Any CPU
		{8C726962-D7A3-4054-B90F-0583259F968F}.Debug|x64.ActiveCfg = Debug|Any CPU
		{8C726962-D7A3-4054-B90F-0583259F968F}.Debug|x64.Build.0 = Debug|Any CPU
		{8C726962-D7A3-4054-B90F-0583259F968F}.Debug|x86.ActiveCfg = Debug|Any CPU
		{8C726962-D7A3-4054-B90F-0583259F968F}.Debug|x86.Build.0 = Debug|Any CPU
		{8C726962-D7A3-4054-B90F-0583259F968F}.Release|Any CPU.ActiveCfg = Release|Any CPU
		{8C726962-D7A3-4054-B90F-0583259F968F}.Release|Any CPU.Build.0 = Release|Any CPU
		{8C726962-D7A3-4054-B90F-0583259F968F}.Release|x64.ActiveCfg = Release|Any CPU
		{8C726962-D7A3-4054-B90F-0583259F968F}.Release|x64.Build.0 = Release|Any CPU
		{8C726962-D7A3-4054-B90F-0583259F968F}.Release|x86.ActiveCfg = Release|Any CPU
		{8C726962-D7A3-4054-B90F-0583259F968F}.Release|x86.Build.0 = Release|Any CPU
		{8C726962-D7A3-4054-B90F-0583259F9690}.Debug|Any CPU.ActiveCfg = Debug|Any CPU
		{8C726962-D7A3-4054-B90F-0583259F9690}.Debug|Any CPU.Build.0 = Debug|Any CPU
		{8C726962-D7A3-4054-B90F-0583259F9690}.Debug|x64.ActiveCfg = Debug|Any CPU
		{8C726962-D7A3-4054-B90F-0583259F9690}.Debug|x64.Build.0 = Debug|Any CPU
		{8C726962-D7A3-4054-B90F-0583259F9690}.Debug|x86.ActiveCfg = Debug|Any CPU
		{8C726962-D7A3-4054-B90F-0583259F9690}.Debug|x86.Build.0 = Debug|Any CPU
		{8C726962-D7A3-4054-B90F-0583259F9690}.Release|Any CPU.ActiveCfg = Release|Any CPU
		{8C726962-D7A3-4054-B90F-0583259F9690}.Release|Any CPU.Build.0 = Release|Any CPU
		{8C726962-D7A3-4054-B90F-0583259F9690}.Release|x64.ActiveCfg = Release|Any CPU
		{8C726962-D7A3-4054-B90F-0583259F9690}.Release|x64.Build.0 = Release|Any CPU
		{8C726962-D7A3-4054-B90F-0583259F9690}.Release|x86.ActiveCfg = Release|Any CPU
		{8C726962-D7A3-4054-B90F-0583259F9690}.Release|x86.Build.0 = Release|Any CPU
		{8C726962-D7A3-4054-B90F-0583259F9689}.Debug|Any CPU.ActiveCfg = Debug|Any CPU
		{8C726962-D7A3-4054-B90F-0583259F9689}.Debug|Any CPU.Build.0 = Debug|Any CPU
		{8C726962-D7A3-4054-B90F-0583259F9689}.Debug|x64.ActiveCfg = Debug|Any CPU
		{8C726962-D7A3-4054-B90F-0583259F9689}.Debug|x64.Build.0 = Debug|Any CPU
		{8C726962-D7A3-4054-B90F-0583259F9689}.Debug|x86.ActiveCfg = Debug|Any CPU
		{8C726962-D7A3-4054-B90F-0583259F9689}.Debug|x86.Build.0 = Debug|Any CPU
		{8C726962-D7A3-4054-B90F-0583259F9689}.Release|Any CPU.ActiveCfg = Release|Any CPU
		{8C726962-D7A3-4054-B90F-0583259F9689}.Release|Any CPU.Build.0 = Release|Any CPU
		{8C726962-D7A3-4054-B90F-0583259F9689}.Release|x64.ActiveCfg = Release|Any CPU
		{8C726962-D7A3-4054-B90F-0583259F9689}.Release|x64.Build.0 = Release|Any CPU
		{8C726962-D7A3-4054-B90F-0583259F9689}.Release|x86.ActiveCfg = Release|Any CPU
		{8C726962-D7A3-4054-B90F-0583259F9689}.Release|x86.Build.0 = Release|Any CPU
		{8C726962-D7A3-4054-B90F-0583259F9691}.Debug|Any CPU.ActiveCfg = Debug|Any CPU
		{8C726962-D7A3-4054-B90F-0583259F9691}.Debug|Any CPU.Build.0 = Debug|Any CPU
		{8C726962-D7A3-4054-B90F-0583259F9691}.Debug|x64.ActiveCfg = Debug|Any CPU
		{8C726962-D7A3-4054-B90F-0583259F9691}.Debug|x64.Build.0 = Debug|Any CPU
		{8C726962-D7A3-4054-B90F-0583259F9691}.Debug|x86.ActiveCfg = Debug|Any CPU
		{8C726962-D7A3-4054-B90F-0583259F9691}.Debug|x86.Build.0 = Debug|Any CPU
		{8C726962-D7A3-4054-B90F-0583259F9691}.Release|Any CPU.ActiveCfg = Release|Any CPU
		{8C726962-D7A3-4054-B90F-0583259F9691}.Release|Any CPU.Build.0 = Release|Any CPU
		{8C726962-D7A3-4054-B90F-0583259F9691}.Release|x64.ActiveCfg = Release|Any CPU
		{8C726962-D7A3-4054-B90F-0583259F9691}.Release|x64.Build.0 = Release|Any CPU
		{8C726962-D7A3-4054-B90F-0583259F9691}.Release|x86.ActiveCfg = Release|Any CPU
		{8C726962-D7A3-4054-B90F-0583259F9691}.Release|x86.Build.0 = Release|Any CPU
		{8C726962-D7A3-4054-B90F-0583259F9692}.Debug|Any CPU.ActiveCfg = Debug|Any CPU
		{8C726962-D7A3-4054-B90F-0583259F9692}.Debug|Any CPU.Build.0 = Debug|Any CPU
		{8C726962-D7A3-4054-B90F-0583259F9692}.Debug|x64.ActiveCfg = Debug|Any CPU
		{8C726962-D7A3-4054-B90F-0583259F9692}.Debug|x64.Build.0 = Debug|Any CPU
		{8C726962-D7A3-4054-B90F-0583259F9692}.Debug|x86.ActiveCfg = Debug|Any CPU
		{8C726962-D7A3-4054-B90F-0583259F9692}.Debug|x86.Build.0 = Debug|Any CPU
		{8C726962-D7A3-4054-B90F-0583259F9692}.Release|Any CPU.ActiveCfg = Release|Any CPU
		{8C726962-D7A3-4054-B90F-0583259F9692}.Release|Any CPU.Build.0 = Release|Any CPU
		{8C726962-D7A3-4054-B90F-0583259F9692}.Release|x64.ActiveCfg = Release|Any CPU
		{8C726962-D7A3-4054-B90F-0583259F9692}.Release|x64.Build.0 = Release|Any CPU
		{8C726962-D7A3-4054-B90F-0583259F9692}.Release|x86.ActiveCfg = Release|Any CPU
		{8C726962-D7A3-4054-B90F-0583259F9692}.Release|x86.Build.0 = Release|Any CPU
		{8C726962-D7A3-4054-B90F-0583259F968A}.Debug|Any CPU.ActiveCfg = Debug|Any CPU
		{8C726962-D7A3-4054-B90F-0583259F968A}.Debug|Any CPU.Build.0 = Debug|Any CPU
		{8C726962-D7A3-4054-B90F-0583259F968A}.Debug|x64.ActiveCfg = Debug|x86
		{8C726962-D7A3-4054-B90F-0583259F968A}.Debug|x64.Build.0 = Debug|x86
		{8C726962-D7A3-4054-B90F-0583259F968A}.Debug|x86.ActiveCfg = Debug|x86
		{8C726962-D7A3-4054-B90F-0583259F968A}.Debug|x86.Build.0 = Debug|x86
		{8C726962-D7A3-4054-B90F-0583259F968A}.Release|Any CPU.ActiveCfg = Release|x86
		{8C726962-D7A3-4054-B90F-0583259F968A}.Release|Any CPU.Build.0 = Release|x86
		{8C726962-D7A3-4054-B90F-0583259F968A}.Release|x64.ActiveCfg = Release|x86
		{8C726962-D7A3-4054-B90F-0583259F968A}.Release|x64.Build.0 = Release|x86
		{8C726962-D7A3-4054-B90F-0583259F968A}.Release|x86.ActiveCfg = Release|x86
		{8C726962-D7A3-4054-B90F-0583259F968A}.Release|x86.Build.0 = Release|x86
		{8C726962-D7A3-4054-B90F-0583259F968B}.Debug|Any CPU.ActiveCfg = Debug|Any CPU
		{8C726962-D7A3-4054-B90F-0583259F968B}.Debug|Any CPU.Build.0 = Debug|Any CPU
		{8C726962-D7A3-4054-B90F-0583259F968B}.Debug|x64.ActiveCfg = Debug|x86
		{8C726962-D7A3-4054-B90F-0583259F968B}.Debug|x64.Build.0 = Debug|x86
		{8C726962-D7A3-4054-B90F-0583259F968B}.Debug|x86.ActiveCfg = Debug|x86
		{8C726962-D7A3-4054-B90F-0583259F968B}.Debug|x86.Build.0 = Debug|x86
		{8C726962-D7A3-4054-B90F-0583259F968B}.Release|Any CPU.ActiveCfg = Release|x86
		{8C726962-D7A3-4054-B90F-0583259F968B}.Release|Any CPU.Build.0 = Release|x86
		{8C726962-D7A3-4054-B90F-0583259F968B}.Release|x64.ActiveCfg = Release|x86
		{8C726962-D7A3-4054-B90F-0583259F968B}.Release|x64.Build.0 = Release|x86
		{8C726962-D7A3-4054-B90F-0583259F968B}.Release|x86.ActiveCfg = Release|x86
		{8C726962-D7A3-4054-B90F-0583259F968B}.Release|x86.Build.0 = Release|x86
		{8C726962-D7A3-4054-B90F-0583259F968D}.Debug|Any CPU.ActiveCfg = Debug|Any CPU
		{8C726962-D7A3-4054-B90F-0583259F968D}.Debug|Any CPU.Build.0 = Debug|Any CPU
		{8C726962-D7A3-4054-B90F-0583259F968D}.Debug|x64.ActiveCfg = Debug|Any CPU
		{8C726962-D7A3-4054-B90F-0583259F968D}.Debug|x64.Build.0 = Debug|Any CPU
		{8C726962-D7A3-4054-B90F-0583259F968D}.Debug|x86.ActiveCfg = Debug|Any CPU
		{8C726962-D7A3-4054-B90F-0583259F968D}.Debug|x86.Build.0 = Debug|Any CPU
		{8C726962-D7A3-4054-B90F-0583259F968D}.Release|Any CPU.ActiveCfg = Release|Any CPU
		{8C726962-D7A3-4054-B90F-0583259F968D}.Release|Any CPU.Build.0 = Release|Any CPU
		{8C726962-D7A3-4054-B90F-0583259F968D}.Release|x64.ActiveCfg = Release|Any CPU
		{8C726962-D7A3-4054-B90F-0583259F968D}.Release|x64.Build.0 = Release|Any CPU
		{8C726962-D7A3-4054-B90F-0583259F968D}.Release|x86.ActiveCfg = Release|Any CPU
		{8C726962-D7A3-4054-B90F-0583259F968D}.Release|x86.Build.0 = Release|Any CPU
	EndGlobalSection
	GlobalSection(SolutionProperties) = preSolution
		HideSolutionNode = FALSE
	EndGlobalSection
EndGlobal
