
Microsoft Visual Studio Solution File, Format Version 12.00
# Visual Studio Version 17
VisualStudioVersion = 17.5.33103.201
MinimumVisualStudioVersion = 10.0.40219.1
Project("{FAE04EC0-301F-11D3-BF4B-00C04F79EFBC}") = "WindowsDeviceRecoveryTool", "WindowsDeviceRecoveryTool\WindowsDeviceRecoveryTool.csproj", "{04BC0E21-1539-438B-8248-3C5649FF5A72}"
EndProject
Project("{FAE04EC0-301F-11D3-BF4B-00C04F79EFBC}") = "Microsoft.WindowsDeviceRecoveryTool.AnalogAdaptation", "Microsoft.WindowsDeviceRecoveryTool.AnalogAdaptation\Microsoft.WindowsDeviceRecoveryTool.AnalogAdaptation.csproj", "{28F81BB6-6CD0-4474-B0FD-263687A12C55}"
EndProject
Project("{FAE04EC0-301F-11D3-BF4B-00C04F79EFBC}") = "FFUComponents", "FFUComponents\FFUComponents.csproj", "{928157D7-3130-4324-9F56-B04DBA29818A}"
EndProject
Project("{FAE04EC0-301F-11D3-BF4B-00C04F79EFBC}") = "Microsoft.Diagnostics.Tracing.EventSource", "Microsoft.Diagnostics.Tracing.EventSource\Microsoft.Diagnostics.Tracing.EventSource.csproj", "{20956FC5-F2B4-4DE2-83A8-40B00DA75479}"
EndProject
Project("{FAE04EC0-301F-11D3-BF4B-00C04F79EFBC}") = "ToolsCommon", "ToolsCommon\ToolsCommon.csproj", "{37BA0760-0C2C-4D4F-993F-94BE80CECF68}"
EndProject
Project("{FAE04EC0-301F-11D3-BF4B-00C04F79EFBC}") = "ufphostm", "ufphostm\ufphostm.csproj", "{8FB84F5D-49BE-460B-B0D8-89F7F19132DF}"
EndProject
Project("{FAE04EC0-301F-11D3-BF4B-00C04F79EFBC}") = "ImageCommon", "ImageCommon\ImageCommon.csproj", "{37BA0760-0C2C-4D4F-993F-94BE80CECF40}"
EndProject
Project("{FAE04EC0-301F-11D3-BF4B-00C04F79EFBC}") = "CabApiWrapper", "CabApiWrapper\CabApiWrapper.csproj", "{3008B0CC-BADE-46CB-A46D-0FFE647F19CD}"
EndProject
Project("{FAE04EC0-301F-11D3-BF4B-00C04F79EFBC}") = "FeatureAPI", "FeatureAPI\FeatureAPI.csproj", "{37BA0760-0C2C-4D4F-993F-94BE80CECF3B}"
EndProject
Project("{FAE04EC0-301F-11D3-BF4B-00C04F79EFBC}") = "PkgCommonManaged", "PkgCommonManaged\PkgCommonManaged.csproj", "{37BA0760-0C2C-4D4F-993F-94BE80CECF5C}"
EndProject
Project("{FAE04EC0-301F-11D3-BF4B-00C04F79EFBC}") = "PkgComposition", "PkgComposition\PkgComposition.csproj", "{37BA0760-0C2C-4D4F-993F-94BE80CECF5D}"
EndProject
Project("{FAE04EC0-301F-11D3-BF4B-00C04F79EFBC}") = "PlatformManifest", "PlatformManifest\PlatformManifest.csproj", "{37BA0760-0C2C-4D4F-993F-94BE80CECF64}"
EndProject
Project("{FAE04EC0-301F-11D3-BF4B-00C04F79EFBC}") = "Microsoft.Tools.Connectivity", "Microsoft.Tools.Connectivity\Microsoft.Tools.Connectivity.csproj", "{95C4863B-6105-47A2-B968-89801C828F60}"
EndProject
Project("{FAE04EC0-301F-11D3-BF4B-00C04F79EFBC}") = "Nokia.Lucid", "Nokia.Lucid\Nokia.Lucid.csproj", "{0BA1A6F4-E417-4AB3-AB1D-264CC7735F25}"
EndProject
Project("{FAE04EC0-301F-11D3-BF4B-00C04F79EFBC}") = "Nokia.Lucid.GenericStream", "Nokia.Lucid.GenericStream\Nokia.Lucid.GenericStream.csproj", "{2A8640BB-B34D-4B8B-AB81-36865B8C9E6A}"
EndProject
Project("{FAE04EC0-301F-11D3-BF4B-00C04F79EFBC}") = "Nokia.Lucid.IsiStream", "Nokia.Lucid.IsiStream\Nokia.Lucid.IsiStream.csproj", "{351B7945-39B3-46F6-9238-12D2D9807B8E}"
EndProject
Project("{FAE04EC0-301F-11D3-BF4B-00C04F79EFBC}") = "Nokia.Mira", "Nokia.Mira\Nokia.Mira.csproj", "{A3FD0999-A422-44D1-9C14-23A16AF09D58}"
EndProject
Project("{FAE04EC0-301F-11D3-BF4B-00C04F79EFBC}") = "PresentationFramework", "PresentationFramework\PresentationFramework.csproj", "{38F92510-976A-4351-BB51-E6FDC3AFE202}"
EndProject
Project("{FAE04EC0-301F-11D3-BF4B-00C04F79EFBC}") = "SirepInterop", "SirepInterop\SirepInterop.csproj", "{95243185-8C23-44F0-BE94-76AABFAF39AD}"
EndProject
Project("{FAE04EC0-301F-11D3-BF4B-00C04F79EFBC}") = "SoftwareRepository", "SoftwareRepository\SoftwareRepository.csproj", "{67FB07F5-DF73-45D6-8EFD-9C76838949BF}"
EndProject
Project("{FAE04EC0-301F-11D3-BF4B-00C04F79EFBC}") = "ZipForge", "ZipForge\ZipForge.csproj", "{5D42CEC8-E315-4BAE-82F9-DB42646E73FE}"
EndProject
Project("{FAE04EC0-301F-11D3-BF4B-00C04F79EFBC}") = "Microsoft.WindowsAzure.Storage", "Microsoft.WindowsAzure.Storage\Microsoft.WindowsAzure.Storage.csproj", "{D6981D57-352E-4D09-999E-00A422C840EE}"
EndProject
Project("{FAE04EC0-301F-11D3-BF4B-00C04F79EFBC}") = "Microsoft.WindowsDeviceRecoveryTool.Localization.resources", "Microsoft.WindowsDeviceRecoveryTool.Localization.resources\Microsoft.WindowsDeviceRecoveryTool.Localization.resources.csproj", "{AB256C0C-B0DE-49A8-A5FC-9A045D53A189}"
EndProject
Project("{FAE04EC0-301F-11D3-BF4B-00C04F79EFBC}") = "System.Windows.Interactivity.resources", "System.Windows.Interactivity.resources\System.Windows.Interactivity.resources.csproj", "{E8F90BB5-6BA6-4358-BDA6-E83BC4BD3ECF}"
EndProject
Project("{FAE04EC0-301F-11D3-BF4B-00C04F79EFBC}") = "HoloLensClickerUtilityLibrary", "HoloLensClickerUtilityLibrary\HoloLensClickerUtilityLibrary.csproj", "{AAC36403-B82F-4495-9801-9626BA5E60B3}"
EndProject
Project("{FAE04EC0-301F-11D3-BF4B-00C04F79EFBC}") = "ImageSigner", "ImageSigner\ImageSigner.csproj", "{6EA95164-F393-4615-829C-8C919CF3E287}"
EndProject
Project("{FAE04EC0-301F-11D3-BF4B-00C04F79EFBC}") = "Microsoft.Azure.KeyVault.Core", "Microsoft.Azure.KeyVault.Core\Microsoft.Azure.KeyVault.Core.csproj", "{31DF9890-3CE6-48A7-AB73-B588F9F9D692}"
EndProject
Project("{FAE04EC0-301F-11D3-BF4B-00C04F79EFBC}") = "Microsoft.Data.Edm", "Microsoft.Data.Edm\Microsoft.Data.Edm.csproj", "{3F319AD0-BDC7-427C-9FA0-FFAE2E48D6AA}"
EndProject
Project("{FAE04EC0-301F-11D3-BF4B-00C04F79EFBC}") = "Microsoft.Data.OData", "Microsoft.Data.OData\Microsoft.Data.OData.csproj", "{DA8A416C-4ABC-4215-B0F7-8134D1342FF3}"
EndProject
Project("{FAE04EC0-301F-11D3-BF4B-00C04F79EFBC}") = "Microsoft.Data.Services.Client", "Microsoft.Data.Services.Client\Microsoft.Data.Services.Client.csproj", "{A71E9CAE-40CD-4448-90E9-8AF046A14870}"
EndProject
Project("{FAE04EC0-301F-11D3-BF4B-00C04F79EFBC}") = "Microsoft.Tools.DeviceUpdate.DeviceUtils", "Microsoft.Tools.DeviceUpdate.DeviceUtils\Microsoft.Tools.DeviceUpdate.DeviceUtils.csproj", "{39CCFB8D-79A5-4BDD-8C53-B029BE27BFBC}"
EndProject
Project("{FAE04EC0-301F-11D3-BF4B-00C04F79EFBC}") = "Microsoft.WindowsDeviceRecoveryTool.AcerAdaptation", "Microsoft.WindowsDeviceRecoveryTool.AcerAdaptation\Microsoft.WindowsDeviceRecoveryTool.AcerAdaptation.csproj", "{10829C56-3DA9-4A56-BA01-4ED8821C2E36}"
EndProject
Project("{FAE04EC0-301F-11D3-BF4B-00C04F79EFBC}") = "Microsoft.WindowsDeviceRecoveryTool.AlcatelAdaptation", "Microsoft.WindowsDeviceRecoveryTool.AlcatelAdaptation\Microsoft.WindowsDeviceRecoveryTool.AlcatelAdaptation.csproj", "{441B669B-5AB0-4D9B-AEC1-79C6940A5F17}"
EndProject
Project("{FAE04EC0-301F-11D3-BF4B-00C04F79EFBC}") = "Microsoft.WindowsDeviceRecoveryTool.BluAdaptation", "Microsoft.WindowsDeviceRecoveryTool.BluAdaptation\Microsoft.WindowsDeviceRecoveryTool.BluAdaptation.csproj", "{009509AE-B682-46BF-AD33-9AB4F08C247C}"
EndProject
Project("{FAE04EC0-301F-11D3-BF4B-00C04F79EFBC}") = "Microsoft.WindowsDeviceRecoveryTool.BusinessLogic", "Microsoft.WindowsDeviceRecoveryTool.BusinessLogic\Microsoft.WindowsDeviceRecoveryTool.BusinessLogic.csproj", "{50B3916F-8919-4251-BC8B-B65F0C78EF5C}"
EndProject
Project("{FAE04EC0-301F-11D3-BF4B-00C04F79EFBC}") = "Microsoft.WindowsDeviceRecoveryTool.Common", "Microsoft.WindowsDeviceRecoveryTool.Common\Microsoft.WindowsDeviceRecoveryTool.Common.csproj", "{64A43B64-7647-425C-B0E6-2E27DA6DBDDA}"
EndProject
Project("{FAE04EC0-301F-11D3-BF4B-00C04F79EFBC}") = "Microsoft.WindowsDeviceRecoveryTool.Core", "Microsoft.WindowsDeviceRecoveryTool.Core\Microsoft.WindowsDeviceRecoveryTool.Core.csproj", "{55A80C0E-E3D4-43EB-8C91-D6EF18BFA9DC}"
EndProject
Project("{FAE04EC0-301F-11D3-BF4B-00C04F79EFBC}") = "Microsoft.WindowsDeviceRecoveryTool.DiginnosAdaptation", "Microsoft.WindowsDeviceRecoveryTool.DiginnosAdaptation\Microsoft.WindowsDeviceRecoveryTool.DiginnosAdaptation.csproj", "{102B54C3-59BF-45D4-983C-A1A7BCA3E327}"
EndProject
Project("{FAE04EC0-301F-11D3-BF4B-00C04F79EFBC}") = "Microsoft.WindowsDeviceRecoveryTool.FawkesAdaptation", "Microsoft.WindowsDeviceRecoveryTool.FawkesAdaptation\Microsoft.WindowsDeviceRecoveryTool.FawkesAdaptation.csproj", "{73F5C0A2-08A3-4B41-AE55-C60F0576389B}"
EndProject
Project("{FAE04EC0-301F-11D3-BF4B-00C04F79EFBC}") = "Microsoft.WindowsDeviceRecoveryTool.Ffu", "Microsoft.WindowsDeviceRecoveryTool.Ffu\Microsoft.WindowsDeviceRecoveryTool.Ffu.csproj", "{B7EEEAE2-4263-44FC-B7EE-1221AFA735AD}"
EndProject
Project("{FAE04EC0-301F-11D3-BF4B-00C04F79EFBC}") = "Microsoft.WindowsDeviceRecoveryTool.FfuFileReader", "Microsoft.WindowsDeviceRecoveryTool.FfuFileReader\Microsoft.WindowsDeviceRecoveryTool.FfuFileReader.csproj", "{5B39BF96-8C2F-4FDF-A82D-603010A30846}"
EndProject
Project("{FAE04EC0-301F-11D3-BF4B-00C04F79EFBC}") = "Microsoft.WindowsDeviceRecoveryTool.FreetelAdaptation", "Microsoft.WindowsDeviceRecoveryTool.FreetelAdaptation\Microsoft.WindowsDeviceRecoveryTool.FreetelAdaptation.csproj", "{DDB16AB4-D5EF-4C12-9925-5789C4E74925}"
EndProject
Project("{FAE04EC0-301F-11D3-BF4B-00C04F79EFBC}") = "Microsoft.WindowsDeviceRecoveryTool.HoneywellAdaptation", "Microsoft.WindowsDeviceRecoveryTool.HoneywellAdaptation\Microsoft.WindowsDeviceRecoveryTool.HoneywellAdaptation.csproj", "{874021E6-8DFC-429F-963B-328B4B0ABFE3}"
EndProject
Project("{FAE04EC0-301F-11D3-BF4B-00C04F79EFBC}") = "Microsoft.WindowsDeviceRecoveryTool.HPAdaptation", "Microsoft.WindowsDeviceRecoveryTool.HPAdaptation\Microsoft.WindowsDeviceRecoveryTool.HPAdaptation.csproj", "{066A2F66-BDED-41B7-A00F-6AEFA2AA9DBF}"
EndProject
Project("{FAE04EC0-301F-11D3-BF4B-00C04F79EFBC}") = "Microsoft.WindowsDeviceRecoveryTool.HtcAdaptation", "Microsoft.WindowsDeviceRecoveryTool.HtcAdaptation\Microsoft.WindowsDeviceRecoveryTool.HtcAdaptation.csproj", "{2D1A1879-95B8-480F-B422-28E7E856764C}"
EndProject
Project("{FAE04EC0-301F-11D3-BF4B-00C04F79EFBC}") = "Microsoft.WindowsDeviceRecoveryTool.InversenetAdaptation", "Microsoft.WindowsDeviceRecoveryTool.InversenetAdaptation\Microsoft.WindowsDeviceRecoveryTool.InversenetAdaptation.csproj", "{098879F0-5DB2-4CF0-945D-976093586460}"
EndProject
Project("{FAE04EC0-301F-11D3-BF4B-00C04F79EFBC}") = "Microsoft.WindowsDeviceRecoveryTool.JenesisAdaptation", "Microsoft.WindowsDeviceRecoveryTool.JenesisAdaptation\Microsoft.WindowsDeviceRecoveryTool.JenesisAdaptation.csproj", "{62E86F2B-8C9F-4AA1-AC0E-1FD9053342F6}"
EndProject
Project("{FAE04EC0-301F-11D3-BF4B-00C04F79EFBC}") = "Microsoft.WindowsDeviceRecoveryTool.KMAdaptation", "Microsoft.WindowsDeviceRecoveryTool.KMAdaptation\Microsoft.WindowsDeviceRecoveryTool.KMAdaptation.csproj", "{178DD60F-1DD1-42BD-94D0-CAC685391387}"
EndProject
Project("{FAE04EC0-301F-11D3-BF4B-00C04F79EFBC}") = "Microsoft.WindowsDeviceRecoveryTool.LenovoAdaptation", "Microsoft.WindowsDeviceRecoveryTool.LenovoAdaptation\Microsoft.WindowsDeviceRecoveryTool.LenovoAdaptation.csproj", "{8363CE43-D24C-4D59-89BD-7789A0E0841E}"
EndProject
Project("{FAE04EC0-301F-11D3-BF4B-00C04F79EFBC}") = "Microsoft.WindowsDeviceRecoveryTool.LgeAdaptation", "Microsoft.WindowsDeviceRecoveryTool.LgeAdaptation\Microsoft.WindowsDeviceRecoveryTool.LgeAdaptation.csproj", "{1A08B5CD-14F5-4887-85BF-5760A96EA8AC}"
EndProject
Project("{FAE04EC0-301F-11D3-BF4B-00C04F79EFBC}") = "Microsoft.WindowsDeviceRecoveryTool.Localization", "Microsoft.WindowsDeviceRecoveryTool.Localization\Microsoft.WindowsDeviceRecoveryTool.Localization.csproj", "{081F084D-70AB-42AA-A1E7-460F52620CA7}"
EndProject
Project("{FAE04EC0-301F-11D3-BF4B-00C04F79EFBC}") = "Microsoft.WindowsDeviceRecoveryTool.LogicCommon", "Microsoft.WindowsDeviceRecoveryTool.LogicCommon\Microsoft.WindowsDeviceRecoveryTool.LogicCommon.csproj", "{2ADF7F14-AA94-4A70-B28F-668964626E8F}"
EndProject
Project("{FAE04EC0-301F-11D3-BF4B-00C04F79EFBC}") = "Microsoft.WindowsDeviceRecoveryTool.Lucid", "Microsoft.WindowsDeviceRecoveryTool.Lucid\Microsoft.WindowsDeviceRecoveryTool.Lucid.csproj", "{ADEE4BCD-BE8F-4EC5-8D00-AA6442B86415}"
EndProject
Project("{FAE04EC0-301F-11D3-BF4B-00C04F79EFBC}") = "Microsoft.WindowsDeviceRecoveryTool.LumiaAdaptation", "Microsoft.WindowsDeviceRecoveryTool.LumiaAdaptation\Microsoft.WindowsDeviceRecoveryTool.LumiaAdaptation.csproj", "{BB6E51C1-BC8B-40D8-8777-27BF97B2105C}"
EndProject
Project("{FAE04EC0-301F-11D3-BF4B-00C04F79EFBC}") = "Microsoft.WindowsDeviceRecoveryTool.McjAdaptation", "Microsoft.WindowsDeviceRecoveryTool.McjAdaptation\Microsoft.WindowsDeviceRecoveryTool.McjAdaptation.csproj", "{D93EA89E-FAFE-4CE4-845F-743334C3E8F1}"
EndProject
Project("{FAE04EC0-301F-11D3-BF4B-00C04F79EFBC}") = "Microsoft.WindowsDeviceRecoveryTool.MicromaxAdaptation", "Microsoft.WindowsDeviceRecoveryTool.MicromaxAdaptation\Microsoft.WindowsDeviceRecoveryTool.MicromaxAdaptation.csproj", "{C7FAC1B3-BC08-420C-AE09-438FC51DBAD5}"
EndProject
Project("{FAE04EC0-301F-11D3-BF4B-00C04F79EFBC}") = "Microsoft.WindowsDeviceRecoveryTool.Model", "Microsoft.WindowsDeviceRecoveryTool.Model\Microsoft.WindowsDeviceRecoveryTool.Model.csproj", "{0FCB723B-55FA-4794-8262-8EC9D399F6E3}"
EndProject
Project("{FAE04EC0-301F-11D3-BF4B-00C04F79EFBC}") = "Microsoft.WindowsDeviceRecoveryTool.OemAdaptation", "Microsoft.WindowsDeviceRecoveryTool.OemAdaptation\Microsoft.WindowsDeviceRecoveryTool.OemAdaptation.csproj", "{64089E80-33FF-4D5D-BE3B-74072C27AB00}"
EndProject
Project("{FAE04EC0-301F-11D3-BF4B-00C04F79EFBC}") = "Microsoft.WindowsDeviceRecoveryTool.StateMachine", "Microsoft.WindowsDeviceRecoveryTool.StateMachine\Microsoft.WindowsDeviceRecoveryTool.StateMachine.csproj", "{07C10F4E-C1B5-4464-B428-2AB9F62183DF}"
EndProject
Project("{FAE04EC0-301F-11D3-BF4B-00C04F79EFBC}") = "Microsoft.WindowsDeviceRecoveryTool.Styles", "Microsoft.WindowsDeviceRecoveryTool.Styles\Microsoft.WindowsDeviceRecoveryTool.Styles.csproj", "{7902D216-E048-4FC0-8D7D-8ADBB5516224}"
EndProject
Project("{FAE04EC0-301F-11D3-BF4B-00C04F79EFBC}") = "Microsoft.WindowsDeviceRecoveryTool.TrekStorAdaptation", "Microsoft.WindowsDeviceRecoveryTool.TrekStorAdaptation\Microsoft.WindowsDeviceRecoveryTool.TrekStorAdaptation.csproj", "{5F486B88-62C3-4227-B2E0-CC36E9328449}"
EndProject
Project("{FAE04EC0-301F-11D3-BF4B-00C04F79EFBC}") = "Microsoft.WindowsDeviceRecoveryTool.TrinityAdaptation", "Microsoft.WindowsDeviceRecoveryTool.TrinityAdaptation\Microsoft.WindowsDeviceRecoveryTool.TrinityAdaptation.csproj", "{3887A4AF-951C-437A-92D5-AF3C3BE689B2}"
EndProject
Project("{FAE04EC0-301F-11D3-BF4B-00C04F79EFBC}") = "Microsoft.WindowsDeviceRecoveryTool.UnistrongAdaptation", "Microsoft.WindowsDeviceRecoveryTool.UnistrongAdaptation\Microsoft.WindowsDeviceRecoveryTool.UnistrongAdaptation.csproj", "{A9438025-3C69-4161-9030-E7B3BC81A091}"
EndProject
Project("{FAE04EC0-301F-11D3-BF4B-00C04F79EFBC}") = "Microsoft.WindowsDeviceRecoveryTool.VAIOAdaptation", "Microsoft.WindowsDeviceRecoveryTool.VAIOAdaptation\Microsoft.WindowsDeviceRecoveryTool.VAIOAdaptation.csproj", "{BC7A8656-975D-4415-850F-1EC857BF68BB}"
EndProject
Project("{FAE04EC0-301F-11D3-BF4B-00C04F79EFBC}") = "Microsoft.WindowsDeviceRecoveryTool.WileyfoxAdaptation", "Microsoft.WindowsDeviceRecoveryTool.WileyfoxAdaptation\Microsoft.WindowsDeviceRecoveryTool.WileyfoxAdaptation.csproj", "{E1AFC349-B51D-472F-8292-DF6C520F38BC}"
EndProject
Project("{FAE04EC0-301F-11D3-BF4B-00C04F79EFBC}") = "Microsoft.WindowsDeviceRecoveryTool.XOLOAdaptation", "Microsoft.WindowsDeviceRecoveryTool.XOLOAdaptation\Microsoft.WindowsDeviceRecoveryTool.XOLOAdaptation.csproj", "{D63F53E4-8CE4-4A74-96DD-33B838B771AF}"
EndProject
Project("{FAE04EC0-301F-11D3-BF4B-00C04F79EFBC}") = "Microsoft.WindowsDeviceRecoveryTool.YEZZAdaptation", "Microsoft.WindowsDeviceRecoveryTool.YEZZAdaptation\Microsoft.WindowsDeviceRecoveryTool.YEZZAdaptation.csproj", "{71CBD177-1FEC-4180-A9F9-5509892670A5}"
EndProject
Project("{FAE04EC0-301F-11D3-BF4B-00C04F79EFBC}") = "Microsoft.WindowsDeviceRecoveryTool.ZebraAdaptation", "Microsoft.WindowsDeviceRecoveryTool.ZebraAdaptation\Microsoft.WindowsDeviceRecoveryTool.ZebraAdaptation.csproj", "{44A0411F-2DA1-46FF-A526-1634210D4C9F}"
EndProject
Project("{FAE04EC0-301F-11D3-BF4B-00C04F79EFBC}") = "Newtonsoft.Json", "Newtonsoft.Json\Newtonsoft.Json.csproj", "{90791AA9-D195-40D9-B94B-3D8F58601A78}"
EndProject
Project("{FAE04EC0-301F-11D3-BF4B-00C04F79EFBC}") = "System.Drawing", "System.Drawing\System.Drawing.csproj", "{5C9906E5-CA5B-4C87-B9A0-15A14C6A0131}"
EndProject
Project("{FAE04EC0-301F-11D3-BF4B-00C04F79EFBC}") = "System.Management", "System.Management\System.Management.csproj", "{836A6392-DE2E-4ECF-A127-0FFF9B8BE80B}"
EndProject
Project("{FAE04EC0-301F-11D3-BF4B-00C04F79EFBC}") = "System.Spatial", "System.Spatial\System.Spatial.csproj", "{D98FBA03-D692-46CE-8602-B25C277A9456}"
EndProject
Project("{FAE04EC0-301F-11D3-BF4B-00C04F79EFBC}") = "System.Windows.Forms", "System.Windows.Forms\System.Windows.Forms.csproj", "{9BED5FCE-9F74-4AE4-80C3-36DF04F9EF76}"
EndProject
Project("{FAE04EC0-301F-11D3-BF4B-00C04F79EFBC}") = "PkgToolBox", "PkgToolBox\PkgToolBox.csproj", "{C0C56FE1-9F54-4032-AFB1-8E34CF48481E}"
EndProject
Global
	GlobalSection(SolutionConfigurationPlatforms) = preSolution
		Debug|Any CPU = Debug|Any CPU
		Debug|Mixed Platforms = Debug|Mixed Platforms
		Debug|x86 = Debug|x86
		Release|Any CPU = Release|Any CPU
		Release|Mixed Platforms = Release|Mixed Platforms
		Release|x86 = Release|x86
	EndGlobalSection
	GlobalSection(ProjectConfigurationPlatforms) = postSolution
		{04BC0E21-1539-438B-8248-3C5649FF5A72}.Debug|Any CPU.ActiveCfg = Debug|x86
		{04BC0E21-1539-438B-8248-3C5649FF5A72}.Debug|Any CPU.Build.0 = Debug|x86
		{04BC0E21-1539-438B-8248-3C5649FF5A72}.Debug|Mixed Platforms.ActiveCfg = Debug|x86
		{04BC0E21-1539-438B-8248-3C5649FF5A72}.Debug|Mixed Platforms.Build.0 = Debug|x86
		{04BC0E21-1539-438B-8248-3C5649FF5A72}.Debug|x86.ActiveCfg = Debug|x86
		{04BC0E21-1539-438B-8248-3C5649FF5A72}.Debug|x86.Build.0 = Debug|x86
		{04BC0E21-1539-438B-8248-3C5649FF5A72}.Release|Any CPU.ActiveCfg = Release|x86
		{04BC0E21-1539-438B-8248-3C5649FF5A72}.Release|Any CPU.Build.0 = Release|x86
		{04BC0E21-1539-438B-8248-3C5649FF5A72}.Release|Mixed Platforms.ActiveCfg = Release|x86
		{04BC0E21-1539-438B-8248-3C5649FF5A72}.Release|Mixed Platforms.Build.0 = Release|x86
		{04BC0E21-1539-438B-8248-3C5649FF5A72}.Release|x86.ActiveCfg = Release|x86
		{04BC0E21-1539-438B-8248-3C5649FF5A72}.Release|x86.Build.0 = Release|x86
		{28F81BB6-6CD0-4474-B0FD-263687A12C55}.Debug|Any CPU.ActiveCfg = Debug|Any CPU
		{28F81BB6-6CD0-4474-B0FD-263687A12C55}.Debug|Any CPU.Build.0 = Debug|Any CPU
		{28F81BB6-6CD0-4474-B0FD-263687A12C55}.Debug|Mixed Platforms.ActiveCfg = Debug|Any CPU
		{28F81BB6-6CD0-4474-B0FD-263687A12C55}.Debug|Mixed Platforms.Build.0 = Debug|Any CPU
		{28F81BB6-6CD0-4474-B0FD-263687A12C55}.Debug|x86.ActiveCfg = Debug|Any CPU
		{28F81BB6-6CD0-4474-B0FD-263687A12C55}.Debug|x86.Build.0 = Debug|Any CPU
		{28F81BB6-6CD0-4474-B0FD-263687A12C55}.Release|Any CPU.ActiveCfg = Release|Any CPU
		{28F81BB6-6CD0-4474-B0FD-263687A12C55}.Release|Any CPU.Build.0 = Release|Any CPU
		{28F81BB6-6CD0-4474-B0FD-263687A12C55}.Release|Mixed Platforms.ActiveCfg = Release|Any CPU
		{28F81BB6-6CD0-4474-B0FD-263687A12C55}.Release|Mixed Platforms.Build.0 = Release|Any CPU
		{28F81BB6-6CD0-4474-B0FD-263687A12C55}.Release|x86.ActiveCfg = Release|Any CPU
		{28F81BB6-6CD0-4474-B0FD-263687A12C55}.Release|x86.Build.0 = Release|Any CPU
		{928157D7-3130-4324-9F56-B04DBA29818A}.Debug|Any CPU.ActiveCfg = Debug|x86
		{928157D7-3130-4324-9F56-B04DBA29818A}.Debug|Any CPU.Build.0 = Debug|x86
		{928157D7-3130-4324-9F56-B04DBA29818A}.Debug|Mixed Platforms.ActiveCfg = Debug|x86
		{928157D7-3130-4324-9F56-B04DBA29818A}.Debug|Mixed Platforms.Build.0 = Debug|x86
		{928157D7-3130-4324-9F56-B04DBA29818A}.Debug|x86.ActiveCfg = Debug|x86
		{928157D7-3130-4324-9F56-B04DBA29818A}.Debug|x86.Build.0 = Debug|x86
		{928157D7-3130-4324-9F56-B04DBA29818A}.Release|Any CPU.ActiveCfg = Release|x86
		{928157D7-3130-4324-9F56-B04DBA29818A}.Release|Any CPU.Build.0 = Release|x86
		{928157D7-3130-4324-9F56-B04DBA29818A}.Release|Mixed Platforms.ActiveCfg = Release|x86
		{928157D7-3130-4324-9F56-B04DBA29818A}.Release|Mixed Platforms.Build.0 = Release|x86
		{928157D7-3130-4324-9F56-B04DBA29818A}.Release|x86.ActiveCfg = Release|x86
		{928157D7-3130-4324-9F56-B04DBA29818A}.Release|x86.Build.0 = Release|x86
		{20956FC5-F2B4-4DE2-83A8-40B00DA75479}.Debug|Any CPU.ActiveCfg = Debug|Any CPU
		{20956FC5-F2B4-4DE2-83A8-40B00DA75479}.Debug|Any CPU.Build.0 = Debug|Any CPU
		{20956FC5-F2B4-4DE2-83A8-40B00DA75479}.Debug|Mixed Platforms.ActiveCfg = Debug|Any CPU
		{20956FC5-F2B4-4DE2-83A8-40B00DA75479}.Debug|Mixed Platforms.Build.0 = Debug|Any CPU
		{20956FC5-F2B4-4DE2-83A8-40B00DA75479}.Debug|x86.ActiveCfg = Debug|Any CPU
		{20956FC5-F2B4-4DE2-83A8-40B00DA75479}.Debug|x86.Build.0 = Debug|Any CPU
		{20956FC5-F2B4-4DE2-83A8-40B00DA75479}.Release|Any CPU.ActiveCfg = Release|Any CPU
		{20956FC5-F2B4-4DE2-83A8-40B00DA75479}.Release|Any CPU.Build.0 = Release|Any CPU
		{20956FC5-F2B4-4DE2-83A8-40B00DA75479}.Release|Mixed Platforms.ActiveCfg = Release|Any CPU
		{20956FC5-F2B4-4DE2-83A8-40B00DA75479}.Release|Mixed Platforms.Build.0 = Release|Any CPU
		{20956FC5-F2B4-4DE2-83A8-40B00DA75479}.Release|x86.ActiveCfg = Release|Any CPU
		{20956FC5-F2B4-4DE2-83A8-40B00DA75479}.Release|x86.Build.0 = Release|Any CPU
		{37BA0760-0C2C-4D4F-993F-94BE80CECF68}.Debug|Any CPU.ActiveCfg = Debug|x86
		{37BA0760-0C2C-4D4F-993F-94BE80CECF68}.Debug|Any CPU.Build.0 = Debug|x86
		{37BA0760-0C2C-4D4F-993F-94BE80CECF68}.Debug|Mixed Platforms.ActiveCfg = Debug|x86
		{37BA0760-0C2C-4D4F-993F-94BE80CECF68}.Debug|Mixed Platforms.Build.0 = Debug|x86
		{37BA0760-0C2C-4D4F-993F-94BE80CECF68}.Debug|x86.ActiveCfg = Debug|x86
		{37BA0760-0C2C-4D4F-993F-94BE80CECF68}.Debug|x86.Build.0 = Debug|x86
		{37BA0760-0C2C-4D4F-993F-94BE80CECF68}.Release|Any CPU.ActiveCfg = Release|x86
		{37BA0760-0C2C-4D4F-993F-94BE80CECF68}.Release|Any CPU.Build.0 = Release|x86
		{37BA0760-0C2C-4D4F-993F-94BE80CECF68}.Release|Mixed Platforms.ActiveCfg = Release|x86
		{37BA0760-0C2C-4D4F-993F-94BE80CECF68}.Release|Mixed Platforms.Build.0 = Release|x86
		{37BA0760-0C2C-4D4F-993F-94BE80CECF68}.Release|x86.ActiveCfg = Release|x86
		{37BA0760-0C2C-4D4F-993F-94BE80CECF68}.Release|x86.Build.0 = Release|x86
		{8FB84F5D-49BE-460B-B0D8-89F7F19132DF}.Debug|Any CPU.ActiveCfg = Debug|x86
		{8FB84F5D-49BE-460B-B0D8-89F7F19132DF}.Debug|Any CPU.Build.0 = Debug|x86
		{8FB84F5D-49BE-460B-B0D8-89F7F19132DF}.Debug|Mixed Platforms.ActiveCfg = Debug|x86
		{8FB84F5D-49BE-460B-B0D8-89F7F19132DF}.Debug|Mixed Platforms.Build.0 = Debug|x86
		{8FB84F5D-49BE-460B-B0D8-89F7F19132DF}.Debug|x86.ActiveCfg = Debug|x86
		{8FB84F5D-49BE-460B-B0D8-89F7F19132DF}.Debug|x86.Build.0 = Debug|x86
		{8FB84F5D-49BE-460B-B0D8-89F7F19132DF}.Release|Any CPU.ActiveCfg = Release|x86
		{8FB84F5D-49BE-460B-B0D8-89F7F19132DF}.Release|Any CPU.Build.0 = Release|x86
		{8FB84F5D-49BE-460B-B0D8-89F7F19132DF}.Release|Mixed Platforms.ActiveCfg = Release|x86
		{8FB84F5D-49BE-460B-B0D8-89F7F19132DF}.Release|Mixed Platforms.Build.0 = Release|x86
		{8FB84F5D-49BE-460B-B0D8-89F7F19132DF}.Release|x86.ActiveCfg = Release|x86
		{8FB84F5D-49BE-460B-B0D8-89F7F19132DF}.Release|x86.Build.0 = Release|x86
		{37BA0760-0C2C-4D4F-993F-94BE80CECF40}.Debug|Any CPU.ActiveCfg = Debug|x86
		{37BA0760-0C2C-4D4F-993F-94BE80CECF40}.Debug|Any CPU.Build.0 = Debug|x86
		{37BA0760-0C2C-4D4F-993F-94BE80CECF40}.Debug|Mixed Platforms.ActiveCfg = Debug|x86
		{37BA0760-0C2C-4D4F-993F-94BE80CECF40}.Debug|Mixed Platforms.Build.0 = Debug|x86
		{37BA0760-0C2C-4D4F-993F-94BE80CECF40}.Debug|x86.ActiveCfg = Debug|x86
		{37BA0760-0C2C-4D4F-993F-94BE80CECF40}.Debug|x86.Build.0 = Debug|x86
		{37BA0760-0C2C-4D4F-993F-94BE80CECF40}.Release|Any CPU.ActiveCfg = Release|x86
		{37BA0760-0C2C-4D4F-993F-94BE80CECF40}.Release|Any CPU.Build.0 = Release|x86
		{37BA0760-0C2C-4D4F-993F-94BE80CECF40}.Release|Mixed Platforms.ActiveCfg = Release|x86
		{37BA0760-0C2C-4D4F-993F-94BE80CECF40}.Release|Mixed Platforms.Build.0 = Release|x86
		{37BA0760-0C2C-4D4F-993F-94BE80CECF40}.Release|x86.ActiveCfg = Release|x86
		{37BA0760-0C2C-4D4F-993F-94BE80CECF40}.Release|x86.Build.0 = Release|x86
		{3008B0CC-BADE-46CB-A46D-0FFE647F19CD}.Debug|Any CPU.ActiveCfg = Debug|x86
		{3008B0CC-BADE-46CB-A46D-0FFE647F19CD}.Debug|Any CPU.Build.0 = Debug|x86
		{3008B0CC-BADE-46CB-A46D-0FFE647F19CD}.Debug|Mixed Platforms.ActiveCfg = Debug|x86
		{3008B0CC-BADE-46CB-A46D-0FFE647F19CD}.Debug|Mixed Platforms.Build.0 = Debug|x86
		{3008B0CC-BADE-46CB-A46D-0FFE647F19CD}.Debug|x86.ActiveCfg = Debug|x86
		{3008B0CC-BADE-46CB-A46D-0FFE647F19CD}.Debug|x86.Build.0 = Debug|x86
		{3008B0CC-BADE-46CB-A46D-0FFE647F19CD}.Release|Any CPU.ActiveCfg = Release|x86
		{3008B0CC-BADE-46CB-A46D-0FFE647F19CD}.Release|Any CPU.Build.0 = Release|x86
		{3008B0CC-BADE-46CB-A46D-0FFE647F19CD}.Release|Mixed Platforms.ActiveCfg = Release|x86
		{3008B0CC-BADE-46CB-A46D-0FFE647F19CD}.Release|Mixed Platforms.Build.0 = Release|x86
		{3008B0CC-BADE-46CB-A46D-0FFE647F19CD}.Release|x86.ActiveCfg = Release|x86
		{3008B0CC-BADE-46CB-A46D-0FFE647F19CD}.Release|x86.Build.0 = Release|x86
		{37BA0760-0C2C-4D4F-993F-94BE80CECF3B}.Debug|Any CPU.ActiveCfg = Debug|x86
		{37BA0760-0C2C-4D4F-993F-94BE80CECF3B}.Debug|Any CPU.Build.0 = Debug|x86
		{37BA0760-0C2C-4D4F-993F-94BE80CECF3B}.Debug|Mixed Platforms.ActiveCfg = Debug|x86
		{37BA0760-0C2C-4D4F-993F-94BE80CECF3B}.Debug|Mixed Platforms.Build.0 = Debug|x86
		{37BA0760-0C2C-4D4F-993F-94BE80CECF3B}.Debug|x86.ActiveCfg = Debug|x86
		{37BA0760-0C2C-4D4F-993F-94BE80CECF3B}.Debug|x86.Build.0 = Debug|x86
		{37BA0760-0C2C-4D4F-993F-94BE80CECF3B}.Release|Any CPU.ActiveCfg = Release|x86
		{37BA0760-0C2C-4D4F-993F-94BE80CECF3B}.Release|Any CPU.Build.0 = Release|x86
		{37BA0760-0C2C-4D4F-993F-94BE80CECF3B}.Release|Mixed Platforms.ActiveCfg = Release|x86
		{37BA0760-0C2C-4D4F-993F-94BE80CECF3B}.Release|Mixed Platforms.Build.0 = Release|x86
		{37BA0760-0C2C-4D4F-993F-94BE80CECF3B}.Release|x86.ActiveCfg = Release|x86
		{37BA0760-0C2C-4D4F-993F-94BE80CECF3B}.Release|x86.Build.0 = Release|x86
		{37BA0760-0C2C-4D4F-993F-94BE80CECF5C}.Debug|Any CPU.ActiveCfg = Debug|x86
		{37BA0760-0C2C-4D4F-993F-94BE80CECF5C}.Debug|Any CPU.Build.0 = Debug|x86
		{37BA0760-0C2C-4D4F-993F-94BE80CECF5C}.Debug|Mixed Platforms.ActiveCfg = Debug|x86
		{37BA0760-0C2C-4D4F-993F-94BE80CECF5C}.Debug|Mixed Platforms.Build.0 = Debug|x86
		{37BA0760-0C2C-4D4F-993F-94BE80CECF5C}.Debug|x86.ActiveCfg = Debug|x86
		{37BA0760-0C2C-4D4F-993F-94BE80CECF5C}.Debug|x86.Build.0 = Debug|x86
		{37BA0760-0C2C-4D4F-993F-94BE80CECF5C}.Release|Any CPU.ActiveCfg = Release|x86
		{37BA0760-0C2C-4D4F-993F-94BE80CECF5C}.Release|Any CPU.Build.0 = Release|x86
		{37BA0760-0C2C-4D4F-993F-94BE80CECF5C}.Release|Mixed Platforms.ActiveCfg = Release|x86
		{37BA0760-0C2C-4D4F-993F-94BE80CECF5C}.Release|Mixed Platforms.Build.0 = Release|x86
		{37BA0760-0C2C-4D4F-993F-94BE80CECF5C}.Release|x86.ActiveCfg = Release|x86
		{37BA0760-0C2C-4D4F-993F-94BE80CECF5C}.Release|x86.Build.0 = Release|x86
		{37BA0760-0C2C-4D4F-993F-94BE80CECF5D}.Debug|Any CPU.ActiveCfg = Debug|x86
		{37BA0760-0C2C-4D4F-993F-94BE80CECF5D}.Debug|Any CPU.Build.0 = Debug|x86
		{37BA0760-0C2C-4D4F-993F-94BE80CECF5D}.Debug|Mixed Platforms.ActiveCfg = Debug|x86
		{37BA0760-0C2C-4D4F-993F-94BE80CECF5D}.Debug|Mixed Platforms.Build.0 = Debug|x86
		{37BA0760-0C2C-4D4F-993F-94BE80CECF5D}.Debug|x86.ActiveCfg = Debug|x86
		{37BA0760-0C2C-4D4F-993F-94BE80CECF5D}.Debug|x86.Build.0 = Debug|x86
		{37BA0760-0C2C-4D4F-993F-94BE80CECF5D}.Release|Any CPU.ActiveCfg = Release|x86
		{37BA0760-0C2C-4D4F-993F-94BE80CECF5D}.Release|Any CPU.Build.0 = Release|x86
		{37BA0760-0C2C-4D4F-993F-94BE80CECF5D}.Release|Mixed Platforms.ActiveCfg = Release|x86
		{37BA0760-0C2C-4D4F-993F-94BE80CECF5D}.Release|Mixed Platforms.Build.0 = Release|x86
		{37BA0760-0C2C-4D4F-993F-94BE80CECF5D}.Release|x86.ActiveCfg = Release|x86
		{37BA0760-0C2C-4D4F-993F-94BE80CECF5D}.Release|x86.Build.0 = Release|x86
		{37BA0760-0C2C-4D4F-993F-94BE80CECF64}.Debug|Any CPU.ActiveCfg = Debug|x86
		{37BA0760-0C2C-4D4F-993F-94BE80CECF64}.Debug|Any CPU.Build.0 = Debug|x86
		{37BA0760-0C2C-4D4F-993F-94BE80CECF64}.Debug|Mixed Platforms.ActiveCfg = Debug|x86
		{37BA0760-0C2C-4D4F-993F-94BE80CECF64}.Debug|Mixed Platforms.Build.0 = Debug|x86
		{37BA0760-0C2C-4D4F-993F-94BE80CECF64}.Debug|x86.ActiveCfg = Debug|x86
		{37BA0760-0C2C-4D4F-993F-94BE80CECF64}.Debug|x86.Build.0 = Debug|x86
		{37BA0760-0C2C-4D4F-993F-94BE80CECF64}.Release|Any CPU.ActiveCfg = Release|x86
		{37BA0760-0C2C-4D4F-993F-94BE80CECF64}.Release|Any CPU.Build.0 = Release|x86
		{37BA0760-0C2C-4D4F-993F-94BE80CECF64}.Release|Mixed Platforms.ActiveCfg = Release|x86
		{37BA0760-0C2C-4D4F-993F-94BE80CECF64}.Release|Mixed Platforms.Build.0 = Release|x86
		{37BA0760-0C2C-4D4F-993F-94BE80CECF64}.Release|x86.ActiveCfg = Release|x86
		{37BA0760-0C2C-4D4F-993F-94BE80CECF64}.Release|x86.Build.0 = Release|x86
		{95C4863B-6105-47A2-B968-89801C828F60}.Debug|Any CPU.ActiveCfg = Debug|Any CPU
		{95C4863B-6105-47A2-B968-89801C828F60}.Debug|Any CPU.Build.0 = Debug|Any CPU
		{95C4863B-6105-47A2-B968-89801C828F60}.Debug|Mixed Platforms.ActiveCfg = Debug|Any CPU
		{95C4863B-6105-47A2-B968-89801C828F60}.Debug|Mixed Platforms.Build.0 = Debug|Any CPU
		{95C4863B-6105-47A2-B968-89801C828F60}.Debug|x86.ActiveCfg = Debug|Any CPU
		{95C4863B-6105-47A2-B968-89801C828F60}.Debug|x86.Build.0 = Debug|Any CPU
		{95C4863B-6105-47A2-B968-89801C828F60}.Release|Any CPU.ActiveCfg = Release|Any CPU
		{95C4863B-6105-47A2-B968-89801C828F60}.Release|Any CPU.Build.0 = Release|Any CPU
		{95C4863B-6105-47A2-B968-89801C828F60}.Release|Mixed Platforms.ActiveCfg = Release|Any CPU
		{95C4863B-6105-47A2-B968-89801C828F60}.Release|Mixed Platforms.Build.0 = Release|Any CPU
		{95C4863B-6105-47A2-B968-89801C828F60}.Release|x86.ActiveCfg = Release|Any CPU
		{95C4863B-6105-47A2-B968-89801C828F60}.Release|x86.Build.0 = Release|Any CPU
		{0BA1A6F4-E417-4AB3-AB1D-264CC7735F25}.Debug|Any CPU.ActiveCfg = Debug|Any CPU
		{0BA1A6F4-E417-4AB3-AB1D-264CC7735F25}.Debug|Any CPU.Build.0 = Debug|Any CPU
		{0BA1A6F4-E417-4AB3-AB1D-264CC7735F25}.Debug|Mixed Platforms.ActiveCfg = Debug|Any CPU
		{0BA1A6F4-E417-4AB3-AB1D-264CC7735F25}.Debug|Mixed Platforms.Build.0 = Debug|Any CPU
		{0BA1A6F4-E417-4AB3-AB1D-264CC7735F25}.Debug|x86.ActiveCfg = Debug|Any CPU
		{0BA1A6F4-E417-4AB3-AB1D-264CC7735F25}.Debug|x86.Build.0 = Debug|Any CPU
		{0BA1A6F4-E417-4AB3-AB1D-264CC7735F25}.Release|Any CPU.ActiveCfg = Release|Any CPU
		{0BA1A6F4-E417-4AB3-AB1D-264CC7735F25}.Release|Any CPU.Build.0 = Release|Any CPU
		{0BA1A6F4-E417-4AB3-AB1D-264CC7735F25}.Release|Mixed Platforms.ActiveCfg = Release|Any CPU
		{0BA1A6F4-E417-4AB3-AB1D-264CC7735F25}.Release|Mixed Platforms.Build.0 = Release|Any CPU
		{0BA1A6F4-E417-4AB3-AB1D-264CC7735F25}.Release|x86.ActiveCfg = Release|Any CPU
		{0BA1A6F4-E417-4AB3-AB1D-264CC7735F25}.Release|x86.Build.0 = Release|Any CPU
		{2A8640BB-B34D-4B8B-AB81-36865B8C9E6A}.Debug|Any CPU.ActiveCfg = Debug|Any CPU
		{2A8640BB-B34D-4B8B-AB81-36865B8C9E6A}.Debug|Any CPU.Build.0 = Debug|Any CPU
		{2A8640BB-B34D-4B8B-AB81-36865B8C9E6A}.Debug|Mixed Platforms.ActiveCfg = Debug|Any CPU
		{2A8640BB-B34D-4B8B-AB81-36865B8C9E6A}.Debug|Mixed Platforms.Build.0 = Debug|Any CPU
		{2A8640BB-B34D-4B8B-AB81-36865B8C9E6A}.Debug|x86.ActiveCfg = Debug|Any CPU
		{2A8640BB-B34D-4B8B-AB81-36865B8C9E6A}.Debug|x86.Build.0 = Debug|Any CPU
		{2A8640BB-B34D-4B8B-AB81-36865B8C9E6A}.Release|Any CPU.ActiveCfg = Release|Any CPU
		{2A8640BB-B34D-4B8B-AB81-36865B8C9E6A}.Release|Any CPU.Build.0 = Release|Any CPU
		{2A8640BB-B34D-4B8B-AB81-36865B8C9E6A}.Release|Mixed Platforms.ActiveCfg = Release|Any CPU
		{2A8640BB-B34D-4B8B-AB81-36865B8C9E6A}.Release|Mixed Platforms.Build.0 = Release|Any CPU
		{2A8640BB-B34D-4B8B-AB81-36865B8C9E6A}.Release|x86.ActiveCfg = Release|Any CPU
		{2A8640BB-B34D-4B8B-AB81-36865B8C9E6A}.Release|x86.Build.0 = Release|Any CPU
		{351B7945-39B3-46F6-9238-12D2D9807B8E}.Debug|Any CPU.ActiveCfg = Debug|Any CPU
		{351B7945-39B3-46F6-9238-12D2D9807B8E}.Debug|Any CPU.Build.0 = Debug|Any CPU
		{351B7945-39B3-46F6-9238-12D2D9807B8E}.Debug|Mixed Platforms.ActiveCfg = Debug|Any CPU
		{351B7945-39B3-46F6-9238-12D2D9807B8E}.Debug|Mixed Platforms.Build.0 = Debug|Any CPU
		{351B7945-39B3-46F6-9238-12D2D9807B8E}.Debug|x86.ActiveCfg = Debug|Any CPU
		{351B7945-39B3-46F6-9238-12D2D9807B8E}.Debug|x86.Build.0 = Debug|Any CPU
		{351B7945-39B3-46F6-9238-12D2D9807B8E}.Release|Any CPU.ActiveCfg = Release|Any CPU
		{351B7945-39B3-46F6-9238-12D2D9807B8E}.Release|Any CPU.Build.0 = Release|Any CPU
		{351B7945-39B3-46F6-9238-12D2D9807B8E}.Release|Mixed Platforms.ActiveCfg = Release|Any CPU
		{351B7945-39B3-46F6-9238-12D2D9807B8E}.Release|Mixed Platforms.Build.0 = Release|Any CPU
		{351B7945-39B3-46F6-9238-12D2D9807B8E}.Release|x86.ActiveCfg = Release|Any CPU
		{351B7945-39B3-46F6-9238-12D2D9807B8E}.Release|x86.Build.0 = Release|Any CPU
		{A3FD0999-A422-44D1-9C14-23A16AF09D58}.Debug|Any CPU.ActiveCfg = Debug|Any CPU
		{A3FD0999-A422-44D1-9C14-23A16AF09D58}.Debug|Any CPU.Build.0 = Debug|Any CPU
		{A3FD0999-A422-44D1-9C14-23A16AF09D58}.Debug|Mixed Platforms.ActiveCfg = Debug|Any CPU
		{A3FD0999-A422-44D1-9C14-23A16AF09D58}.Debug|Mixed Platforms.Build.0 = Debug|Any CPU
		{A3FD0999-A422-44D1-9C14-23A16AF09D58}.Debug|x86.ActiveCfg = Debug|Any CPU
		{A3FD0999-A422-44D1-9C14-23A16AF09D58}.Debug|x86.Build.0 = Debug|Any CPU
		{A3FD0999-A422-44D1-9C14-23A16AF09D58}.Release|Any CPU.ActiveCfg = Release|Any CPU
		{A3FD0999-A422-44D1-9C14-23A16AF09D58}.Release|Any CPU.Build.0 = Release|Any CPU
		{A3FD0999-A422-44D1-9C14-23A16AF09D58}.Release|Mixed Platforms.ActiveCfg = Release|Any CPU
		{A3FD0999-A422-44D1-9C14-23A16AF09D58}.Release|Mixed Platforms.Build.0 = Release|Any CPU
		{A3FD0999-A422-44D1-9C14-23A16AF09D58}.Release|x86.ActiveCfg = Release|Any CPU
		{A3FD0999-A422-44D1-9C14-23A16AF09D58}.Release|x86.Build.0 = Release|Any CPU
		{38F92510-976A-4351-BB51-E6FDC3AFE202}.Debug|Any CPU.ActiveCfg = Debug|Any CPU
		{38F92510-976A-4351-BB51-E6FDC3AFE202}.Debug|Any CPU.Build.0 = Debug|Any CPU
		{38F92510-976A-4351-BB51-E6FDC3AFE202}.Debug|Mixed Platforms.ActiveCfg = Debug|Any CPU
		{38F92510-976A-4351-BB51-E6FDC3AFE202}.Debug|Mixed Platforms.Build.0 = Debug|Any CPU
		{38F92510-976A-4351-BB51-E6FDC3AFE202}.Debug|x86.ActiveCfg = Debug|Any CPU
		{38F92510-976A-4351-BB51-E6FDC3AFE202}.Debug|x86.Build.0 = Debug|Any CPU
		{38F92510-976A-4351-BB51-E6FDC3AFE202}.Release|Any CPU.ActiveCfg = Release|Any CPU
		{38F92510-976A-4351-BB51-E6FDC3AFE202}.Release|Any CPU.Build.0 = Release|Any CPU
		{38F92510-976A-4351-BB51-E6FDC3AFE202}.Release|Mixed Platforms.ActiveCfg = Release|Any CPU
		{38F92510-976A-4351-BB51-E6FDC3AFE202}.Release|Mixed Platforms.Build.0 = Release|Any CPU
		{38F92510-976A-4351-BB51-E6FDC3AFE202}.Release|x86.ActiveCfg = Release|Any CPU
		{38F92510-976A-4351-BB51-E6FDC3AFE202}.Release|x86.Build.0 = Release|Any CPU
		{95243185-8C23-44F0-BE94-76AABFAF39AD}.Debug|Any CPU.ActiveCfg = Debug|Any CPU
		{95243185-8C23-44F0-BE94-76AABFAF39AD}.Debug|Any CPU.Build.0 = Debug|Any CPU
		{95243185-8C23-44F0-BE94-76AABFAF39AD}.Debug|Mixed Platforms.ActiveCfg = Debug|Any CPU
		{95243185-8C23-44F0-BE94-76AABFAF39AD}.Debug|Mixed Platforms.Build.0 = Debug|Any CPU
		{95243185-8C23-44F0-BE94-76AABFAF39AD}.Debug|x86.ActiveCfg = Debug|Any CPU
		{95243185-8C23-44F0-BE94-76AABFAF39AD}.Debug|x86.Build.0 = Debug|Any CPU
		{95243185-8C23-44F0-BE94-76AABFAF39AD}.Release|Any CPU.ActiveCfg = Release|Any CPU
		{95243185-8C23-44F0-BE94-76AABFAF39AD}.Release|Any CPU.Build.0 = Release|Any CPU
		{95243185-8C23-44F0-BE94-76AABFAF39AD}.Release|Mixed Platforms.ActiveCfg = Release|Any CPU
		{95243185-8C23-44F0-BE94-76AABFAF39AD}.Release|Mixed Platforms.Build.0 = Release|Any CPU
		{95243185-8C23-44F0-BE94-76AABFAF39AD}.Release|x86.ActiveCfg = Release|Any CPU
		{95243185-8C23-44F0-BE94-76AABFAF39AD}.Release|x86.Build.0 = Release|Any CPU
		{67FB07F5-DF73-45D6-8EFD-9C76838949BF}.Debug|Any CPU.ActiveCfg = Debug|Any CPU
		{67FB07F5-DF73-45D6-8EFD-9C76838949BF}.Debug|Any CPU.Build.0 = Debug|Any CPU
		{67FB07F5-DF73-45D6-8EFD-9C76838949BF}.Debug|Mixed Platforms.ActiveCfg = Debug|Any CPU
		{67FB07F5-DF73-45D6-8EFD-9C76838949BF}.Debug|Mixed Platforms.Build.0 = Debug|Any CPU
		{67FB07F5-DF73-45D6-8EFD-9C76838949BF}.Debug|x86.ActiveCfg = Debug|Any CPU
		{67FB07F5-DF73-45D6-8EFD-9C76838949BF}.Debug|x86.Build.0 = Debug|Any CPU
		{67FB07F5-DF73-45D6-8EFD-9C76838949BF}.Release|Any CPU.ActiveCfg = Release|Any CPU
		{67FB07F5-DF73-45D6-8EFD-9C76838949BF}.Release|Any CPU.Build.0 = Release|Any CPU
		{67FB07F5-DF73-45D6-8EFD-9C76838949BF}.Release|Mixed Platforms.ActiveCfg = Release|Any CPU
		{67FB07F5-DF73-45D6-8EFD-9C76838949BF}.Release|Mixed Platforms.Build.0 = Release|Any CPU
		{67FB07F5-DF73-45D6-8EFD-9C76838949BF}.Release|x86.ActiveCfg = Release|Any CPU
		{67FB07F5-DF73-45D6-8EFD-9C76838949BF}.Release|x86.Build.0 = Release|Any CPU
		{5D42CEC8-E315-4BAE-82F9-DB42646E73FE}.Debug|Any CPU.ActiveCfg = Debug|Any CPU
		{5D42CEC8-E315-4BAE-82F9-DB42646E73FE}.Debug|Any CPU.Build.0 = Debug|Any CPU
		{5D42CEC8-E315-4BAE-82F9-DB42646E73FE}.Debug|Mixed Platforms.ActiveCfg = Debug|Any CPU
		{5D42CEC8-E315-4BAE-82F9-DB42646E73FE}.Debug|Mixed Platforms.Build.0 = Debug|Any CPU
		{5D42CEC8-E315-4BAE-82F9-DB42646E73FE}.Debug|x86.ActiveCfg = Debug|Any CPU
		{5D42CEC8-E315-4BAE-82F9-DB42646E73FE}.Debug|x86.Build.0 = Debug|Any CPU
		{5D42CEC8-E315-4BAE-82F9-DB42646E73FE}.Release|Any CPU.ActiveCfg = Release|Any CPU
		{5D42CEC8-E315-4BAE-82F9-DB42646E73FE}.Release|Any CPU.Build.0 = Release|Any CPU
		{5D42CEC8-E315-4BAE-82F9-DB42646E73FE}.Release|Mixed Platforms.ActiveCfg = Release|Any CPU
		{5D42CEC8-E315-4BAE-82F9-DB42646E73FE}.Release|Mixed Platforms.Build.0 = Release|Any CPU
		{5D42CEC8-E315-4BAE-82F9-DB42646E73FE}.Release|x86.ActiveCfg = Release|Any CPU
		{5D42CEC8-E315-4BAE-82F9-DB42646E73FE}.Release|x86.Build.0 = Release|Any CPU
		{D6981D57-352E-4D09-999E-00A422C840EE}.Debug|Any CPU.ActiveCfg = Debug|Any CPU
		{D6981D57-352E-4D09-999E-00A422C840EE}.Debug|Any CPU.Build.0 = Debug|Any CPU
		{D6981D57-352E-4D09-999E-00A422C840EE}.Debug|Mixed Platforms.ActiveCfg = Debug|Any CPU
		{D6981D57-352E-4D09-999E-00A422C840EE}.Debug|Mixed Platforms.Build.0 = Debug|Any CPU
		{D6981D57-352E-4D09-999E-00A422C840EE}.Debug|x86.ActiveCfg = Debug|Any CPU
		{D6981D57-352E-4D09-999E-00A422C840EE}.Debug|x86.Build.0 = Debug|Any CPU
		{D6981D57-352E-4D09-999E-00A422C840EE}.Release|Any CPU.ActiveCfg = Release|Any CPU
		{D6981D57-352E-4D09-999E-00A422C840EE}.Release|Any CPU.Build.0 = Release|Any CPU
		{D6981D57-352E-4D09-999E-00A422C840EE}.Release|Mixed Platforms.ActiveCfg = Release|Any CPU
		{D6981D57-352E-4D09-999E-00A422C840EE}.Release|Mixed Platforms.Build.0 = Release|Any CPU
		{D6981D57-352E-4D09-999E-00A422C840EE}.Release|x86.ActiveCfg = Release|Any CPU
		{D6981D57-352E-4D09-999E-00A422C840EE}.Release|x86.Build.0 = Release|Any CPU
		{AB256C0C-B0DE-49A8-A5FC-9A045D53A189}.Debug|Any CPU.ActiveCfg = Debug|x86
		{AB256C0C-B0DE-49A8-A5FC-9A045D53A189}.Debug|Any CPU.Build.0 = Debug|x86
		{AB256C0C-B0DE-49A8-A5FC-9A045D53A189}.Debug|Mixed Platforms.ActiveCfg = Debug|x86
		{AB256C0C-B0DE-49A8-A5FC-9A045D53A189}.Debug|Mixed Platforms.Build.0 = Debug|x86
		{AB256C0C-B0DE-49A8-A5FC-9A045D53A189}.Debug|x86.ActiveCfg = Debug|x86
		{AB256C0C-B0DE-49A8-A5FC-9A045D53A189}.Debug|x86.Build.0 = Debug|x86
		{AB256C0C-B0DE-49A8-A5FC-9A045D53A189}.Release|Any CPU.ActiveCfg = Release|x86
		{AB256C0C-B0DE-49A8-A5FC-9A045D53A189}.Release|Any CPU.Build.0 = Release|x86
		{AB256C0C-B0DE-49A8-A5FC-9A045D53A189}.Release|Mixed Platforms.ActiveCfg = Release|x86
		{AB256C0C-B0DE-49A8-A5FC-9A045D53A189}.Release|Mixed Platforms.Build.0 = Release|x86
		{AB256C0C-B0DE-49A8-A5FC-9A045D53A189}.Release|x86.ActiveCfg = Release|x86
		{AB256C0C-B0DE-49A8-A5FC-9A045D53A189}.Release|x86.Build.0 = Release|x86
		{E8F90BB5-6BA6-4358-BDA6-E83BC4BD3ECF}.Debug|Any CPU.ActiveCfg = Debug|Any CPU
		{E8F90BB5-6BA6-4358-BDA6-E83BC4BD3ECF}.Debug|Any CPU.Build.0 = Debug|Any CPU
		{E8F90BB5-6BA6-4358-BDA6-E83BC4BD3ECF}.Debug|Mixed Platforms.ActiveCfg = Debug|Any CPU
		{E8F90BB5-6BA6-4358-BDA6-E83BC4BD3ECF}.Debug|Mixed Platforms.Build.0 = Debug|Any CPU
		{E8F90BB5-6BA6-4358-BDA6-E83BC4BD3ECF}.Debug|x86.ActiveCfg = Debug|Any CPU
		{E8F90BB5-6BA6-4358-BDA6-E83BC4BD3ECF}.Debug|x86.Build.0 = Debug|Any CPU
		{E8F90BB5-6BA6-4358-BDA6-E83BC4BD3ECF}.Release|Any CPU.ActiveCfg = Release|Any CPU
		{E8F90BB5-6BA6-4358-BDA6-E83BC4BD3ECF}.Release|Any CPU.Build.0 = Release|Any CPU
		{E8F90BB5-6BA6-4358-BDA6-E83BC4BD3ECF}.Release|Mixed Platforms.ActiveCfg = Release|Any CPU
		{E8F90BB5-6BA6-4358-BDA6-E83BC4BD3ECF}.Release|Mixed Platforms.Build.0 = Release|Any CPU
		{E8F90BB5-6BA6-4358-BDA6-E83BC4BD3ECF}.Release|x86.ActiveCfg = Release|Any CPU
		{E8F90BB5-6BA6-4358-BDA6-E83BC4BD3ECF}.Release|x86.Build.0 = Release|Any CPU
		{AAC36403-B82F-4495-9801-9626BA5E60B3}.Debug|Any CPU.ActiveCfg = Debug|Any CPU
		{AAC36403-B82F-4495-9801-9626BA5E60B3}.Debug|Any CPU.Build.0 = Debug|Any CPU
		{AAC36403-B82F-4495-9801-9626BA5E60B3}.Debug|Mixed Platforms.ActiveCfg = Debug|Any CPU
		{AAC36403-B82F-4495-9801-9626BA5E60B3}.Debug|Mixed Platforms.Build.0 = Debug|Any CPU
		{AAC36403-B82F-4495-9801-9626BA5E60B3}.Debug|x86.ActiveCfg = Debug|Any CPU
		{AAC36403-B82F-4495-9801-9626BA5E60B3}.Debug|x86.Build.0 = Debug|Any CPU
		{AAC36403-B82F-4495-9801-9626BA5E60B3}.Release|Any CPU.ActiveCfg = Release|Any CPU
		{AAC36403-B82F-4495-9801-9626BA5E60B3}.Release|Any CPU.Build.0 = Release|Any CPU
		{AAC36403-B82F-4495-9801-9626BA5E60B3}.Release|Mixed Platforms.ActiveCfg = Release|Any CPU
		{AAC36403-B82F-4495-9801-9626BA5E60B3}.Release|Mixed Platforms.Build.0 = Release|Any CPU
		{AAC36403-B82F-4495-9801-9626BA5E60B3}.Release|x86.ActiveCfg = Release|Any CPU
		{AAC36403-B82F-4495-9801-9626BA5E60B3}.Release|x86.Build.0 = Release|Any CPU
		{6EA95164-F393-4615-829C-8C919CF3E287}.Debug|Any CPU.ActiveCfg = Debug|x86
		{6EA95164-F393-4615-829C-8C919CF3E287}.Debug|Any CPU.Build.0 = Debug|x86
		{6EA95164-F393-4615-829C-8C919CF3E287}.Debug|Mixed Platforms.ActiveCfg = Debug|x86
		{6EA95164-F393-4615-829C-8C919CF3E287}.Debug|Mixed Platforms.Build.0 = Debug|x86
		{6EA95164-F393-4615-829C-8C919CF3E287}.Debug|x86.ActiveCfg = Debug|x86
		{6EA95164-F393-4615-829C-8C919CF3E287}.Debug|x86.Build.0 = Debug|x86
		{6EA95164-F393-4615-829C-8C919CF3E287}.Release|Any CPU.ActiveCfg = Release|x86
		{6EA95164-F393-4615-829C-8C919CF3E287}.Release|Any CPU.Build.0 = Release|x86
		{6EA95164-F393-4615-829C-8C919CF3E287}.Release|Mixed Platforms.ActiveCfg = Release|x86
		{6EA95164-F393-4615-829C-8C919CF3E287}.Release|Mixed Platforms.Build.0 = Release|x86
		{6EA95164-F393-4615-829C-8C919CF3E287}.Release|x86.ActiveCfg = Release|x86
		{6EA95164-F393-4615-829C-8C919CF3E287}.Release|x86.Build.0 = Release|x86
		{31DF9890-3CE6-48A7-AB73-B588F9F9D692}.Debug|Any CPU.ActiveCfg = Debug|Any CPU
		{31DF9890-3CE6-48A7-AB73-B588F9F9D692}.Debug|Any CPU.Build.0 = Debug|Any CPU
		{31DF9890-3CE6-48A7-AB73-B588F9F9D692}.Debug|Mixed Platforms.ActiveCfg = Debug|Any CPU
		{31DF9890-3CE6-48A7-AB73-B588F9F9D692}.Debug|Mixed Platforms.Build.0 = Debug|Any CPU
		{31DF9890-3CE6-48A7-AB73-B588F9F9D692}.Debug|x86.ActiveCfg = Debug|Any CPU
		{31DF9890-3CE6-48A7-AB73-B588F9F9D692}.Debug|x86.Build.0 = Debug|Any CPU
		{31DF9890-3CE6-48A7-AB73-B588F9F9D692}.Release|Any CPU.ActiveCfg = Release|Any CPU
		{31DF9890-3CE6-48A7-AB73-B588F9F9D692}.Release|Any CPU.Build.0 = Release|Any CPU
		{31DF9890-3CE6-48A7-AB73-B588F9F9D692}.Release|Mixed Platforms.ActiveCfg = Release|Any CPU
		{31DF9890-3CE6-48A7-AB73-B588F9F9D692}.Release|Mixed Platforms.Build.0 = Release|Any CPU
		{31DF9890-3CE6-48A7-AB73-B588F9F9D692}.Release|x86.ActiveCfg = Release|Any CPU
		{31DF9890-3CE6-48A7-AB73-B588F9F9D692}.Release|x86.Build.0 = Release|Any CPU
		{3F319AD0-BDC7-427C-9FA0-FFAE2E48D6AA}.Debug|Any CPU.ActiveCfg = Debug|Any CPU
		{3F319AD0-BDC7-427C-9FA0-FFAE2E48D6AA}.Debug|Any CPU.Build.0 = Debug|Any CPU
		{3F319AD0-BDC7-427C-9FA0-FFAE2E48D6AA}.Debug|Mixed Platforms.ActiveCfg = Debug|Any CPU
		{3F319AD0-BDC7-427C-9FA0-FFAE2E48D6AA}.Debug|Mixed Platforms.Build.0 = Debug|Any CPU
		{3F319AD0-BDC7-427C-9FA0-FFAE2E48D6AA}.Debug|x86.ActiveCfg = Debug|Any CPU
		{3F319AD0-BDC7-427C-9FA0-FFAE2E48D6AA}.Debug|x86.Build.0 = Debug|Any CPU
		{3F319AD0-BDC7-427C-9FA0-FFAE2E48D6AA}.Release|Any CPU.ActiveCfg = Release|Any CPU
		{3F319AD0-BDC7-427C-9FA0-FFAE2E48D6AA}.Release|Any CPU.Build.0 = Release|Any CPU
		{3F319AD0-BDC7-427C-9FA0-FFAE2E48D6AA}.Release|Mixed Platforms.ActiveCfg = Release|Any CPU
		{3F319AD0-BDC7-427C-9FA0-FFAE2E48D6AA}.Release|Mixed Platforms.Build.0 = Release|Any CPU
		{3F319AD0-BDC7-427C-9FA0-FFAE2E48D6AA}.Release|x86.ActiveCfg = Release|Any CPU
		{3F319AD0-BDC7-427C-9FA0-FFAE2E48D6AA}.Release|x86.Build.0 = Release|Any CPU
		{DA8A416C-4ABC-4215-B0F7-8134D1342FF3}.Debug|Any CPU.ActiveCfg = Debug|Any CPU
		{DA8A416C-4ABC-4215-B0F7-8134D1342FF3}.Debug|Any CPU.Build.0 = Debug|Any CPU
		{DA8A416C-4ABC-4215-B0F7-8134D1342FF3}.Debug|Mixed Platforms.ActiveCfg = Debug|Any CPU
		{DA8A416C-4ABC-4215-B0F7-8134D1342FF3}.Debug|Mixed Platforms.Build.0 = Debug|Any CPU
		{DA8A416C-4ABC-4215-B0F7-8134D1342FF3}.Debug|x86.ActiveCfg = Debug|Any CPU
		{DA8A416C-4ABC-4215-B0F7-8134D1342FF3}.Debug|x86.Build.0 = Debug|Any CPU
		{DA8A416C-4ABC-4215-B0F7-8134D1342FF3}.Release|Any CPU.ActiveCfg = Release|Any CPU
		{DA8A416C-4ABC-4215-B0F7-8134D1342FF3}.Release|Any CPU.Build.0 = Release|Any CPU
		{DA8A416C-4ABC-4215-B0F7-8134D1342FF3}.Release|Mixed Platforms.ActiveCfg = Release|Any CPU
		{DA8A416C-4ABC-4215-B0F7-8134D1342FF3}.Release|Mixed Platforms.Build.0 = Release|Any CPU
		{DA8A416C-4ABC-4215-B0F7-8134D1342FF3}.Release|x86.ActiveCfg = Release|Any CPU
		{DA8A416C-4ABC-4215-B0F7-8134D1342FF3}.Release|x86.Build.0 = Release|Any CPU
		{A71E9CAE-40CD-4448-90E9-8AF046A14870}.Debug|Any CPU.ActiveCfg = Debug|Any CPU
		{A71E9CAE-40CD-4448-90E9-8AF046A14870}.Debug|Any CPU.Build.0 = Debug|Any CPU
		{A71E9CAE-40CD-4448-90E9-8AF046A14870}.Debug|Mixed Platforms.ActiveCfg = Debug|Any CPU
		{A71E9CAE-40CD-4448-90E9-8AF046A14870}.Debug|Mixed Platforms.Build.0 = Debug|Any CPU
		{A71E9CAE-40CD-4448-90E9-8AF046A14870}.Debug|x86.ActiveCfg = Debug|Any CPU
		{A71E9CAE-40CD-4448-90E9-8AF046A14870}.Debug|x86.Build.0 = Debug|Any CPU
		{A71E9CAE-40CD-4448-90E9-8AF046A14870}.Release|Any CPU.ActiveCfg = Release|Any CPU
		{A71E9CAE-40CD-4448-90E9-8AF046A14870}.Release|Any CPU.Build.0 = Release|Any CPU
		{A71E9CAE-40CD-4448-90E9-8AF046A14870}.Release|Mixed Platforms.ActiveCfg = Release|Any CPU
		{A71E9CAE-40CD-4448-90E9-8AF046A14870}.Release|Mixed Platforms.Build.0 = Release|Any CPU
		{A71E9CAE-40CD-4448-90E9-8AF046A14870}.Release|x86.ActiveCfg = Release|Any CPU
		{A71E9CAE-40CD-4448-90E9-8AF046A14870}.Release|x86.Build.0 = Release|Any CPU
		{39CCFB8D-79A5-4BDD-8C53-B029BE27BFBC}.Debug|Any CPU.ActiveCfg = Debug|x86
		{39CCFB8D-79A5-4BDD-8C53-B029BE27BFBC}.Debug|Any CPU.Build.0 = Debug|x86
		{39CCFB8D-79A5-4BDD-8C53-B029BE27BFBC}.Debug|Mixed Platforms.ActiveCfg = Debug|x86
		{39CCFB8D-79A5-4BDD-8C53-B029BE27BFBC}.Debug|Mixed Platforms.Build.0 = Debug|x86
		{39CCFB8D-79A5-4BDD-8C53-B029BE27BFBC}.Debug|x86.ActiveCfg = Debug|x86
		{39CCFB8D-79A5-4BDD-8C53-B029BE27BFBC}.Debug|x86.Build.0 = Debug|x86
		{39CCFB8D-79A5-4BDD-8C53-B029BE27BFBC}.Release|Any CPU.ActiveCfg = Release|x86
		{39CCFB8D-79A5-4BDD-8C53-B029BE27BFBC}.Release|Any CPU.Build.0 = Release|x86
		{39CCFB8D-79A5-4BDD-8C53-B029BE27BFBC}.Release|Mixed Platforms.ActiveCfg = Release|x86
		{39CCFB8D-79A5-4BDD-8C53-B029BE27BFBC}.Release|Mixed Platforms.Build.0 = Release|x86
		{39CCFB8D-79A5-4BDD-8C53-B029BE27BFBC}.Release|x86.ActiveCfg = Release|x86
		{39CCFB8D-79A5-4BDD-8C53-B029BE27BFBC}.Release|x86.Build.0 = Release|x86
		{10829C56-3DA9-4A56-BA01-4ED8821C2E36}.Debug|Any CPU.ActiveCfg = Debug|x86
		{10829C56-3DA9-4A56-BA01-4ED8821C2E36}.Debug|Any CPU.Build.0 = Debug|x86
		{10829C56-3DA9-4A56-BA01-4ED8821C2E36}.Debug|Mixed Platforms.ActiveCfg = Debug|x86
		{10829C56-3DA9-4A56-BA01-4ED8821C2E36}.Debug|Mixed Platforms.Build.0 = Debug|x86
		{10829C56-3DA9-4A56-BA01-4ED8821C2E36}.Debug|x86.ActiveCfg = Debug|x86
		{10829C56-3DA9-4A56-BA01-4ED8821C2E36}.Debug|x86.Build.0 = Debug|x86
		{10829C56-3DA9-4A56-BA01-4ED8821C2E36}.Release|Any CPU.ActiveCfg = Release|x86
		{10829C56-3DA9-4A56-BA01-4ED8821C2E36}.Release|Any CPU.Build.0 = Release|x86
		{10829C56-3DA9-4A56-BA01-4ED8821C2E36}.Release|Mixed Platforms.ActiveCfg = Release|x86
		{10829C56-3DA9-4A56-BA01-4ED8821C2E36}.Release|Mixed Platforms.Build.0 = Release|x86
		{10829C56-3DA9-4A56-BA01-4ED8821C2E36}.Release|x86.ActiveCfg = Release|x86
		{10829C56-3DA9-4A56-BA01-4ED8821C2E36}.Release|x86.Build.0 = Release|x86
		{441B669B-5AB0-4D9B-AEC1-79C6940A5F17}.Debug|Any CPU.ActiveCfg = Debug|x86
		{441B669B-5AB0-4D9B-AEC1-79C6940A5F17}.Debug|Any CPU.Build.0 = Debug|x86
		{441B669B-5AB0-4D9B-AEC1-79C6940A5F17}.Debug|Mixed Platforms.ActiveCfg = Debug|x86
		{441B669B-5AB0-4D9B-AEC1-79C6940A5F17}.Debug|Mixed Platforms.Build.0 = Debug|x86
		{441B669B-5AB0-4D9B-AEC1-79C6940A5F17}.Debug|x86.ActiveCfg = Debug|x86
		{441B669B-5AB0-4D9B-AEC1-79C6940A5F17}.Debug|x86.Build.0 = Debug|x86
		{441B669B-5AB0-4D9B-AEC1-79C6940A5F17}.Release|Any CPU.ActiveCfg = Release|x86
		{441B669B-5AB0-4D9B-AEC1-79C6940A5F17}.Release|Any CPU.Build.0 = Release|x86
		{441B669B-5AB0-4D9B-AEC1-79C6940A5F17}.Release|Mixed Platforms.ActiveCfg = Release|x86
		{441B669B-5AB0-4D9B-AEC1-79C6940A5F17}.Release|Mixed Platforms.Build.0 = Release|x86
		{441B669B-5AB0-4D9B-AEC1-79C6940A5F17}.Release|x86.ActiveCfg = Release|x86
		{441B669B-5AB0-4D9B-AEC1-79C6940A5F17}.Release|x86.Build.0 = Release|x86
		{009509AE-B682-46BF-AD33-9AB4F08C247C}.Debug|Any CPU.ActiveCfg = Debug|x86
		{009509AE-B682-46BF-AD33-9AB4F08C247C}.Debug|Any CPU.Build.0 = Debug|x86
		{009509AE-B682-46BF-AD33-9AB4F08C247C}.Debug|Mixed Platforms.ActiveCfg = Debug|x86
		{009509AE-B682-46BF-AD33-9AB4F08C247C}.Debug|Mixed Platforms.Build.0 = Debug|x86
		{009509AE-B682-46BF-AD33-9AB4F08C247C}.Debug|x86.ActiveCfg = Debug|x86
		{009509AE-B682-46BF-AD33-9AB4F08C247C}.Debug|x86.Build.0 = Debug|x86
		{009509AE-B682-46BF-AD33-9AB4F08C247C}.Release|Any CPU.ActiveCfg = Release|x86
		{009509AE-B682-46BF-AD33-9AB4F08C247C}.Release|Any CPU.Build.0 = Release|x86
		{009509AE-B682-46BF-AD33-9AB4F08C247C}.Release|Mixed Platforms.ActiveCfg = Release|x86
		{009509AE-B682-46BF-AD33-9AB4F08C247C}.Release|Mixed Platforms.Build.0 = Release|x86
		{009509AE-B682-46BF-AD33-9AB4F08C247C}.Release|x86.ActiveCfg = Release|x86
		{009509AE-B682-46BF-AD33-9AB4F08C247C}.Release|x86.Build.0 = Release|x86
		{50B3916F-8919-4251-BC8B-B65F0C78EF5C}.Debug|Any CPU.ActiveCfg = Debug|x86
		{50B3916F-8919-4251-BC8B-B65F0C78EF5C}.Debug|Any CPU.Build.0 = Debug|x86
		{50B3916F-8919-4251-BC8B-B65F0C78EF5C}.Debug|Mixed Platforms.ActiveCfg = Debug|x86
		{50B3916F-8919-4251-BC8B-B65F0C78EF5C}.Debug|Mixed Platforms.Build.0 = Debug|x86
		{50B3916F-8919-4251-BC8B-B65F0C78EF5C}.Debug|x86.ActiveCfg = Debug|x86
		{50B3916F-8919-4251-BC8B-B65F0C78EF5C}.Debug|x86.Build.0 = Debug|x86
		{50B3916F-8919-4251-BC8B-B65F0C78EF5C}.Release|Any CPU.ActiveCfg = Release|x86
		{50B3916F-8919-4251-BC8B-B65F0C78EF5C}.Release|Any CPU.Build.0 = Release|x86
		{50B3916F-8919-4251-BC8B-B65F0C78EF5C}.Release|Mixed Platforms.ActiveCfg = Release|x86
		{50B3916F-8919-4251-BC8B-B65F0C78EF5C}.Release|Mixed Platforms.Build.0 = Release|x86
		{50B3916F-8919-4251-BC8B-B65F0C78EF5C}.Release|x86.ActiveCfg = Release|x86
		{50B3916F-8919-4251-BC8B-B65F0C78EF5C}.Release|x86.Build.0 = Release|x86
		{64A43B64-7647-425C-B0E6-2E27DA6DBDDA}.Debug|Any CPU.ActiveCfg = Debug|x86
		{64A43B64-7647-425C-B0E6-2E27DA6DBDDA}.Debug|Any CPU.Build.0 = Debug|x86
		{64A43B64-7647-425C-B0E6-2E27DA6DBDDA}.Debug|Mixed Platforms.ActiveCfg = Debug|x86
		{64A43B64-7647-425C-B0E6-2E27DA6DBDDA}.Debug|Mixed Platforms.Build.0 = Debug|x86
		{64A43B64-7647-425C-B0E6-2E27DA6DBDDA}.Debug|x86.ActiveCfg = Debug|x86
		{64A43B64-7647-425C-B0E6-2E27DA6DBDDA}.Debug|x86.Build.0 = Debug|x86
		{64A43B64-7647-425C-B0E6-2E27DA6DBDDA}.Release|Any CPU.ActiveCfg = Release|x86
		{64A43B64-7647-425C-B0E6-2E27DA6DBDDA}.Release|Any CPU.Build.0 = Release|x86
		{64A43B64-7647-425C-B0E6-2E27DA6DBDDA}.Release|Mixed Platforms.ActiveCfg = Release|x86
		{64A43B64-7647-425C-B0E6-2E27DA6DBDDA}.Release|Mixed Platforms.Build.0 = Release|x86
		{64A43B64-7647-425C-B0E6-2E27DA6DBDDA}.Release|x86.ActiveCfg = Release|x86
		{64A43B64-7647-425C-B0E6-2E27DA6DBDDA}.Release|x86.Build.0 = Release|x86
		{55A80C0E-E3D4-43EB-8C91-D6EF18BFA9DC}.Debug|Any CPU.ActiveCfg = Debug|Any CPU
		{55A80C0E-E3D4-43EB-8C91-D6EF18BFA9DC}.Debug|Any CPU.Build.0 = Debug|Any CPU
		{55A80C0E-E3D4-43EB-8C91-D6EF18BFA9DC}.Debug|Mixed Platforms.ActiveCfg = Debug|Any CPU
		{55A80C0E-E3D4-43EB-8C91-D6EF18BFA9DC}.Debug|Mixed Platforms.Build.0 = Debug|Any CPU
		{55A80C0E-E3D4-43EB-8C91-D6EF18BFA9DC}.Debug|x86.ActiveCfg = Debug|Any CPU
		{55A80C0E-E3D4-43EB-8C91-D6EF18BFA9DC}.Debug|x86.Build.0 = Debug|Any CPU
		{55A80C0E-E3D4-43EB-8C91-D6EF18BFA9DC}.Release|Any CPU.ActiveCfg = Release|Any CPU
		{55A80C0E-E3D4-43EB-8C91-D6EF18BFA9DC}.Release|Any CPU.Build.0 = Release|Any CPU
		{55A80C0E-E3D4-43EB-8C91-D6EF18BFA9DC}.Release|Mixed Platforms.ActiveCfg = Release|Any CPU
		{55A80C0E-E3D4-43EB-8C91-D6EF18BFA9DC}.Release|Mixed Platforms.Build.0 = Release|Any CPU
		{55A80C0E-E3D4-43EB-8C91-D6EF18BFA9DC}.Release|x86.ActiveCfg = Release|Any CPU
		{55A80C0E-E3D4-43EB-8C91-D6EF18BFA9DC}.Release|x86.Build.0 = Release|Any CPU
		{102B54C3-59BF-45D4-983C-A1A7BCA3E327}.Debug|Any CPU.ActiveCfg = Debug|Any CPU
		{102B54C3-59BF-45D4-983C-A1A7BCA3E327}.Debug|Any CPU.Build.0 = Debug|Any CPU
		{102B54C3-59BF-45D4-983C-A1A7BCA3E327}.Debug|Mixed Platforms.ActiveCfg = Debug|Any CPU
		{102B54C3-59BF-45D4-983C-A1A7BCA3E327}.Debug|Mixed Platforms.Build.0 = Debug|Any CPU
		{102B54C3-59BF-45D4-983C-A1A7BCA3E327}.Debug|x86.ActiveCfg = Debug|Any CPU
		{102B54C3-59BF-45D4-983C-A1A7BCA3E327}.Debug|x86.Build.0 = Debug|Any CPU
		{102B54C3-59BF-45D4-983C-A1A7BCA3E327}.Release|Any CPU.ActiveCfg = Release|Any CPU
		{102B54C3-59BF-45D4-983C-A1A7BCA3E327}.Release|Any CPU.Build.0 = Release|Any CPU
		{102B54C3-59BF-45D4-983C-A1A7BCA3E327}.Release|Mixed Platforms.ActiveCfg = Release|Any CPU
		{102B54C3-59BF-45D4-983C-A1A7BCA3E327}.Release|Mixed Platforms.Build.0 = Release|Any CPU
		{102B54C3-59BF-45D4-983C-A1A7BCA3E327}.Release|x86.ActiveCfg = Release|Any CPU
		{102B54C3-59BF-45D4-983C-A1A7BCA3E327}.Release|x86.Build.0 = Release|Any CPU
		{73F5C0A2-08A3-4B41-AE55-C60F0576389B}.Debug|Any CPU.ActiveCfg = Debug|Any CPU
		{73F5C0A2-08A3-4B41-AE55-C60F0576389B}.Debug|Any CPU.Build.0 = Debug|Any CPU
		{73F5C0A2-08A3-4B41-AE55-C60F0576389B}.Debug|Mixed Platforms.ActiveCfg = Debug|Any CPU
		{73F5C0A2-08A3-4B41-AE55-C60F0576389B}.Debug|Mixed Platforms.Build.0 = Debug|Any CPU
		{73F5C0A2-08A3-4B41-AE55-C60F0576389B}.Debug|x86.ActiveCfg = Debug|Any CPU
		{73F5C0A2-08A3-4B41-AE55-C60F0576389B}.Debug|x86.Build.0 = Debug|Any CPU
		{73F5C0A2-08A3-4B41-AE55-C60F0576389B}.Release|Any CPU.ActiveCfg = Release|Any CPU
		{73F5C0A2-08A3-4B41-AE55-C60F0576389B}.Release|Any CPU.Build.0 = Release|Any CPU
		{73F5C0A2-08A3-4B41-AE55-C60F0576389B}.Release|Mixed Platforms.ActiveCfg = Release|Any CPU
		{73F5C0A2-08A3-4B41-AE55-C60F0576389B}.Release|Mixed Platforms.Build.0 = Release|Any CPU
		{73F5C0A2-08A3-4B41-AE55-C60F0576389B}.Release|x86.ActiveCfg = Release|Any CPU
		{73F5C0A2-08A3-4B41-AE55-C60F0576389B}.Release|x86.Build.0 = Release|Any CPU
		{B7EEEAE2-4263-44FC-B7EE-1221AFA735AD}.Debug|Any CPU.ActiveCfg = Debug|Any CPU
		{B7EEEAE2-4263-44FC-B7EE-1221AFA735AD}.Debug|Any CPU.Build.0 = Debug|Any CPU
		{B7EEEAE2-4263-44FC-B7EE-1221AFA735AD}.Debug|Mixed Platforms.ActiveCfg = Debug|Any CPU
		{B7EEEAE2-4263-44FC-B7EE-1221AFA735AD}.Debug|Mixed Platforms.Build.0 = Debug|Any CPU
		{B7EEEAE2-4263-44FC-B7EE-1221AFA735AD}.Debug|x86.ActiveCfg = Debug|Any CPU
		{B7EEEAE2-4263-44FC-B7EE-1221AFA735AD}.Debug|x86.Build.0 = Debug|Any CPU
		{B7EEEAE2-4263-44FC-B7EE-1221AFA735AD}.Release|Any CPU.ActiveCfg = Release|Any CPU
		{B7EEEAE2-4263-44FC-B7EE-1221AFA735AD}.Release|Any CPU.Build.0 = Release|Any CPU
		{B7EEEAE2-4263-44FC-B7EE-1221AFA735AD}.Release|Mixed Platforms.ActiveCfg = Release|Any CPU
		{B7EEEAE2-4263-44FC-B7EE-1221AFA735AD}.Release|Mixed Platforms.Build.0 = Release|Any CPU
		{B7EEEAE2-4263-44FC-B7EE-1221AFA735AD}.Release|x86.ActiveCfg = Release|Any CPU
		{B7EEEAE2-4263-44FC-B7EE-1221AFA735AD}.Release|x86.Build.0 = Release|Any CPU
		{5B39BF96-8C2F-4FDF-A82D-603010A30846}.Debug|Any CPU.ActiveCfg = Debug|x86
		{5B39BF96-8C2F-4FDF-A82D-603010A30846}.Debug|Any CPU.Build.0 = Debug|x86
		{5B39BF96-8C2F-4FDF-A82D-603010A30846}.Debug|Mixed Platforms.ActiveCfg = Debug|x86
		{5B39BF96-8C2F-4FDF-A82D-603010A30846}.Debug|Mixed Platforms.Build.0 = Debug|x86
		{5B39BF96-8C2F-4FDF-A82D-603010A30846}.Debug|x86.ActiveCfg = Debug|x86
		{5B39BF96-8C2F-4FDF-A82D-603010A30846}.Debug|x86.Build.0 = Debug|x86
		{5B39BF96-8C2F-4FDF-A82D-603010A30846}.Release|Any CPU.ActiveCfg = Release|x86
		{5B39BF96-8C2F-4FDF-A82D-603010A30846}.Release|Any CPU.Build.0 = Release|x86
		{5B39BF96-8C2F-4FDF-A82D-603010A30846}.Release|Mixed Platforms.ActiveCfg = Release|x86
		{5B39BF96-8C2F-4FDF-A82D-603010A30846}.Release|Mixed Platforms.Build.0 = Release|x86
		{5B39BF96-8C2F-4FDF-A82D-603010A30846}.Release|x86.ActiveCfg = Release|x86
		{5B39BF96-8C2F-4FDF-A82D-603010A30846}.Release|x86.Build.0 = Release|x86
		{DDB16AB4-D5EF-4C12-9925-5789C4E74925}.Debug|Any CPU.ActiveCfg = Debug|Any CPU
		{DDB16AB4-D5EF-4C12-9925-5789C4E74925}.Debug|Any CPU.Build.0 = Debug|Any CPU
		{DDB16AB4-D5EF-4C12-9925-5789C4E74925}.Debug|Mixed Platforms.ActiveCfg = Debug|Any CPU
		{DDB16AB4-D5EF-4C12-9925-5789C4E74925}.Debug|Mixed Platforms.Build.0 = Debug|Any CPU
		{DDB16AB4-D5EF-4C12-9925-5789C4E74925}.Debug|x86.ActiveCfg = Debug|Any CPU
		{DDB16AB4-D5EF-4C12-9925-5789C4E74925}.Debug|x86.Build.0 = Debug|Any CPU
		{DDB16AB4-D5EF-4C12-9925-5789C4E74925}.Release|Any CPU.ActiveCfg = Release|Any CPU
		{DDB16AB4-D5EF-4C12-9925-5789C4E74925}.Release|Any CPU.Build.0 = Release|Any CPU
		{DDB16AB4-D5EF-4C12-9925-5789C4E74925}.Release|Mixed Platforms.ActiveCfg = Release|Any CPU
		{DDB16AB4-D5EF-4C12-9925-5789C4E74925}.Release|Mixed Platforms.Build.0 = Release|Any CPU
		{DDB16AB4-D5EF-4C12-9925-5789C4E74925}.Release|x86.ActiveCfg = Release|Any CPU
		{DDB16AB4-D5EF-4C12-9925-5789C4E74925}.Release|x86.Build.0 = Release|Any CPU
		{874021E6-8DFC-429F-963B-328B4B0ABFE3}.Debug|Any CPU.ActiveCfg = Debug|Any CPU
		{874021E6-8DFC-429F-963B-328B4B0ABFE3}.Debug|Any CPU.Build.0 = Debug|Any CPU
		{874021E6-8DFC-429F-963B-328B4B0ABFE3}.Debug|Mixed Platforms.ActiveCfg = Debug|Any CPU
		{874021E6-8DFC-429F-963B-328B4B0ABFE3}.Debug|Mixed Platforms.Build.0 = Debug|Any CPU
		{874021E6-8DFC-429F-963B-328B4B0ABFE3}.Debug|x86.ActiveCfg = Debug|Any CPU
		{874021E6-8DFC-429F-963B-328B4B0ABFE3}.Debug|x86.Build.0 = Debug|Any CPU
		{874021E6-8DFC-429F-963B-328B4B0ABFE3}.Release|Any CPU.ActiveCfg = Release|Any CPU
		{874021E6-8DFC-429F-963B-328B4B0ABFE3}.Release|Any CPU.Build.0 = Release|Any CPU
		{874021E6-8DFC-429F-963B-328B4B0ABFE3}.Release|Mixed Platforms.ActiveCfg = Release|Any CPU
		{874021E6-8DFC-429F-963B-328B4B0ABFE3}.Release|Mixed Platforms.Build.0 = Release|Any CPU
		{874021E6-8DFC-429F-963B-328B4B0ABFE3}.Release|x86.ActiveCfg = Release|Any CPU
		{874021E6-8DFC-429F-963B-328B4B0ABFE3}.Release|x86.Build.0 = Release|Any CPU
		{066A2F66-BDED-41B7-A00F-6AEFA2AA9DBF}.Debug|Any CPU.ActiveCfg = Debug|Any CPU
		{066A2F66-BDED-41B7-A00F-6AEFA2AA9DBF}.Debug|Any CPU.Build.0 = Debug|Any CPU
		{066A2F66-BDED-41B7-A00F-6AEFA2AA9DBF}.Debug|Mixed Platforms.ActiveCfg = Debug|Any CPU
		{066A2F66-BDED-41B7-A00F-6AEFA2AA9DBF}.Debug|Mixed Platforms.Build.0 = Debug|Any CPU
		{066A2F66-BDED-41B7-A00F-6AEFA2AA9DBF}.Debug|x86.ActiveCfg = Debug|Any CPU
		{066A2F66-BDED-41B7-A00F-6AEFA2AA9DBF}.Debug|x86.Build.0 = Debug|Any CPU
		{066A2F66-BDED-41B7-A00F-6AEFA2AA9DBF}.Release|Any CPU.ActiveCfg = Release|Any CPU
		{066A2F66-BDED-41B7-A00F-6AEFA2AA9DBF}.Release|Any CPU.Build.0 = Release|Any CPU
		{066A2F66-BDED-41B7-A00F-6AEFA2AA9DBF}.Release|Mixed Platforms.ActiveCfg = Release|Any CPU
		{066A2F66-BDED-41B7-A00F-6AEFA2AA9DBF}.Release|Mixed Platforms.Build.0 = Release|Any CPU
		{066A2F66-BDED-41B7-A00F-6AEFA2AA9DBF}.Release|x86.ActiveCfg = Release|Any CPU
		{066A2F66-BDED-41B7-A00F-6AEFA2AA9DBF}.Release|x86.Build.0 = Release|Any CPU
		{2D1A1879-95B8-480F-B422-28E7E856764C}.Debug|Any CPU.ActiveCfg = Debug|x86
		{2D1A1879-95B8-480F-B422-28E7E856764C}.Debug|Any CPU.Build.0 = Debug|x86
		{2D1A1879-95B8-480F-B422-28E7E856764C}.Debug|Mixed Platforms.ActiveCfg = Debug|x86
		{2D1A1879-95B8-480F-B422-28E7E856764C}.Debug|Mixed Platforms.Build.0 = Debug|x86
		{2D1A1879-95B8-480F-B422-28E7E856764C}.Debug|x86.ActiveCfg = Debug|x86
		{2D1A1879-95B8-480F-B422-28E7E856764C}.Debug|x86.Build.0 = Debug|x86
		{2D1A1879-95B8-480F-B422-28E7E856764C}.Release|Any CPU.ActiveCfg = Release|x86
		{2D1A1879-95B8-480F-B422-28E7E856764C}.Release|Any CPU.Build.0 = Release|x86
		{2D1A1879-95B8-480F-B422-28E7E856764C}.Release|Mixed Platforms.ActiveCfg = Release|x86
		{2D1A1879-95B8-480F-B422-28E7E856764C}.Release|Mixed Platforms.Build.0 = Release|x86
		{2D1A1879-95B8-480F-B422-28E7E856764C}.Release|x86.ActiveCfg = Release|x86
		{2D1A1879-95B8-480F-B422-28E7E856764C}.Release|x86.Build.0 = Release|x86
		{098879F0-5DB2-4CF0-945D-976093586460}.Debug|Any CPU.ActiveCfg = Debug|Any CPU
		{098879F0-5DB2-4CF0-945D-976093586460}.Debug|Any CPU.Build.0 = Debug|Any CPU
		{098879F0-5DB2-4CF0-945D-976093586460}.Debug|Mixed Platforms.ActiveCfg = Debug|Any CPU
		{098879F0-5DB2-4CF0-945D-976093586460}.Debug|Mixed Platforms.Build.0 = Debug|Any CPU
		{098879F0-5DB2-4CF0-945D-976093586460}.Debug|x86.ActiveCfg = Debug|Any CPU
		{098879F0-5DB2-4CF0-945D-976093586460}.Debug|x86.Build.0 = Debug|Any CPU
		{098879F0-5DB2-4CF0-945D-976093586460}.Release|Any CPU.ActiveCfg = Release|Any CPU
		{098879F0-5DB2-4CF0-945D-976093586460}.Release|Any CPU.Build.0 = Release|Any CPU
		{098879F0-5DB2-4CF0-945D-976093586460}.Release|Mixed Platforms.ActiveCfg = Release|Any CPU
		{098879F0-5DB2-4CF0-945D-976093586460}.Release|Mixed Platforms.Build.0 = Release|Any CPU
		{098879F0-5DB2-4CF0-945D-976093586460}.Release|x86.ActiveCfg = Release|Any CPU
		{098879F0-5DB2-4CF0-945D-976093586460}.Release|x86.Build.0 = Release|Any CPU
		{62E86F2B-8C9F-4AA1-AC0E-1FD9053342F6}.Debug|Any CPU.ActiveCfg = Debug|Any CPU
		{62E86F2B-8C9F-4AA1-AC0E-1FD9053342F6}.Debug|Any CPU.Build.0 = Debug|Any CPU
		{62E86F2B-8C9F-4AA1-AC0E-1FD9053342F6}.Debug|Mixed Platforms.ActiveCfg = Debug|Any CPU
		{62E86F2B-8C9F-4AA1-AC0E-1FD9053342F6}.Debug|Mixed Platforms.Build.0 = Debug|Any CPU
		{62E86F2B-8C9F-4AA1-AC0E-1FD9053342F6}.Debug|x86.ActiveCfg = Debug|Any CPU
		{62E86F2B-8C9F-4AA1-AC0E-1FD9053342F6}.Debug|x86.Build.0 = Debug|Any CPU
		{62E86F2B-8C9F-4AA1-AC0E-1FD9053342F6}.Release|Any CPU.ActiveCfg = Release|Any CPU
		{62E86F2B-8C9F-4AA1-AC0E-1FD9053342F6}.Release|Any CPU.Build.0 = Release|Any CPU
		{62E86F2B-8C9F-4AA1-AC0E-1FD9053342F6}.Release|Mixed Platforms.ActiveCfg = Release|Any CPU
		{62E86F2B-8C9F-4AA1-AC0E-1FD9053342F6}.Release|Mixed Platforms.Build.0 = Release|Any CPU
		{62E86F2B-8C9F-4AA1-AC0E-1FD9053342F6}.Release|x86.ActiveCfg = Release|Any CPU
		{62E86F2B-8C9F-4AA1-AC0E-1FD9053342F6}.Release|x86.Build.0 = Release|Any CPU
		{178DD60F-1DD1-42BD-94D0-CAC685391387}.Debug|Any CPU.ActiveCfg = Debug|Any CPU
		{178DD60F-1DD1-42BD-94D0-CAC685391387}.Debug|Any CPU.Build.0 = Debug|Any CPU
		{178DD60F-1DD1-42BD-94D0-CAC685391387}.Debug|Mixed Platforms.ActiveCfg = Debug|Any CPU
		{178DD60F-1DD1-42BD-94D0-CAC685391387}.Debug|Mixed Platforms.Build.0 = Debug|Any CPU
		{178DD60F-1DD1-42BD-94D0-CAC685391387}.Debug|x86.ActiveCfg = Debug|Any CPU
		{178DD60F-1DD1-42BD-94D0-CAC685391387}.Debug|x86.Build.0 = Debug|Any CPU
		{178DD60F-1DD1-42BD-94D0-CAC685391387}.Release|Any CPU.ActiveCfg = Release|Any CPU
		{178DD60F-1DD1-42BD-94D0-CAC685391387}.Release|Any CPU.Build.0 = Release|Any CPU
		{178DD60F-1DD1-42BD-94D0-CAC685391387}.Release|Mixed Platforms.ActiveCfg = Release|Any CPU
		{178DD60F-1DD1-42BD-94D0-CAC685391387}.Release|Mixed Platforms.Build.0 = Release|Any CPU
		{178DD60F-1DD1-42BD-94D0-CAC685391387}.Release|x86.ActiveCfg = Release|Any CPU
		{178DD60F-1DD1-42BD-94D0-CAC685391387}.Release|x86.Build.0 = Release|Any CPU
		{8363CE43-D24C-4D59-89BD-7789A0E0841E}.Debug|Any CPU.ActiveCfg = Debug|Any CPU
		{8363CE43-D24C-4D59-89BD-7789A0E0841E}.Debug|Any CPU.Build.0 = Debug|Any CPU
		{8363CE43-D24C-4D59-89BD-7789A0E0841E}.Debug|Mixed Platforms.ActiveCfg = Debug|Any CPU
		{8363CE43-D24C-4D59-89BD-7789A0E0841E}.Debug|Mixed Platforms.Build.0 = Debug|Any CPU
		{8363CE43-D24C-4D59-89BD-7789A0E0841E}.Debug|x86.ActiveCfg = Debug|Any CPU
		{8363CE43-D24C-4D59-89BD-7789A0E0841E}.Debug|x86.Build.0 = Debug|Any CPU
		{8363CE43-D24C-4D59-89BD-7789A0E0841E}.Release|Any CPU.ActiveCfg = Release|Any CPU
		{8363CE43-D24C-4D59-89BD-7789A0E0841E}.Release|Any CPU.Build.0 = Release|Any CPU
		{8363CE43-D24C-4D59-89BD-7789A0E0841E}.Release|Mixed Platforms.ActiveCfg = Release|Any CPU
		{8363CE43-D24C-4D59-89BD-7789A0E0841E}.Release|Mixed Platforms.Build.0 = Release|Any CPU
		{8363CE43-D24C-4D59-89BD-7789A0E0841E}.Release|x86.ActiveCfg = Release|Any CPU
		{8363CE43-D24C-4D59-89BD-7789A0E0841E}.Release|x86.Build.0 = Release|Any CPU
		{1A08B5CD-14F5-4887-85BF-5760A96EA8AC}.Debug|Any CPU.ActiveCfg = Debug|x86
		{1A08B5CD-14F5-4887-85BF-5760A96EA8AC}.Debug|Any CPU.Build.0 = Debug|x86
		{1A08B5CD-14F5-4887-85BF-5760A96EA8AC}.Debug|Mixed Platforms.ActiveCfg = Debug|x86
		{1A08B5CD-14F5-4887-85BF-5760A96EA8AC}.Debug|Mixed Platforms.Build.0 = Debug|x86
		{1A08B5CD-14F5-4887-85BF-5760A96EA8AC}.Debug|x86.ActiveCfg = Debug|x86
		{1A08B5CD-14F5-4887-85BF-5760A96EA8AC}.Debug|x86.Build.0 = Debug|x86
		{1A08B5CD-14F5-4887-85BF-5760A96EA8AC}.Release|Any CPU.ActiveCfg = Release|x86
		{1A08B5CD-14F5-4887-85BF-5760A96EA8AC}.Release|Any CPU.Build.0 = Release|x86
		{1A08B5CD-14F5-4887-85BF-5760A96EA8AC}.Release|Mixed Platforms.ActiveCfg = Release|x86
		{1A08B5CD-14F5-4887-85BF-5760A96EA8AC}.Release|Mixed Platforms.Build.0 = Release|x86
		{1A08B5CD-14F5-4887-85BF-5760A96EA8AC}.Release|x86.ActiveCfg = Release|x86
		{1A08B5CD-14F5-4887-85BF-5760A96EA8AC}.Release|x86.Build.0 = Release|x86
		{081F084D-70AB-42AA-A1E7-460F52620CA7}.Debug|Any CPU.ActiveCfg = Debug|x86
		{081F084D-70AB-42AA-A1E7-460F52620CA7}.Debug|Any CPU.Build.0 = Debug|x86
		{081F084D-70AB-42AA-A1E7-460F52620CA7}.Debug|Mixed Platforms.ActiveCfg = Debug|x86
		{081F084D-70AB-42AA-A1E7-460F52620CA7}.Debug|Mixed Platforms.Build.0 = Debug|x86
		{081F084D-70AB-42AA-A1E7-460F52620CA7}.Debug|x86.ActiveCfg = Debug|x86
		{081F084D-70AB-42AA-A1E7-460F52620CA7}.Debug|x86.Build.0 = Debug|x86
		{081F084D-70AB-42AA-A1E7-460F52620CA7}.Release|Any CPU.ActiveCfg = Release|x86
		{081F084D-70AB-42AA-A1E7-460F52620CA7}.Release|Any CPU.Build.0 = Release|x86
		{081F084D-70AB-42AA-A1E7-460F52620CA7}.Release|Mixed Platforms.ActiveCfg = Release|x86
		{081F084D-70AB-42AA-A1E7-460F52620CA7}.Release|Mixed Platforms.Build.0 = Release|x86
		{081F084D-70AB-42AA-A1E7-460F52620CA7}.Release|x86.ActiveCfg = Release|x86
		{081F084D-70AB-42AA-A1E7-460F52620CA7}.Release|x86.Build.0 = Release|x86
		{2ADF7F14-AA94-4A70-B28F-668964626E8F}.Debug|Any CPU.ActiveCfg = Debug|x86
		{2ADF7F14-AA94-4A70-B28F-668964626E8F}.Debug|Any CPU.Build.0 = Debug|x86
		{2ADF7F14-AA94-4A70-B28F-668964626E8F}.Debug|Mixed Platforms.ActiveCfg = Debug|x86
		{2ADF7F14-AA94-4A70-B28F-668964626E8F}.Debug|Mixed Platforms.Build.0 = Debug|x86
		{2ADF7F14-AA94-4A70-B28F-668964626E8F}.Debug|x86.ActiveCfg = Debug|x86
		{2ADF7F14-AA94-4A70-B28F-668964626E8F}.Debug|x86.Build.0 = Debug|x86
		{2ADF7F14-AA94-4A70-B28F-668964626E8F}.Release|Any CPU.ActiveCfg = Release|x86
		{2ADF7F14-AA94-4A70-B28F-668964626E8F}.Release|Any CPU.Build.0 = Release|x86
		{2ADF7F14-AA94-4A70-B28F-668964626E8F}.Release|Mixed Platforms.ActiveCfg = Release|x86
		{2ADF7F14-AA94-4A70-B28F-668964626E8F}.Release|Mixed Platforms.Build.0 = Release|x86
		{2ADF7F14-AA94-4A70-B28F-668964626E8F}.Release|x86.ActiveCfg = Release|x86
		{2ADF7F14-AA94-4A70-B28F-668964626E8F}.Release|x86.Build.0 = Release|x86
		{ADEE4BCD-BE8F-4EC5-8D00-AA6442B86415}.Debug|Any CPU.ActiveCfg = Debug|Any CPU
		{ADEE4BCD-BE8F-4EC5-8D00-AA6442B86415}.Debug|Any CPU.Build.0 = Debug|Any CPU
		{ADEE4BCD-BE8F-4EC5-8D00-AA6442B86415}.Debug|Mixed Platforms.ActiveCfg = Debug|Any CPU
		{ADEE4BCD-BE8F-4EC5-8D00-AA6442B86415}.Debug|Mixed Platforms.Build.0 = Debug|Any CPU
		{ADEE4BCD-BE8F-4EC5-8D00-AA6442B86415}.Debug|x86.ActiveCfg = Debug|Any CPU
		{ADEE4BCD-BE8F-4EC5-8D00-AA6442B86415}.Debug|x86.Build.0 = Debug|Any CPU
		{ADEE4BCD-BE8F-4EC5-8D00-AA6442B86415}.Release|Any CPU.ActiveCfg = Release|Any CPU
		{ADEE4BCD-BE8F-4EC5-8D00-AA6442B86415}.Release|Any CPU.Build.0 = Release|Any CPU
		{ADEE4BCD-BE8F-4EC5-8D00-AA6442B86415}.Release|Mixed Platforms.ActiveCfg = Release|Any CPU
		{ADEE4BCD-BE8F-4EC5-8D00-AA6442B86415}.Release|Mixed Platforms.Build.0 = Release|Any CPU
		{ADEE4BCD-BE8F-4EC5-8D00-AA6442B86415}.Release|x86.ActiveCfg = Release|Any CPU
		{ADEE4BCD-BE8F-4EC5-8D00-AA6442B86415}.Release|x86.Build.0 = Release|Any CPU
		{BB6E51C1-BC8B-40D8-8777-27BF97B2105C}.Debug|Any CPU.ActiveCfg = Debug|x86
		{BB6E51C1-BC8B-40D8-8777-27BF97B2105C}.Debug|Any CPU.Build.0 = Debug|x86
		{BB6E51C1-BC8B-40D8-8777-27BF97B2105C}.Debug|Mixed Platforms.ActiveCfg = Debug|x86
		{BB6E51C1-BC8B-40D8-8777-27BF97B2105C}.Debug|Mixed Platforms.Build.0 = Debug|x86
		{BB6E51C1-BC8B-40D8-8777-27BF97B2105C}.Debug|x86.ActiveCfg = Debug|x86
		{BB6E51C1-BC8B-40D8-8777-27BF97B2105C}.Debug|x86.Build.0 = Debug|x86
		{BB6E51C1-BC8B-40D8-8777-27BF97B2105C}.Release|Any CPU.ActiveCfg = Release|x86
		{BB6E51C1-BC8B-40D8-8777-27BF97B2105C}.Release|Any CPU.Build.0 = Release|x86
		{BB6E51C1-BC8B-40D8-8777-27BF97B2105C}.Release|Mixed Platforms.ActiveCfg = Release|x86
		{BB6E51C1-BC8B-40D8-8777-27BF97B2105C}.Release|Mixed Platforms.Build.0 = Release|x86
		{BB6E51C1-BC8B-40D8-8777-27BF97B2105C}.Release|x86.ActiveCfg = Release|x86
		{BB6E51C1-BC8B-40D8-8777-27BF97B2105C}.Release|x86.Build.0 = Release|x86
		{D93EA89E-FAFE-4CE4-845F-743334C3E8F1}.Debug|Any CPU.ActiveCfg = Debug|x86
		{D93EA89E-FAFE-4CE4-845F-743334C3E8F1}.Debug|Any CPU.Build.0 = Debug|x86
		{D93EA89E-FAFE-4CE4-845F-743334C3E8F1}.Debug|Mixed Platforms.ActiveCfg = Debug|x86
		{D93EA89E-FAFE-4CE4-845F-743334C3E8F1}.Debug|Mixed Platforms.Build.0 = Debug|x86
		{D93EA89E-FAFE-4CE4-845F-743334C3E8F1}.Debug|x86.ActiveCfg = Debug|x86
		{D93EA89E-FAFE-4CE4-845F-743334C3E8F1}.Debug|x86.Build.0 = Debug|x86
		{D93EA89E-FAFE-4CE4-845F-743334C3E8F1}.Release|Any CPU.ActiveCfg = Release|x86
		{D93EA89E-FAFE-4CE4-845F-743334C3E8F1}.Release|Any CPU.Build.0 = Release|x86
		{D93EA89E-FAFE-4CE4-845F-743334C3E8F1}.Release|Mixed Platforms.ActiveCfg = Release|x86
		{D93EA89E-FAFE-4CE4-845F-743334C3E8F1}.Release|Mixed Platforms.Build.0 = Release|x86
		{D93EA89E-FAFE-4CE4-845F-743334C3E8F1}.Release|x86.ActiveCfg = Release|x86
		{D93EA89E-FAFE-4CE4-845F-743334C3E8F1}.Release|x86.Build.0 = Release|x86
		{C7FAC1B3-BC08-420C-AE09-438FC51DBAD5}.Debug|Any CPU.ActiveCfg = Debug|Any CPU
		{C7FAC1B3-BC08-420C-AE09-438FC51DBAD5}.Debug|Any CPU.Build.0 = Debug|Any CPU
		{C7FAC1B3-BC08-420C-AE09-438FC51DBAD5}.Debug|Mixed Platforms.ActiveCfg = Debug|Any CPU
		{C7FAC1B3-BC08-420C-AE09-438FC51DBAD5}.Debug|Mixed Platforms.Build.0 = Debug|Any CPU
		{C7FAC1B3-BC08-420C-AE09-438FC51DBAD5}.Debug|x86.ActiveCfg = Debug|Any CPU
		{C7FAC1B3-BC08-420C-AE09-438FC51DBAD5}.Debug|x86.Build.0 = Debug|Any CPU
		{C7FAC1B3-BC08-420C-AE09-438FC51DBAD5}.Release|Any CPU.ActiveCfg = Release|Any CPU
		{C7FAC1B3-BC08-420C-AE09-438FC51DBAD5}.Release|Any CPU.Build.0 = Release|Any CPU
		{C7FAC1B3-BC08-420C-AE09-438FC51DBAD5}.Release|Mixed Platforms.ActiveCfg = Release|Any CPU
		{C7FAC1B3-BC08-420C-AE09-438FC51DBAD5}.Release|Mixed Platforms.Build.0 = Release|Any CPU
		{C7FAC1B3-BC08-420C-AE09-438FC51DBAD5}.Release|x86.ActiveCfg = Release|Any CPU
		{C7FAC1B3-BC08-420C-AE09-438FC51DBAD5}.Release|x86.Build.0 = Release|Any CPU
		{0FCB723B-55FA-4794-8262-8EC9D399F6E3}.Debug|Any CPU.ActiveCfg = Debug|x86
		{0FCB723B-55FA-4794-8262-8EC9D399F6E3}.Debug|Any CPU.Build.0 = Debug|x86
		{0FCB723B-55FA-4794-8262-8EC9D399F6E3}.Debug|Mixed Platforms.ActiveCfg = Debug|x86
		{0FCB723B-55FA-4794-8262-8EC9D399F6E3}.Debug|Mixed Platforms.Build.0 = Debug|x86
		{0FCB723B-55FA-4794-8262-8EC9D399F6E3}.Debug|x86.ActiveCfg = Debug|x86
		{0FCB723B-55FA-4794-8262-8EC9D399F6E3}.Debug|x86.Build.0 = Debug|x86
		{0FCB723B-55FA-4794-8262-8EC9D399F6E3}.Release|Any CPU.ActiveCfg = Release|x86
		{0FCB723B-55FA-4794-8262-8EC9D399F6E3}.Release|Any CPU.Build.0 = Release|x86
		{0FCB723B-55FA-4794-8262-8EC9D399F6E3}.Release|Mixed Platforms.ActiveCfg = Release|x86
		{0FCB723B-55FA-4794-8262-8EC9D399F6E3}.Release|Mixed Platforms.Build.0 = Release|x86
		{0FCB723B-55FA-4794-8262-8EC9D399F6E3}.Release|x86.ActiveCfg = Release|x86
		{0FCB723B-55FA-4794-8262-8EC9D399F6E3}.Release|x86.Build.0 = Release|x86
		{64089E80-33FF-4D5D-BE3B-74072C27AB00}.Debug|Any CPU.ActiveCfg = Debug|Any CPU
		{64089E80-33FF-4D5D-BE3B-74072C27AB00}.Debug|Any CPU.Build.0 = Debug|Any CPU
		{64089E80-33FF-4D5D-BE3B-74072C27AB00}.Debug|Mixed Platforms.ActiveCfg = Debug|Any CPU
		{64089E80-33FF-4D5D-BE3B-74072C27AB00}.Debug|Mixed Platforms.Build.0 = Debug|Any CPU
		{64089E80-33FF-4D5D-BE3B-74072C27AB00}.Debug|x86.ActiveCfg = Debug|Any CPU
		{64089E80-33FF-4D5D-BE3B-74072C27AB00}.Debug|x86.Build.0 = Debug|Any CPU
		{64089E80-33FF-4D5D-BE3B-74072C27AB00}.Release|Any CPU.ActiveCfg = Release|Any CPU
		{64089E80-33FF-4D5D-BE3B-74072C27AB00}.Release|Any CPU.Build.0 = Release|Any CPU
		{64089E80-33FF-4D5D-BE3B-74072C27AB00}.Release|Mixed Platforms.ActiveCfg = Release|Any CPU
		{64089E80-33FF-4D5D-BE3B-74072C27AB00}.Release|Mixed Platforms.Build.0 = Release|Any CPU
		{64089E80-33FF-4D5D-BE3B-74072C27AB00}.Release|x86.ActiveCfg = Release|Any CPU
		{64089E80-33FF-4D5D-BE3B-74072C27AB00}.Release|x86.Build.0 = Release|Any CPU
		{07C10F4E-C1B5-4464-B428-2AB9F62183DF}.Debug|Any CPU.ActiveCfg = Debug|x86
		{07C10F4E-C1B5-4464-B428-2AB9F62183DF}.Debug|Any CPU.Build.0 = Debug|x86
		{07C10F4E-C1B5-4464-B428-2AB9F62183DF}.Debug|Mixed Platforms.ActiveCfg = Debug|x86
		{07C10F4E-C1B5-4464-B428-2AB9F62183DF}.Debug|Mixed Platforms.Build.0 = Debug|x86
		{07C10F4E-C1B5-4464-B428-2AB9F62183DF}.Debug|x86.ActiveCfg = Debug|x86
		{07C10F4E-C1B5-4464-B428-2AB9F62183DF}.Debug|x86.Build.0 = Debug|x86
		{07C10F4E-C1B5-4464-B428-2AB9F62183DF}.Release|Any CPU.ActiveCfg = Release|x86
		{07C10F4E-C1B5-4464-B428-2AB9F62183DF}.Release|Any CPU.Build.0 = Release|x86
		{07C10F4E-C1B5-4464-B428-2AB9F62183DF}.Release|Mixed Platforms.ActiveCfg = Release|x86
		{07C10F4E-C1B5-4464-B428-2AB9F62183DF}.Release|Mixed Platforms.Build.0 = Release|x86
		{07C10F4E-C1B5-4464-B428-2AB9F62183DF}.Release|x86.ActiveCfg = Release|x86
		{07C10F4E-C1B5-4464-B428-2AB9F62183DF}.Release|x86.Build.0 = Release|x86
		{7902D216-E048-4FC0-8D7D-8ADBB5516224}.Debug|Any CPU.ActiveCfg = Debug|x86
		{7902D216-E048-4FC0-8D7D-8ADBB5516224}.Debug|Any CPU.Build.0 = Debug|x86
		{7902D216-E048-4FC0-8D7D-8ADBB5516224}.Debug|Mixed Platforms.ActiveCfg = Debug|x86
		{7902D216-E048-4FC0-8D7D-8ADBB5516224}.Debug|Mixed Platforms.Build.0 = Debug|x86
		{7902D216-E048-4FC0-8D7D-8ADBB5516224}.Debug|x86.ActiveCfg = Debug|x86
		{7902D216-E048-4FC0-8D7D-8ADBB5516224}.Debug|x86.Build.0 = Debug|x86
		{7902D216-E048-4FC0-8D7D-8ADBB5516224}.Release|Any CPU.ActiveCfg = Release|x86
		{7902D216-E048-4FC0-8D7D-8ADBB5516224}.Release|Any CPU.Build.0 = Release|x86
		{7902D216-E048-4FC0-8D7D-8ADBB5516224}.Release|Mixed Platforms.ActiveCfg = Release|x86
		{7902D216-E048-4FC0-8D7D-8ADBB5516224}.Release|Mixed Platforms.Build.0 = Release|x86
		{7902D216-E048-4FC0-8D7D-8ADBB5516224}.Release|x86.ActiveCfg = Release|x86
		{7902D216-E048-4FC0-8D7D-8ADBB5516224}.Release|x86.Build.0 = Release|x86
		{5F486B88-62C3-4227-B2E0-CC36E9328449}.Debug|Any CPU.ActiveCfg = Debug|Any CPU
		{5F486B88-62C3-4227-B2E0-CC36E9328449}.Debug|Any CPU.Build.0 = Debug|Any CPU
		{5F486B88-62C3-4227-B2E0-CC36E9328449}.Debug|Mixed Platforms.ActiveCfg = Debug|Any CPU
		{5F486B88-62C3-4227-B2E0-CC36E9328449}.Debug|Mixed Platforms.Build.0 = Debug|Any CPU
		{5F486B88-62C3-4227-B2E0-CC36E9328449}.Debug|x86.ActiveCfg = Debug|Any CPU
		{5F486B88-62C3-4227-B2E0-CC36E9328449}.Debug|x86.Build.0 = Debug|Any CPU
		{5F486B88-62C3-4227-B2E0-CC36E9328449}.Release|Any CPU.ActiveCfg = Release|Any CPU
		{5F486B88-62C3-4227-B2E0-CC36E9328449}.Release|Any CPU.Build.0 = Release|Any CPU
		{5F486B88-62C3-4227-B2E0-CC36E9328449}.Release|Mixed Platforms.ActiveCfg = Release|Any CPU
		{5F486B88-62C3-4227-B2E0-CC36E9328449}.Release|Mixed Platforms.Build.0 = Release|Any CPU
		{5F486B88-62C3-4227-B2E0-CC36E9328449}.Release|x86.ActiveCfg = Release|Any CPU
		{5F486B88-62C3-4227-B2E0-CC36E9328449}.Release|x86.Build.0 = Release|Any CPU
		{3887A4AF-951C-437A-92D5-AF3C3BE689B2}.Debug|Any CPU.ActiveCfg = Debug|Any CPU
		{3887A4AF-951C-437A-92D5-AF3C3BE689B2}.Debug|Any CPU.Build.0 = Debug|Any CPU
		{3887A4AF-951C-437A-92D5-AF3C3BE689B2}.Debug|Mixed Platforms.ActiveCfg = Debug|Any CPU
		{3887A4AF-951C-437A-92D5-AF3C3BE689B2}.Debug|Mixed Platforms.Build.0 = Debug|Any CPU
		{3887A4AF-951C-437A-92D5-AF3C3BE689B2}.Debug|x86.ActiveCfg = Debug|Any CPU
		{3887A4AF-951C-437A-92D5-AF3C3BE689B2}.Debug|x86.Build.0 = Debug|Any CPU
		{3887A4AF-951C-437A-92D5-AF3C3BE689B2}.Release|Any CPU.ActiveCfg = Release|Any CPU
		{3887A4AF-951C-437A-92D5-AF3C3BE689B2}.Release|Any CPU.Build.0 = Release|Any CPU
		{3887A4AF-951C-437A-92D5-AF3C3BE689B2}.Release|Mixed Platforms.ActiveCfg = Release|Any CPU
		{3887A4AF-951C-437A-92D5-AF3C3BE689B2}.Release|Mixed Platforms.Build.0 = Release|Any CPU
		{3887A4AF-951C-437A-92D5-AF3C3BE689B2}.Release|x86.ActiveCfg = Release|Any CPU
		{3887A4AF-951C-437A-92D5-AF3C3BE689B2}.Release|x86.Build.0 = Release|Any CPU
		{A9438025-3C69-4161-9030-E7B3BC81A091}.Debug|Any CPU.ActiveCfg = Debug|Any CPU
		{A9438025-3C69-4161-9030-E7B3BC81A091}.Debug|Any CPU.Build.0 = Debug|Any CPU
		{A9438025-3C69-4161-9030-E7B3BC81A091}.Debug|Mixed Platforms.ActiveCfg = Debug|Any CPU
		{A9438025-3C69-4161-9030-E7B3BC81A091}.Debug|Mixed Platforms.Build.0 = Debug|Any CPU
		{A9438025-3C69-4161-9030-E7B3BC81A091}.Debug|x86.ActiveCfg = Debug|Any CPU
		{A9438025-3C69-4161-9030-E7B3BC81A091}.Debug|x86.Build.0 = Debug|Any CPU
		{A9438025-3C69-4161-9030-E7B3BC81A091}.Release|Any CPU.ActiveCfg = Release|Any CPU
		{A9438025-3C69-4161-9030-E7B3BC81A091}.Release|Any CPU.Build.0 = Release|Any CPU
		{A9438025-3C69-4161-9030-E7B3BC81A091}.Release|Mixed Platforms.ActiveCfg = Release|Any CPU
		{A9438025-3C69-4161-9030-E7B3BC81A091}.Release|Mixed Platforms.Build.0 = Release|Any CPU
		{A9438025-3C69-4161-9030-E7B3BC81A091}.Release|x86.ActiveCfg = Release|Any CPU
		{A9438025-3C69-4161-9030-E7B3BC81A091}.Release|x86.Build.0 = Release|Any CPU
		{BC7A8656-975D-4415-850F-1EC857BF68BB}.Debug|Any CPU.ActiveCfg = Debug|Any CPU
		{BC7A8656-975D-4415-850F-1EC857BF68BB}.Debug|Any CPU.Build.0 = Debug|Any CPU
		{BC7A8656-975D-4415-850F-1EC857BF68BB}.Debug|Mixed Platforms.ActiveCfg = Debug|Any CPU
		{BC7A8656-975D-4415-850F-1EC857BF68BB}.Debug|Mixed Platforms.Build.0 = Debug|Any CPU
		{BC7A8656-975D-4415-850F-1EC857BF68BB}.Debug|x86.ActiveCfg = Debug|Any CPU
		{BC7A8656-975D-4415-850F-1EC857BF68BB}.Debug|x86.Build.0 = Debug|Any CPU
		{BC7A8656-975D-4415-850F-1EC857BF68BB}.Release|Any CPU.ActiveCfg = Release|Any CPU
		{BC7A8656-975D-4415-850F-1EC857BF68BB}.Release|Any CPU.Build.0 = Release|Any CPU
		{BC7A8656-975D-4415-850F-1EC857BF68BB}.Release|Mixed Platforms.ActiveCfg = Release|Any CPU
		{BC7A8656-975D-4415-850F-1EC857BF68BB}.Release|Mixed Platforms.Build.0 = Release|Any CPU
		{BC7A8656-975D-4415-850F-1EC857BF68BB}.Release|x86.ActiveCfg = Release|Any CPU
		{BC7A8656-975D-4415-850F-1EC857BF68BB}.Release|x86.Build.0 = Release|Any CPU
		{E1AFC349-B51D-472F-8292-DF6C520F38BC}.Debug|Any CPU.ActiveCfg = Debug|Any CPU
		{E1AFC349-B51D-472F-8292-DF6C520F38BC}.Debug|Any CPU.Build.0 = Debug|Any CPU
		{E1AFC349-B51D-472F-8292-DF6C520F38BC}.Debug|Mixed Platforms.ActiveCfg = Debug|Any CPU
		{E1AFC349-B51D-472F-8292-DF6C520F38BC}.Debug|Mixed Platforms.Build.0 = Debug|Any CPU
		{E1AFC349-B51D-472F-8292-DF6C520F38BC}.Debug|x86.ActiveCfg = Debug|Any CPU
		{E1AFC349-B51D-472F-8292-DF6C520F38BC}.Debug|x86.Build.0 = Debug|Any CPU
		{E1AFC349-B51D-472F-8292-DF6C520F38BC}.Release|Any CPU.ActiveCfg = Release|Any CPU
		{E1AFC349-B51D-472F-8292-DF6C520F38BC}.Release|Any CPU.Build.0 = Release|Any CPU
		{E1AFC349-B51D-472F-8292-DF6C520F38BC}.Release|Mixed Platforms.ActiveCfg = Release|Any CPU
		{E1AFC349-B51D-472F-8292-DF6C520F38BC}.Release|Mixed Platforms.Build.0 = Release|Any CPU
		{E1AFC349-B51D-472F-8292-DF6C520F38BC}.Release|x86.ActiveCfg = Release|Any CPU
		{E1AFC349-B51D-472F-8292-DF6C520F38BC}.Release|x86.Build.0 = Release|Any CPU
		{D63F53E4-8CE4-4A74-96DD-33B838B771AF}.Debug|Any CPU.ActiveCfg = Debug|Any CPU
		{D63F53E4-8CE4-4A74-96DD-33B838B771AF}.Debug|Any CPU.Build.0 = Debug|Any CPU
		{D63F53E4-8CE4-4A74-96DD-33B838B771AF}.Debug|Mixed Platforms.ActiveCfg = Debug|Any CPU
		{D63F53E4-8CE4-4A74-96DD-33B838B771AF}.Debug|Mixed Platforms.Build.0 = Debug|Any CPU
		{D63F53E4-8CE4-4A74-96DD-33B838B771AF}.Debug|x86.ActiveCfg = Debug|Any CPU
		{D63F53E4-8CE4-4A74-96DD-33B838B771AF}.Debug|x86.Build.0 = Debug|Any CPU
		{D63F53E4-8CE4-4A74-96DD-33B838B771AF}.Release|Any CPU.ActiveCfg = Release|Any CPU
		{D63F53E4-8CE4-4A74-96DD-33B838B771AF}.Release|Any CPU.Build.0 = Release|Any CPU
		{D63F53E4-8CE4-4A74-96DD-33B838B771AF}.Release|Mixed Platforms.ActiveCfg = Release|Any CPU
		{D63F53E4-8CE4-4A74-96DD-33B838B771AF}.Release|Mixed Platforms.Build.0 = Release|Any CPU
		{D63F53E4-8CE4-4A74-96DD-33B838B771AF}.Release|x86.ActiveCfg = Release|Any CPU
		{D63F53E4-8CE4-4A74-96DD-33B838B771AF}.Release|x86.Build.0 = Release|Any CPU
		{71CBD177-1FEC-4180-A9F9-5509892670A5}.Debug|Any CPU.ActiveCfg = Debug|Any CPU
		{71CBD177-1FEC-4180-A9F9-5509892670A5}.Debug|Any CPU.Build.0 = Debug|Any CPU
		{71CBD177-1FEC-4180-A9F9-5509892670A5}.Debug|Mixed Platforms.ActiveCfg = Debug|Any CPU
		{71CBD177-1FEC-4180-A9F9-5509892670A5}.Debug|Mixed Platforms.Build.0 = Debug|Any CPU
		{71CBD177-1FEC-4180-A9F9-5509892670A5}.Debug|x86.ActiveCfg = Debug|Any CPU
		{71CBD177-1FEC-4180-A9F9-5509892670A5}.Debug|x86.Build.0 = Debug|Any CPU
		{71CBD177-1FEC-4180-A9F9-5509892670A5}.Release|Any CPU.ActiveCfg = Release|Any CPU
		{71CBD177-1FEC-4180-A9F9-5509892670A5}.Release|Any CPU.Build.0 = Release|Any CPU
		{71CBD177-1FEC-4180-A9F9-5509892670A5}.Release|Mixed Platforms.ActiveCfg = Release|Any CPU
		{71CBD177-1FEC-4180-A9F9-5509892670A5}.Release|Mixed Platforms.Build.0 = Release|Any CPU
		{71CBD177-1FEC-4180-A9F9-5509892670A5}.Release|x86.ActiveCfg = Release|Any CPU
		{71CBD177-1FEC-4180-A9F9-5509892670A5}.Release|x86.Build.0 = Release|Any CPU
		{44A0411F-2DA1-46FF-A526-1634210D4C9F}.Debug|Any CPU.ActiveCfg = Debug|Any CPU
		{44A0411F-2DA1-46FF-A526-1634210D4C9F}.Debug|Any CPU.Build.0 = Debug|Any CPU
		{44A0411F-2DA1-46FF-A526-1634210D4C9F}.Debug|Mixed Platforms.ActiveCfg = Debug|Any CPU
		{44A0411F-2DA1-46FF-A526-1634210D4C9F}.Debug|Mixed Platforms.Build.0 = Debug|Any CPU
		{44A0411F-2DA1-46FF-A526-1634210D4C9F}.Debug|x86.ActiveCfg = Debug|Any CPU
		{44A0411F-2DA1-46FF-A526-1634210D4C9F}.Debug|x86.Build.0 = Debug|Any CPU
		{44A0411F-2DA1-46FF-A526-1634210D4C9F}.Release|Any CPU.ActiveCfg = Release|Any CPU
		{44A0411F-2DA1-46FF-A526-1634210D4C9F}.Release|Any CPU.Build.0 = Release|Any CPU
		{44A0411F-2DA1-46FF-A526-1634210D4C9F}.Release|Mixed Platforms.ActiveCfg = Release|Any CPU
		{44A0411F-2DA1-46FF-A526-1634210D4C9F}.Release|Mixed Platforms.Build.0 = Release|Any CPU
		{44A0411F-2DA1-46FF-A526-1634210D4C9F}.Release|x86.ActiveCfg = Release|Any CPU
		{44A0411F-2DA1-46FF-A526-1634210D4C9F}.Release|x86.Build.0 = Release|Any CPU
		{90791AA9-D195-40D9-B94B-3D8F58601A78}.Debug|Any CPU.ActiveCfg = Debug|Any CPU
		{90791AA9-D195-40D9-B94B-3D8F58601A78}.Debug|Any CPU.Build.0 = Debug|Any CPU
		{90791AA9-D195-40D9-B94B-3D8F58601A78}.Debug|Mixed Platforms.ActiveCfg = Debug|Any CPU
		{90791AA9-D195-40D9-B94B-3D8F58601A78}.Debug|Mixed Platforms.Build.0 = Debug|Any CPU
		{90791AA9-D195-40D9-B94B-3D8F58601A78}.Debug|x86.ActiveCfg = Debug|Any CPU
		{90791AA9-D195-40D9-B94B-3D8F58601A78}.Debug|x86.Build.0 = Debug|Any CPU
		{90791AA9-D195-40D9-B94B-3D8F58601A78}.Release|Any CPU.ActiveCfg = Release|Any CPU
		{90791AA9-D195-40D9-B94B-3D8F58601A78}.Release|Any CPU.Build.0 = Release|Any CPU
		{90791AA9-D195-40D9-B94B-3D8F58601A78}.Release|Mixed Platforms.ActiveCfg = Release|Any CPU
		{90791AA9-D195-40D9-B94B-3D8F58601A78}.Release|Mixed Platforms.Build.0 = Release|Any CPU
		{90791AA9-D195-40D9-B94B-3D8F58601A78}.Release|x86.ActiveCfg = Release|Any CPU
		{90791AA9-D195-40D9-B94B-3D8F58601A78}.Release|x86.Build.0 = Release|Any CPU
		{5C9906E5-CA5B-4C87-B9A0-15A14C6A0131}.Debug|Any CPU.ActiveCfg = Debug|Any CPU
		{5C9906E5-CA5B-4C87-B9A0-15A14C6A0131}.Debug|Any CPU.Build.0 = Debug|Any CPU
		{5C9906E5-CA5B-4C87-B9A0-15A14C6A0131}.Debug|Mixed Platforms.ActiveCfg = Debug|Any CPU
		{5C9906E5-CA5B-4C87-B9A0-15A14C6A0131}.Debug|Mixed Platforms.Build.0 = Debug|Any CPU
		{5C9906E5-CA5B-4C87-B9A0-15A14C6A0131}.Debug|x86.ActiveCfg = Debug|Any CPU
		{5C9906E5-CA5B-4C87-B9A0-15A14C6A0131}.Debug|x86.Build.0 = Debug|Any CPU
		{5C9906E5-CA5B-4C87-B9A0-15A14C6A0131}.Release|Any CPU.ActiveCfg = Release|Any CPU
		{5C9906E5-CA5B-4C87-B9A0-15A14C6A0131}.Release|Any CPU.Build.0 = Release|Any CPU
		{5C9906E5-CA5B-4C87-B9A0-15A14C6A0131}.Release|Mixed Platforms.ActiveCfg = Release|Any CPU
		{5C9906E5-CA5B-4C87-B9A0-15A14C6A0131}.Release|Mixed Platforms.Build.0 = Release|Any CPU
		{5C9906E5-CA5B-4C87-B9A0-15A14C6A0131}.Release|x86.ActiveCfg = Release|Any CPU
		{5C9906E5-CA5B-4C87-B9A0-15A14C6A0131}.Release|x86.Build.0 = Release|Any CPU
		{836A6392-DE2E-4ECF-A127-0FFF9B8BE80B}.Debug|Any CPU.ActiveCfg = Debug|Any CPU
		{836A6392-DE2E-4ECF-A127-0FFF9B8BE80B}.Debug|Any CPU.Build.0 = Debug|Any CPU
		{836A6392-DE2E-4ECF-A127-0FFF9B8BE80B}.Debug|Mixed Platforms.ActiveCfg = Debug|Any CPU
		{836A6392-DE2E-4ECF-A127-0FFF9B8BE80B}.Debug|Mixed Platforms.Build.0 = Debug|Any CPU
		{836A6392-DE2E-4ECF-A127-0FFF9B8BE80B}.Debug|x86.ActiveCfg = Debug|Any CPU
		{836A6392-DE2E-4ECF-A127-0FFF9B8BE80B}.Debug|x86.Build.0 = Debug|Any CPU
		{836A6392-DE2E-4ECF-A127-0FFF9B8BE80B}.Release|Any CPU.ActiveCfg = Release|Any CPU
		{836A6392-DE2E-4ECF-A127-0FFF9B8BE80B}.Release|Any CPU.Build.0 = Release|Any CPU
		{836A6392-DE2E-4ECF-A127-0FFF9B8BE80B}.Release|Mixed Platforms.ActiveCfg = Release|Any CPU
		{836A6392-DE2E-4ECF-A127-0FFF9B8BE80B}.Release|Mixed Platforms.Build.0 = Release|Any CPU
		{836A6392-DE2E-4ECF-A127-0FFF9B8BE80B}.Release|x86.ActiveCfg = Release|Any CPU
		{836A6392-DE2E-4ECF-A127-0FFF9B8BE80B}.Release|x86.Build.0 = Release|Any CPU
		{D98FBA03-D692-46CE-8602-B25C277A9456}.Debug|Any CPU.ActiveCfg = Debug|Any CPU
		{D98FBA03-D692-46CE-8602-B25C277A9456}.Debug|Any CPU.Build.0 = Debug|Any CPU
		{D98FBA03-D692-46CE-8602-B25C277A9456}.Debug|Mixed Platforms.ActiveCfg = Debug|Any CPU
		{D98FBA03-D692-46CE-8602-B25C277A9456}.Debug|Mixed Platforms.Build.0 = Debug|Any CPU
		{D98FBA03-D692-46CE-8602-B25C277A9456}.Debug|x86.ActiveCfg = Debug|Any CPU
		{D98FBA03-D692-46CE-8602-B25C277A9456}.Debug|x86.Build.0 = Debug|Any CPU
		{D98FBA03-D692-46CE-8602-B25C277A9456}.Release|Any CPU.ActiveCfg = Release|Any CPU
		{D98FBA03-D692-46CE-8602-B25C277A9456}.Release|Any CPU.Build.0 = Release|Any CPU
		{D98FBA03-D692-46CE-8602-B25C277A9456}.Release|Mixed Platforms.ActiveCfg = Release|Any CPU
		{D98FBA03-D692-46CE-8602-B25C277A9456}.Release|Mixed Platforms.Build.0 = Release|Any CPU
		{D98FBA03-D692-46CE-8602-B25C277A9456}.Release|x86.ActiveCfg = Release|Any CPU
		{D98FBA03-D692-46CE-8602-B25C277A9456}.Release|x86.Build.0 = Release|Any CPU
		{9BED5FCE-9F74-4AE4-80C3-36DF04F9EF76}.Debug|Any CPU.ActiveCfg = Debug|Any CPU
		{9BED5FCE-9F74-4AE4-80C3-36DF04F9EF76}.Debug|Any CPU.Build.0 = Debug|Any CPU
		{9BED5FCE-9F74-4AE4-80C3-36DF04F9EF76}.Debug|Mixed Platforms.ActiveCfg = Debug|Any CPU
		{9BED5FCE-9F74-4AE4-80C3-36DF04F9EF76}.Debug|Mixed Platforms.Build.0 = Debug|Any CPU
		{9BED5FCE-9F74-4AE4-80C3-36DF04F9EF76}.Debug|x86.ActiveCfg = Debug|Any CPU
		{9BED5FCE-9F74-4AE4-80C3-36DF04F9EF76}.Debug|x86.Build.0 = Debug|Any CPU
		{9BED5FCE-9F74-4AE4-80C3-36DF04F9EF76}.Release|Any CPU.ActiveCfg = Release|Any CPU
		{9BED5FCE-9F74-4AE4-80C3-36DF04F9EF76}.Release|Any CPU.Build.0 = Release|Any CPU
		{9BED5FCE-9F74-4AE4-80C3-36DF04F9EF76}.Release|Mixed Platforms.ActiveCfg = Release|Any CPU
		{9BED5FCE-9F74-4AE4-80C3-36DF04F9EF76}.Release|Mixed Platforms.Build.0 = Release|Any CPU
		{9BED5FCE-9F74-4AE4-80C3-36DF04F9EF76}.Release|x86.ActiveCfg = Release|Any CPU
		{9BED5FCE-9F74-4AE4-80C3-36DF04F9EF76}.Release|x86.Build.0 = Release|Any CPU
		{C0C56FE1-9F54-4032-AFB1-8E34CF48481E}.Debug|Any CPU.ActiveCfg = Debug|Any CPU
		{C0C56FE1-9F54-4032-AFB1-8E34CF48481E}.Debug|Any CPU.Build.0 = Debug|Any CPU
		{C0C56FE1-9F54-4032-AFB1-8E34CF48481E}.Debug|Mixed Platforms.ActiveCfg = Debug|Any CPU
		{C0C56FE1-9F54-4032-AFB1-8E34CF48481E}.Debug|Mixed Platforms.Build.0 = Debug|Any CPU
		{C0C56FE1-9F54-4032-AFB1-8E34CF48481E}.Debug|x86.ActiveCfg = Debug|Any CPU
		{C0C56FE1-9F54-4032-AFB1-8E34CF48481E}.Debug|x86.Build.0 = Debug|Any CPU
		{C0C56FE1-9F54-4032-AFB1-8E34CF48481E}.Release|Any CPU.ActiveCfg = Release|Any CPU
		{C0C56FE1-9F54-4032-AFB1-8E34CF48481E}.Release|Any CPU.Build.0 = Release|Any CPU
		{C0C56FE1-9F54-4032-AFB1-8E34CF48481E}.Release|Mixed Platforms.ActiveCfg = Release|Any CPU
		{C0C56FE1-9F54-4032-AFB1-8E34CF48481E}.Release|Mixed Platforms.Build.0 = Release|Any CPU
		{C0C56FE1-9F54-4032-AFB1-8E34CF48481E}.Release|x86.ActiveCfg = Release|Any CPU
		{C0C56FE1-9F54-4032-AFB1-8E34CF48481E}.Release|x86.Build.0 = Release|Any CPU
	EndGlobalSection
	GlobalSection(SolutionProperties) = preSolution
		HideSolutionNode = FALSE
	EndGlobalSection
	GlobalSection(ExtensibilityGlobals) = postSolution
		SolutionGuid = {1D13E139-117E-43EA-A8F3-39E45C3E02CF}
	EndGlobalSection
EndGlobal
